// !$*UTF8*$!
{
	archiveVersion = 1;
	classes = {
	};
	objectVersion = 46;
	objects = {

/* Begin PBXBuildFile section */
		608F711B63A028D0EF193D65 /* libPods-iOSProjectTests.a in Frameworks */ = {isa = PBXBuildFile; fileRef = 215A68B79D16D630EC172349 /* libPods-iOSProjectTests.a */; };
		D7E0B83C1B29ED2F0046EDBA /* IDPUser.m in Sources */ = {isa = PBXBuildFile; fileRef = D7E0B8321B29ED2F0046EDBA /* IDPUser.m */; };
		D7E0B83D1B29ED2F0046EDBA /* IDPUserView.m in Sources */ = {isa = PBXBuildFile; fileRef = D7E0B8361B29ED2F0046EDBA /* IDPUserView.m */; };
		D7E0B83E1B29ED2F0046EDBA /* IDPUserViewController.m in Sources */ = {isa = PBXBuildFile; fileRef = D7E0B8381B29ED2F0046EDBA /* IDPUserViewController.m */; };
		D7E0B83F1B29ED2F0046EDBA /* IDPUserViewController.xib in Resources */ = {isa = PBXBuildFile; fileRef = D7E0B8391B29ED2F0046EDBA /* IDPUserViewController.xib */; };
		D7E0B8441B29EDF60046EDBA /* IDPUsersViewController.m in Sources */ = {isa = PBXBuildFile; fileRef = D7E0B8421B29EDF60046EDBA /* IDPUsersViewController.m */; };
		D7E0B8451B29EDF60046EDBA /* IDPUsersViewController.xib in Resources */ = {isa = PBXBuildFile; fileRef = D7E0B8431B29EDF60046EDBA /* IDPUsersViewController.xib */; };
		D7E0B8481B29EE290046EDBA /* IDPUsersView.m in Sources */ = {isa = PBXBuildFile; fileRef = D7E0B8471B29EE290046EDBA /* IDPUsersView.m */; };
		D7E0B8501B29EEA60046EDBA /* NSString+IDPExtensions.m in Sources */ = {isa = PBXBuildFile; fileRef = D7E0B84D1B29EEA60046EDBA /* NSString+IDPExtensions.m */; };
		D7E0B8511B29EEA60046EDBA /* NSString+IDPRandomName.m in Sources */ = {isa = PBXBuildFile; fileRef = D7E0B84F1B29EEA60046EDBA /* NSString+IDPRandomName.m */; };
		D7E0B8571B29F0230046EDBA /* IDPMacro.m in Sources */ = {isa = PBXBuildFile; fileRef = D7E0B8561B29F0230046EDBA /* IDPMacro.m */; };
		D7E17BFD1B25FCAA009773BB /* main.m in Sources */ = {isa = PBXBuildFile; fileRef = D7E17BFB1B25FCAA009773BB /* main.m */; };
		D7E17C121B25FCCA009773BB /* LaunchScreen.xib in Resources */ = {isa = PBXBuildFile; fileRef = D7E17C091B25FCCA009773BB /* LaunchScreen.xib */; };
		D7E17C131B25FCCA009773BB /* LaunchScreen.xib in Resources */ = {isa = PBXBuildFile; fileRef = D7E17C091B25FCCA009773BB /* LaunchScreen.xib */; };
		D7E17C161B25FCCA009773BB /* Images.xcassets in Resources */ = {isa = PBXBuildFile; fileRef = D7E17C0D1B25FCCA009773BB /* Images.xcassets */; };
		D7E17C171B25FCCA009773BB /* Images.xcassets in Resources */ = {isa = PBXBuildFile; fileRef = D7E17C0D1B25FCCA009773BB /* Images.xcassets */; };
		D7E17C1F1B25FDB1009773BB /* IDPARCObject.m in Sources */ = {isa = PBXBuildFile; fileRef = D7E17C1E1B25FDB1009773BB /* IDPARCObject.m */; };
		D7E17C221B25FF3F009773BB /* IDPARCSpec.m in Sources */ = {isa = PBXBuildFile; fileRef = D7E17C211B25FF3F009773BB /* IDPARCSpec.m */; };
		D7E1E09A1B274251000DC582 /* IDPAppDelegate.m in Sources */ = {isa = PBXBuildFile; fileRef = D7E1E0991B274251000DC582 /* IDPAppDelegate.m */; };
		D7E6A2E81B2F35C9002E5407 /* IDPTableViewCell.m in Sources */ = {isa = PBXBuildFile; fileRef = D7E6A2E71B2F35C9002E5407 /* IDPTableViewCell.m */; };
		D7E6A2EC1B2F37B8002E5407 /* IDPUserCell.m in Sources */ = {isa = PBXBuildFile; fileRef = D7E6A2EB1B2F37B8002E5407 /* IDPUserCell.m */; };
		D7E6A2EE1B2F37DA002E5407 /* IDPUserCell.xib in Resources */ = {isa = PBXBuildFile; fileRef = D7E6A2ED1B2F37DA002E5407 /* IDPUserCell.xib */; };
		D7E6A2F11B2F438C002E5407 /* image.jpg in Resources */ = {isa = PBXBuildFile; fileRef = D7E6A2F01B2F438C002E5407 /* image.jpg */; };
/* End PBXBuildFile section */

/* Begin PBXContainerItemProxy section */
		D7E17BEA1B25FACD009773BB /* PBXContainerItemProxy */ = {
			isa = PBXContainerItemProxy;
			containerPortal = D7E17BC81B25FACD009773BB /* Project object */;
			proxyType = 1;
			remoteGlobalIDString = D7E17BCF1B25FACD009773BB;
			remoteInfo = iOSProject;
		};
/* End PBXContainerItemProxy section */

/* Begin PBXFileReference section */
		215A68B79D16D630EC172349 /* libPods-iOSProjectTests.a */ = {isa = PBXFileReference; explicitFileType = archive.ar; includeInIndex = 0; path = "libPods-iOSProjectTests.a"; sourceTree = BUILT_PRODUCTS_DIR; };
		4663880D419D8234376BCC9E /* Pods-iOSProjectTests.release.xcconfig */ = {isa = PBXFileReference; includeInIndex = 1; lastKnownFileType = text.xcconfig; name = "Pods-iOSProjectTests.release.xcconfig"; path = "Pods/Target Support Files/Pods-iOSProjectTests/Pods-iOSProjectTests.release.xcconfig"; sourceTree = "<group>"; };
		C208A979779DDE06A581FFA2 /* Pods-iOSProjectTests.debug.xcconfig */ = {isa = PBXFileReference; includeInIndex = 1; lastKnownFileType = text.xcconfig; name = "Pods-iOSProjectTests.debug.xcconfig"; path = "Pods/Target Support Files/Pods-iOSProjectTests/Pods-iOSProjectTests.debug.xcconfig"; sourceTree = "<group>"; };
		D7E0B8311B29ED2F0046EDBA /* IDPUser.h */ = {isa = PBXFileReference; fileEncoding = 4; lastKnownFileType = sourcecode.c.h; path = IDPUser.h; sourceTree = "<group>"; };
		D7E0B8321B29ED2F0046EDBA /* IDPUser.m */ = {isa = PBXFileReference; fileEncoding = 4; lastKnownFileType = sourcecode.c.objc; path = IDPUser.m; sourceTree = "<group>"; };
		D7E0B8351B29ED2F0046EDBA /* IDPUserView.h */ = {isa = PBXFileReference; fileEncoding = 4; lastKnownFileType = sourcecode.c.h; path = IDPUserView.h; sourceTree = "<group>"; };
		D7E0B8361B29ED2F0046EDBA /* IDPUserView.m */ = {isa = PBXFileReference; fileEncoding = 4; lastKnownFileType = sourcecode.c.objc; path = IDPUserView.m; sourceTree = "<group>"; };
		D7E0B8371B29ED2F0046EDBA /* IDPUserViewController.h */ = {isa = PBXFileReference; fileEncoding = 4; lastKnownFileType = sourcecode.c.h; path = IDPUserViewController.h; sourceTree = "<group>"; };
		D7E0B8381B29ED2F0046EDBA /* IDPUserViewController.m */ = {isa = PBXFileReference; fileEncoding = 4; lastKnownFileType = sourcecode.c.objc; path = IDPUserViewController.m; sourceTree = "<group>"; };
		D7E0B8391B29ED2F0046EDBA /* IDPUserViewController.xib */ = {isa = PBXFileReference; fileEncoding = 4; lastKnownFileType = file.xib; path = IDPUserViewController.xib; sourceTree = "<group>"; };
		D7E0B8411B29EDF60046EDBA /* IDPUsersViewController.h */ = {isa = PBXFileReference; fileEncoding = 4; lastKnownFileType = sourcecode.c.h; path = IDPUsersViewController.h; sourceTree = "<group>"; };
		D7E0B8421B29EDF60046EDBA /* IDPUsersViewController.m */ = {isa = PBXFileReference; fileEncoding = 4; lastKnownFileType = sourcecode.c.objc; path = IDPUsersViewController.m; sourceTree = "<group>"; };
		D7E0B8431B29EDF60046EDBA /* IDPUsersViewController.xib */ = {isa = PBXFileReference; fileEncoding = 4; lastKnownFileType = file.xib; path = IDPUsersViewController.xib; sourceTree = "<group>"; };
		D7E0B8461B29EE290046EDBA /* IDPUsersView.h */ = {isa = PBXFileReference; fileEncoding = 4; lastKnownFileType = sourcecode.c.h; path = IDPUsersView.h; sourceTree = "<group>"; };
		D7E0B8471B29EE290046EDBA /* IDPUsersView.m */ = {isa = PBXFileReference; fileEncoding = 4; lastKnownFileType = sourcecode.c.objc; path = IDPUsersView.m; sourceTree = "<group>"; };
		D7E0B84C1B29EEA60046EDBA /* NSString+IDPExtensions.h */ = {isa = PBXFileReference; fileEncoding = 4; lastKnownFileType = sourcecode.c.h; path = "NSString+IDPExtensions.h"; sourceTree = "<group>"; };
		D7E0B84D1B29EEA60046EDBA /* NSString+IDPExtensions.m */ = {isa = PBXFileReference; fileEncoding = 4; lastKnownFileType = sourcecode.c.objc; path = "NSString+IDPExtensions.m"; sourceTree = "<group>"; };
		D7E0B84E1B29EEA60046EDBA /* NSString+IDPRandomName.h */ = {isa = PBXFileReference; fileEncoding = 4; lastKnownFileType = sourcecode.c.h; path = "NSString+IDPRandomName.h"; sourceTree = "<group>"; };
		D7E0B84F1B29EEA60046EDBA /* NSString+IDPRandomName.m */ = {isa = PBXFileReference; fileEncoding = 4; lastKnownFileType = sourcecode.c.objc; path = "NSString+IDPRandomName.m"; sourceTree = "<group>"; };
		D7E0B8531B29EFDB0046EDBA /* IDPMacro.h */ = {isa = PBXFileReference; fileEncoding = 4; lastKnownFileType = sourcecode.c.h; path = IDPMacro.h; sourceTree = "<group>"; };
		D7E0B8561B29F0230046EDBA /* IDPMacro.m */ = {isa = PBXFileReference; fileEncoding = 4; lastKnownFileType = sourcecode.c.objc; path = IDPMacro.m; sourceTree = "<group>"; };
		D7E17BD01B25FACD009773BB /* iOSProject.app */ = {isa = PBXFileReference; explicitFileType = wrapper.application; includeInIndex = 0; path = iOSProject.app; sourceTree = BUILT_PRODUCTS_DIR; };
		D7E17BE91B25FACD009773BB /* iOSProjectTests.xctest */ = {isa = PBXFileReference; explicitFileType = wrapper.cfbundle; includeInIndex = 0; path = iOSProjectTests.xctest; sourceTree = BUILT_PRODUCTS_DIR; };
		D7E17BFA1B25FCAA009773BB /* Info.plist */ = {isa = PBXFileReference; fileEncoding = 4; lastKnownFileType = text.plist.xml; path = Info.plist; sourceTree = "<group>"; };
		D7E17BFB1B25FCAA009773BB /* main.m */ = {isa = PBXFileReference; fileEncoding = 4; lastKnownFileType = sourcecode.c.objc; path = main.m; sourceTree = "<group>"; };
		D7E17BFF1B25FCB5009773BB /* Info.plist */ = {isa = PBXFileReference; fileEncoding = 4; lastKnownFileType = text.plist.xml; path = Info.plist; sourceTree = "<group>"; };
		D7E17C0A1B25FCCA009773BB /* Base */ = {isa = PBXFileReference; lastKnownFileType = file.xib; name = Base; path = Base.lproj/LaunchScreen.xib; sourceTree = "<group>"; };
		D7E17C0D1B25FCCA009773BB /* Images.xcassets */ = {isa = PBXFileReference; lastKnownFileType = folder.assetcatalog; path = Images.xcassets; sourceTree = "<group>"; };
		D7E17C1D1B25FDB1009773BB /* IDPARCObject.h */ = {isa = PBXFileReference; fileEncoding = 4; lastKnownFileType = sourcecode.c.h; path = IDPARCObject.h; sourceTree = "<group>"; };
		D7E17C1E1B25FDB1009773BB /* IDPARCObject.m */ = {isa = PBXFileReference; fileEncoding = 4; lastKnownFileType = sourcecode.c.objc; path = IDPARCObject.m; sourceTree = "<group>"; };
		D7E17C211B25FF3F009773BB /* IDPARCSpec.m */ = {isa = PBXFileReference; fileEncoding = 4; lastKnownFileType = sourcecode.c.objc; path = IDPARCSpec.m; sourceTree = "<group>"; };
		D7E1E0981B274251000DC582 /* IDPAppDelegate.h */ = {isa = PBXFileReference; fileEncoding = 4; lastKnownFileType = sourcecode.c.h; path = IDPAppDelegate.h; sourceTree = "<group>"; };
		D7E1E0991B274251000DC582 /* IDPAppDelegate.m */ = {isa = PBXFileReference; fileEncoding = 4; lastKnownFileType = sourcecode.c.objc; path = IDPAppDelegate.m; sourceTree = "<group>"; };
		D7E6A2E61B2F35C9002E5407 /* IDPTableViewCell.h */ = {isa = PBXFileReference; fileEncoding = 4; lastKnownFileType = sourcecode.c.h; path = IDPTableViewCell.h; sourceTree = "<group>"; };
		D7E6A2E71B2F35C9002E5407 /* IDPTableViewCell.m */ = {isa = PBXFileReference; fileEncoding = 4; lastKnownFileType = sourcecode.c.objc; path = IDPTableViewCell.m; sourceTree = "<group>"; };
		D7E6A2EA1B2F37B8002E5407 /* IDPUserCell.h */ = {isa = PBXFileReference; fileEncoding = 4; lastKnownFileType = sourcecode.c.h; path = IDPUserCell.h; sourceTree = "<group>"; };
		D7E6A2EB1B2F37B8002E5407 /* IDPUserCell.m */ = {isa = PBXFileReference; fileEncoding = 4; lastKnownFileType = sourcecode.c.objc; path = IDPUserCell.m; sourceTree = "<group>"; };
		D7E6A2ED1B2F37DA002E5407 /* IDPUserCell.xib */ = {isa = PBXFileReference; fileEncoding = 4; lastKnownFileType = file.xib; path = IDPUserCell.xib; sourceTree = "<group>"; };
		D7E6A2F01B2F438C002E5407 /* image.jpg */ = {isa = PBXFileReference; lastKnownFileType = image.jpeg; path = image.jpg; sourceTree = "<group>"; };
/* End PBXFileReference section */

/* Begin PBXFrameworksBuildPhase section */
		D7E17BCD1B25FACD009773BB /* Frameworks */ = {
			isa = PBXFrameworksBuildPhase;
			buildActionMask = 2147483647;
			files = (
			);
			runOnlyForDeploymentPostprocessing = 0;
		};
		D7E17BE61B25FACD009773BB /* Frameworks */ = {
			isa = PBXFrameworksBuildPhase;
			buildActionMask = 2147483647;
			files = (
				608F711B63A028D0EF193D65 /* libPods-iOSProjectTests.a in Frameworks */,
			);
			runOnlyForDeploymentPostprocessing = 0;
		};
/* End PBXFrameworksBuildPhase section */

/* Begin PBXGroup section */
		600370707AF6FEFD6C95E5BA /* Frameworks */ = {
			isa = PBXGroup;
			children = (
				215A68B79D16D630EC172349 /* libPods-iOSProjectTests.a */,
			);
			name = Frameworks;
			sourceTree = "<group>";
		};
		D7E0B8281B29ED2F0046EDBA /* Source */ = {
			isa = PBXGroup;
			children = (
				D7E0B8491B29EEA60046EDBA /* Library */,
				D7E0B82F1B29ED2F0046EDBA /* Models */,
				D7E0B8331B29ED2F0046EDBA /* UI */,
			);
			path = Source;
			sourceTree = "<group>";
		};
		D7E0B82F1B29ED2F0046EDBA /* Models */ = {
			isa = PBXGroup;
			children = (
				D7E0B8301B29ED2F0046EDBA /* IDPUser */,
			);
			path = Models;
			sourceTree = "<group>";
		};
		D7E0B8301B29ED2F0046EDBA /* IDPUser */ = {
			isa = PBXGroup;
			children = (
				D7E0B8311B29ED2F0046EDBA /* IDPUser.h */,
				D7E0B8321B29ED2F0046EDBA /* IDPUser.m */,
			);
			path = IDPUser;
			sourceTree = "<group>";
		};
		D7E0B8331B29ED2F0046EDBA /* UI */ = {
			isa = PBXGroup;
			children = (
				D7E0B8401B29EDD10046EDBA /* IDPUsersViewController */,
				D7E0B8341B29ED2F0046EDBA /* IDPUserViewController */,
			);
			path = UI;
			sourceTree = "<group>";
		};
		D7E0B8341B29ED2F0046EDBA /* IDPUserViewController */ = {
			isa = PBXGroup;
			children = (
				D7E0B8371B29ED2F0046EDBA /* IDPUserViewController.h */,
				D7E0B8381B29ED2F0046EDBA /* IDPUserViewController.m */,
				D7E0B8391B29ED2F0046EDBA /* IDPUserViewController.xib */,
				D7E0B8351B29ED2F0046EDBA /* IDPUserView.h */,
				D7E0B8361B29ED2F0046EDBA /* IDPUserView.m */,
			);
			path = IDPUserViewController;
			sourceTree = "<group>";
		};
		D7E0B8401B29EDD10046EDBA /* IDPUsersViewController */ = {
			isa = PBXGroup;
			children = (
				D7E6A2E91B2F379B002E5407 /* Views */,
				D7E0B8411B29EDF60046EDBA /* IDPUsersViewController.h */,
				D7E0B8421B29EDF60046EDBA /* IDPUsersViewController.m */,
				D7E0B8431B29EDF60046EDBA /* IDPUsersViewController.xib */,
				D7E0B8461B29EE290046EDBA /* IDPUsersView.h */,
				D7E0B8471B29EE290046EDBA /* IDPUsersView.m */,
			);
			path = IDPUsersViewController;
			sourceTree = "<group>";
		};
		D7E0B8491B29EEA60046EDBA /* Library */ = {
			isa = PBXGroup;
			children = (
				D7E6A2E41B2F34CF002E5407 /* Classes */,
				D7E0B84A1B29EEA60046EDBA /* Categories */,
				D7E0B8531B29EFDB0046EDBA /* IDPMacro.h */,
				D7E0B8561B29F0230046EDBA /* IDPMacro.m */,
			);
			path = Library;
			sourceTree = "<group>";
		};
		D7E0B84A1B29EEA60046EDBA /* Categories */ = {
			isa = PBXGroup;
			children = (
				D7E0B84B1B29EEA60046EDBA /* NSString+IDPExtensions */,
			);
			path = Categories;
			sourceTree = "<group>";
		};
		D7E0B84B1B29EEA60046EDBA /* NSString+IDPExtensions */ = {
			isa = PBXGroup;
			children = (
				D7E0B84C1B29EEA60046EDBA /* NSString+IDPExtensions.h */,
				D7E0B84D1B29EEA60046EDBA /* NSString+IDPExtensions.m */,
				D7E0B84E1B29EEA60046EDBA /* NSString+IDPRandomName.h */,
				D7E0B84F1B29EEA60046EDBA /* NSString+IDPRandomName.m */,
			);
			path = "NSString+IDPExtensions";
			sourceTree = "<group>";
		};
		D7E17BC71B25FACD009773BB = {
			isa = PBXGroup;
			children = (
				D7E0B8281B29ED2F0046EDBA /* Source */,
				D7E17C081B25FCCA009773BB /* Resources */,
				D7E17BFE1B25FCB5009773BB /* iOSProjectTests */,
				D7E17BF91B25FCAA009773BB /* iOSProject */,
				D7E17BD11B25FACD009773BB /* Products */,
				EE802584EC48D7EB0F244285 /* Pods */,
				600370707AF6FEFD6C95E5BA /* Frameworks */,
			);
			sourceTree = "<group>";
		};
		D7E17BD11B25FACD009773BB /* Products */ = {
			isa = PBXGroup;
			children = (
				D7E17BD01B25FACD009773BB /* iOSProject.app */,
				D7E17BE91B25FACD009773BB /* iOSProjectTests.xctest */,
			);
			name = Products;
			sourceTree = "<group>";
		};
		D7E17BF91B25FCAA009773BB /* iOSProject */ = {
			isa = PBXGroup;
			children = (
				D7E1E0981B274251000DC582 /* IDPAppDelegate.h */,
				D7E1E0991B274251000DC582 /* IDPAppDelegate.m */,
				D7E17BFA1B25FCAA009773BB /* Info.plist */,
				D7E17BFB1B25FCAA009773BB /* main.m */,
			);
			path = iOSProject;
			sourceTree = "<group>";
		};
		D7E17BFE1B25FCB5009773BB /* iOSProjectTests */ = {
			isa = PBXGroup;
			children = (
				D7E17C1C1B25FDA1009773BB /* Test Objects */,
				D7E17C181B25FD3C009773BB /* Specs */,
				D7E17BFF1B25FCB5009773BB /* Info.plist */,
			);
			path = iOSProjectTests;
			sourceTree = "<group>";
		};
		D7E17C081B25FCCA009773BB /* Resources */ = {
			isa = PBXGroup;
			children = (
				D7E6A2EF1B2F438C002E5407 /* Images */,
				D7E17C091B25FCCA009773BB /* LaunchScreen.xib */,
				D7E17C0D1B25FCCA009773BB /* Images.xcassets */,
			);
			path = Resources;
			sourceTree = "<group>";
		};
		D7E17C181B25FD3C009773BB /* Specs */ = {
			isa = PBXGroup;
			children = (
				D7E17C201B25FF3F009773BB /* IDPARCSpec */,
			);
			path = Specs;
			sourceTree = "<group>";
		};
		D7E17C1C1B25FDA1009773BB /* Test Objects */ = {
			isa = PBXGroup;
			children = (
				D7E17C1D1B25FDB1009773BB /* IDPARCObject.h */,
				D7E17C1E1B25FDB1009773BB /* IDPARCObject.m */,
			);
			path = "Test Objects";
			sourceTree = "<group>";
		};
		D7E17C201B25FF3F009773BB /* IDPARCSpec */ = {
			isa = PBXGroup;
			children = (
				D7E17C211B25FF3F009773BB /* IDPARCSpec.m */,
			);
			path = IDPARCSpec;
			sourceTree = "<group>";
		};
		D7E6A2E41B2F34CF002E5407 /* Classes */ = {
			isa = PBXGroup;
			children = (
				D7E6A2E51B2F358C002E5407 /* IDPTableViewCell */,
			);
			path = Classes;
			sourceTree = "<group>";
		};
		D7E6A2E51B2F358C002E5407 /* IDPTableViewCell */ = {
			isa = PBXGroup;
			children = (
				D7E6A2E61B2F35C9002E5407 /* IDPTableViewCell.h */,
				D7E6A2E71B2F35C9002E5407 /* IDPTableViewCell.m */,
			);
			path = IDPTableViewCell;
			sourceTree = "<group>";
		};
		D7E6A2E91B2F379B002E5407 /* Views */ = {
			isa = PBXGroup;
			children = (
				D7E6A2EA1B2F37B8002E5407 /* IDPUserCell.h */,
				D7E6A2EB1B2F37B8002E5407 /* IDPUserCell.m */,
				D7E6A2ED1B2F37DA002E5407 /* IDPUserCell.xib */,
			);
			path = Views;
			sourceTree = "<group>";
		};
		D7E6A2EF1B2F438C002E5407 /* Images */ = {
			isa = PBXGroup;
			children = (
				D7E6A2F01B2F438C002E5407 /* image.jpg */,
			);
			path = Images;
			sourceTree = "<group>";
		};
		EE802584EC48D7EB0F244285 /* Pods */ = {
			isa = PBXGroup;
			children = (
				C208A979779DDE06A581FFA2 /* Pods-iOSProjectTests.debug.xcconfig */,
				4663880D419D8234376BCC9E /* Pods-iOSProjectTests.release.xcconfig */,
			);
			name = Pods;
			sourceTree = "<group>";
		};
/* End PBXGroup section */

/* Begin PBXNativeTarget section */
		D7E17BCF1B25FACD009773BB /* iOSProject */ = {
			isa = PBXNativeTarget;
			buildConfigurationList = D7E17BF31B25FACD009773BB /* Build configuration list for PBXNativeTarget "iOSProject" */;
			buildPhases = (
				D7E17BCC1B25FACD009773BB /* Sources */,
				D7E17BCD1B25FACD009773BB /* Frameworks */,
				D7E17BCE1B25FACD009773BB /* Resources */,
			);
			buildRules = (
			);
			dependencies = (
			);
			name = iOSProject;
			productName = iOSProject;
			productReference = D7E17BD01B25FACD009773BB /* iOSProject.app */;
			productType = "com.apple.product-type.application";
		};
		D7E17BE81B25FACD009773BB /* iOSProjectTests */ = {
			isa = PBXNativeTarget;
			buildConfigurationList = D7E17BF61B25FACD009773BB /* Build configuration list for PBXNativeTarget "iOSProjectTests" */;
			buildPhases = (
				44D33EF4DAB41B1F7CE80607 /* Check Pods Manifest.lock */,
				D7E17BE51B25FACD009773BB /* Sources */,
				D7E17BE61B25FACD009773BB /* Frameworks */,
				D7E17BE71B25FACD009773BB /* Resources */,
				F126CA791D894A63E7A8C99D /* Copy Pods Resources */,
			);
			buildRules = (
			);
			dependencies = (
				D7E17BEB1B25FACD009773BB /* PBXTargetDependency */,
			);
			name = iOSProjectTests;
			productName = iOSProjectTests;
			productReference = D7E17BE91B25FACD009773BB /* iOSProjectTests.xctest */;
			productType = "com.apple.product-type.bundle.unit-test";
		};
/* End PBXNativeTarget section */

/* Begin PBXProject section */
		D7E17BC81B25FACD009773BB /* Project object */ = {
			isa = PBXProject;
			attributes = {
				CLASSPREFIX = IDP;
				LastUpgradeCheck = 0630;
				ORGANIZATIONNAME = "Oleksa Korin";
				TargetAttributes = {
					D7E17BCF1B25FACD009773BB = {
						CreatedOnToolsVersion = 6.3.1;
					};
					D7E17BE81B25FACD009773BB = {
						CreatedOnToolsVersion = 6.3.1;
						TestTargetID = D7E17BCF1B25FACD009773BB;
					};
				};
			};
			buildConfigurationList = D7E17BCB1B25FACD009773BB /* Build configuration list for PBXProject "iOSProject" */;
			compatibilityVersion = "Xcode 3.2";
			developmentRegion = English;
			hasScannedForEncodings = 0;
			knownRegions = (
				en,
				Base,
			);
			mainGroup = D7E17BC71B25FACD009773BB;
			productRefGroup = D7E17BD11B25FACD009773BB /* Products */;
			projectDirPath = "";
			projectRoot = "";
			targets = (
				D7E17BCF1B25FACD009773BB /* iOSProject */,
				D7E17BE81B25FACD009773BB /* iOSProjectTests */,
			);
		};
/* End PBXProject section */

/* Begin PBXResourcesBuildPhase section */
		D7E17BCE1B25FACD009773BB /* Resources */ = {
			isa = PBXResourcesBuildPhase;
			buildActionMask = 2147483647;
			files = (
				D7E17C121B25FCCA009773BB /* LaunchScreen.xib in Resources */,
				D7E0B8451B29EDF60046EDBA /* IDPUsersViewController.xib in Resources */,
				D7E6A2EE1B2F37DA002E5407 /* IDPUserCell.xib in Resources */,
				D7E17C161B25FCCA009773BB /* Images.xcassets in Resources */,
				D7E0B83F1B29ED2F0046EDBA /* IDPUserViewController.xib in Resources */,
				D7E6A2F11B2F438C002E5407 /* image.jpg in Resources */,
			);
			runOnlyForDeploymentPostprocessing = 0;
		};
		D7E17BE71B25FACD009773BB /* Resources */ = {
			isa = PBXResourcesBuildPhase;
			buildActionMask = 2147483647;
			files = (
				D7E17C171B25FCCA009773BB /* Images.xcassets in Resources */,
				D7E17C131B25FCCA009773BB /* LaunchScreen.xib in Resources */,
			);
			runOnlyForDeploymentPostprocessing = 0;
		};
/* End PBXResourcesBuildPhase section */

/* Begin PBXShellScriptBuildPhase section */
		44D33EF4DAB41B1F7CE80607 /* Check Pods Manifest.lock */ = {
			isa = PBXShellScriptBuildPhase;
			buildActionMask = 2147483647;
			files = (
			);
			inputPaths = (
			);
			name = "Check Pods Manifest.lock";
			outputPaths = (
			);
			runOnlyForDeploymentPostprocessing = 0;
			shellPath = /bin/sh;
			shellScript = "diff \"${PODS_ROOT}/../Podfile.lock\" \"${PODS_ROOT}/Manifest.lock\" > /dev/null\nif [[ $? != 0 ]] ; then\n    cat << EOM\nerror: The sandbox is not in sync with the Podfile.lock. Run 'pod install' or update your CocoaPods installation.\nEOM\n    exit 1\nfi\n";
			showEnvVarsInLog = 0;
		};
		F126CA791D894A63E7A8C99D /* Copy Pods Resources */ = {
			isa = PBXShellScriptBuildPhase;
			buildActionMask = 2147483647;
			files = (
			);
			inputPaths = (
			);
			name = "Copy Pods Resources";
			outputPaths = (
			);
			runOnlyForDeploymentPostprocessing = 0;
			shellPath = /bin/sh;
			shellScript = "\"${SRCROOT}/Pods/Target Support Files/Pods-iOSProjectTests/Pods-iOSProjectTests-resources.sh\"\n";
			showEnvVarsInLog = 0;
		};
/* End PBXShellScriptBuildPhase section */

/* Begin PBXSourcesBuildPhase section */
		D7E17BCC1B25FACD009773BB /* Sources */ = {
			isa = PBXSourcesBuildPhase;
			buildActionMask = 2147483647;
			files = (
				D7E0B8511B29EEA60046EDBA /* NSString+IDPRandomName.m in Sources */,
				D7E0B8441B29EDF60046EDBA /* IDPUsersViewController.m in Sources */,
				D7E0B8571B29F0230046EDBA /* IDPMacro.m in Sources */,
				D7E0B83D1B29ED2F0046EDBA /* IDPUserView.m in Sources */,
				D7E6A2EC1B2F37B8002E5407 /* IDPUserCell.m in Sources */,
				D7E0B8501B29EEA60046EDBA /* NSString+IDPExtensions.m in Sources */,
				D7E0B83E1B29ED2F0046EDBA /* IDPUserViewController.m in Sources */,
				D7E0B83C1B29ED2F0046EDBA /* IDPUser.m in Sources */,
				D7E6A2E81B2F35C9002E5407 /* IDPTableViewCell.m in Sources */,
				D7E0B8481B29EE290046EDBA /* IDPUsersView.m in Sources */,
				D7E17BFD1B25FCAA009773BB /* main.m in Sources */,
				D7E1E09A1B274251000DC582 /* IDPAppDelegate.m in Sources */,
			);
			runOnlyForDeploymentPostprocessing = 0;
		};
		D7E17BE51B25FACD009773BB /* Sources */ = {
			isa = PBXSourcesBuildPhase;
			buildActionMask = 2147483647;
			files = (
				D7E17C221B25FF3F009773BB /* IDPARCSpec.m in Sources */,
				D7E17C1F1B25FDB1009773BB /* IDPARCObject.m in Sources */,
			);
			runOnlyForDeploymentPostprocessing = 0;
		};
/* End PBXSourcesBuildPhase section */

/* Begin PBXTargetDependency section */
		D7E17BEB1B25FACD009773BB /* PBXTargetDependency */ = {
			isa = PBXTargetDependency;
			target = D7E17BCF1B25FACD009773BB /* iOSProject */;
			targetProxy = D7E17BEA1B25FACD009773BB /* PBXContainerItemProxy */;
		};
/* End PBXTargetDependency section */

/* Begin PBXVariantGroup section */
		D7E17C091B25FCCA009773BB /* LaunchScreen.xib */ = {
			isa = PBXVariantGroup;
			children = (
				D7E17C0A1B25FCCA009773BB /* Base */,
			);
			name = LaunchScreen.xib;
			sourceTree = "<group>";
		};
/* End PBXVariantGroup section */

/* Begin XCBuildConfiguration section */
		D7E17BF11B25FACD009773BB /* Debug */ = {
			isa = XCBuildConfiguration;
			buildSettings = {
				ALWAYS_SEARCH_USER_PATHS = NO;
				CLANG_CXX_LANGUAGE_STANDARD = "gnu++0x";
				CLANG_CXX_LIBRARY = "libc++";
				CLANG_ENABLE_MODULES = YES;
				CLANG_ENABLE_OBJC_ARC = YES;
				CLANG_WARN_BOOL_CONVERSION = YES;
				CLANG_WARN_CONSTANT_CONVERSION = YES;
				CLANG_WARN_DIRECT_OBJC_ISA_USAGE = YES_ERROR;
				CLANG_WARN_EMPTY_BODY = YES;
				CLANG_WARN_ENUM_CONVERSION = YES;
				CLANG_WARN_INT_CONVERSION = YES;
				CLANG_WARN_OBJC_ROOT_CLASS = YES_ERROR;
				CLANG_WARN_UNREACHABLE_CODE = YES;
				CLANG_WARN__DUPLICATE_METHOD_MATCH = YES;
				"CODE_SIGN_IDENTITY[sdk=iphoneos*]" = "iPhone Developer";
				COPY_PHASE_STRIP = NO;
				DEBUG_INFORMATION_FORMAT = "dwarf-with-dsym";
				ENABLE_STRICT_OBJC_MSGSEND = YES;
				GCC_C_LANGUAGE_STANDARD = gnu99;
				GCC_DYNAMIC_NO_PIC = NO;
				GCC_NO_COMMON_BLOCKS = YES;
				GCC_OPTIMIZATION_LEVEL = 0;
				GCC_PREPROCESSOR_DEFINITIONS = (
					"DEBUG=1",
					"$(inherited)",
				);
				GCC_SYMBOLS_PRIVATE_EXTERN = NO;
				GCC_WARN_64_TO_32_BIT_CONVERSION = YES;
				GCC_WARN_ABOUT_RETURN_TYPE = YES_ERROR;
				GCC_WARN_UNDECLARED_SELECTOR = YES;
				GCC_WARN_UNINITIALIZED_AUTOS = YES_AGGRESSIVE;
				GCC_WARN_UNUSED_FUNCTION = YES;
				GCC_WARN_UNUSED_VARIABLE = YES;
				IPHONEOS_DEPLOYMENT_TARGET = 8.3;
				MTL_ENABLE_DEBUG_INFO = YES;
				ONLY_ACTIVE_ARCH = YES;
				SDKROOT = iphoneos;
			};
			name = Debug;
		};
		D7E17BF21B25FACD009773BB /* Release */ = {
			isa = XCBuildConfiguration;
			buildSettings = {
				ALWAYS_SEARCH_USER_PATHS = NO;
				CLANG_CXX_LANGUAGE_STANDARD = "gnu++0x";
				CLANG_CXX_LIBRARY = "libc++";
				CLANG_ENABLE_MODULES = YES;
				CLANG_ENABLE_OBJC_ARC = YES;
				CLANG_WARN_BOOL_CONVERSION = YES;
				CLANG_WARN_CONSTANT_CONVERSION = YES;
				CLANG_WARN_DIRECT_OBJC_ISA_USAGE = YES_ERROR;
				CLANG_WARN_EMPTY_BODY = YES;
				CLANG_WARN_ENUM_CONVERSION = YES;
				CLANG_WARN_INT_CONVERSION = YES;
				CLANG_WARN_OBJC_ROOT_CLASS = YES_ERROR;
				CLANG_WARN_UNREACHABLE_CODE = YES;
				CLANG_WARN__DUPLICATE_METHOD_MATCH = YES;
				"CODE_SIGN_IDENTITY[sdk=iphoneos*]" = "iPhone Developer";
				COPY_PHASE_STRIP = NO;
				DEBUG_INFORMATION_FORMAT = "dwarf-with-dsym";
				ENABLE_NS_ASSERTIONS = NO;
				ENABLE_STRICT_OBJC_MSGSEND = YES;
				GCC_C_LANGUAGE_STANDARD = gnu99;
				GCC_NO_COMMON_BLOCKS = YES;
				GCC_WARN_64_TO_32_BIT_CONVERSION = YES;
				GCC_WARN_ABOUT_RETURN_TYPE = YES_ERROR;
				GCC_WARN_UNDECLARED_SELECTOR = YES;
				GCC_WARN_UNINITIALIZED_AUTOS = YES_AGGRESSIVE;
				GCC_WARN_UNUSED_FUNCTION = YES;
				GCC_WARN_UNUSED_VARIABLE = YES;
				IPHONEOS_DEPLOYMENT_TARGET = 8.3;
				MTL_ENABLE_DEBUG_INFO = NO;
				SDKROOT = iphoneos;
				VALIDATE_PRODUCT = YES;
			};
			name = Release;
		};
		D7E17BF41B25FACD009773BB /* Debug */ = {
			isa = XCBuildConfiguration;
			buildSettings = {
				ASSETCATALOG_COMPILER_APPICON_NAME = AppIcon;
				INFOPLIST_FILE = iOSProject/Info.plist;
				LD_RUNPATH_SEARCH_PATHS = "$(inherited) @executable_path/Frameworks";
				PRODUCT_NAME = "$(TARGET_NAME)";
			};
			name = Debug;
		};
		D7E17BF51B25FACD009773BB /* Release */ = {
			isa = XCBuildConfiguration;
			buildSettings = {
				ASSETCATALOG_COMPILER_APPICON_NAME = AppIcon;
				INFOPLIST_FILE = iOSProject/Info.plist;
				LD_RUNPATH_SEARCH_PATHS = "$(inherited) @executable_path/Frameworks";
				PRODUCT_NAME = "$(TARGET_NAME)";
			};
			name = Release;
		};
		D7E17BF71B25FACD009773BB /* Debug */ = {
			isa = XCBuildConfiguration;
			baseConfigurationReference = C208A979779DDE06A581FFA2 /* Pods-iOSProjectTests.debug.xcconfig */;
			buildSettings = {
				BUNDLE_LOADER = "$(TEST_HOST)";
				FRAMEWORK_SEARCH_PATHS = (
					"$(SDKROOT)/Developer/Library/Frameworks",
					"$(inherited)",
				);
				GCC_PREPROCESSOR_DEFINITIONS = (
					"DEBUG=1",
					"$(inherited)",
				);
				INFOPLIST_FILE = iOSProjectTests/Info.plist;
				LD_RUNPATH_SEARCH_PATHS = "$(inherited) @executable_path/Frameworks @loader_path/Frameworks";
				PRODUCT_NAME = "$(TARGET_NAME)";
				TEST_HOST = "$(BUILT_PRODUCTS_DIR)/iOSProject.app/iOSProject";
			};
			name = Debug;
		};
		D7E17BF81B25FACD009773BB /* Release */ = {
			isa = XCBuildConfiguration;
			baseConfigurationReference = 4663880D419D8234376BCC9E /* Pods-iOSProjectTests.release.xcconfig */;
			buildSettings = {
				BUNDLE_LOADER = "$(TEST_HOST)";
				FRAMEWORK_SEARCH_PATHS = (
					"$(SDKROOT)/Developer/Library/Frameworks",
					"$(inherited)",
				);
				INFOPLIST_FILE = iOSProjectTests/Info.plist;
				LD_RUNPATH_SEARCH_PATHS = "$(inherited) @executable_path/Frameworks @loader_path/Frameworks";
				PRODUCT_NAME = "$(TARGET_NAME)";
				TEST_HOST = "$(BUILT_PRODUCTS_DIR)/iOSProject.app/iOSProject";
			};
			name = Release;
		};
/* End XCBuildConfiguration section */

/* Begin XCConfigurationList section */
		D7E17BCB1B25FACD009773BB /* Build configuration list for PBXProject "iOSProject" */ = {
			isa = XCConfigurationList;
			buildConfigurations = (
				D7E17BF11B25FACD009773BB /* Debug */,
				D7E17BF21B25FACD009773BB /* Release */,
			);
			defaultConfigurationIsVisible = 0;
			defaultConfigurationName = Release;
		};
		D7E17BF31B25FACD009773BB /* Build configuration list for PBXNativeTarget "iOSProject" */ = {
			isa = XCConfigurationList;
			buildConfigurations = (
				D7E17BF41B25FACD009773BB /* Debug */,
				D7E17BF51B25FACD009773BB /* Release */,
			);
			defaultConfigurationIsVisible = 0;
			defaultConfigurationName = Release;
		};
		D7E17BF61B25FACD009773BB /* Build configuration list for PBXNativeTarget "iOSProjectTests" */ = {
			isa = XCConfigurationList;
			buildConfigurations = (
				D7E17BF71B25FACD009773BB /* Debug */,
				D7E17BF81B25FACD009773BB /* Release */,
			);
			defaultConfigurationIsVisible = 0;
			defaultConfigurationName = Release;
		};
/* End XCConfigurationList section */
	};
	rootObject = D7E17BC81B25FACD009773BB /* Project object */;
}
