// !$*UTF8*$!
{
	archiveVersion = 1;
	classes = {
	};
	objectVersion = 46;
	objects = {

/* Begin PBXBuildFile section */
		608F711B63A028D0EF193D65 /* libPods-iOSProjectTests.a in Frameworks */ = {isa = PBXBuildFile; fileRef = 215A68B79D16D630EC172349 /* libPods-iOSProjectTests.a */; };
		D70E0F321B3C6F620060F3C7 /* IDPStatefuImageView.m in Sources */ = {isa = PBXBuildFile; fileRef = D70E0F311B3C6F620060F3C7 /* IDPStatefuImageView.m */; };
		D768B0AE1B31F16E00C8698C /* IDPTestView.xib in Resources */ = {isa = PBXBuildFile; fileRef = D768B0AD1B31F16E00C8698C /* IDPTestView.xib */; };
		D768B0B11B31F1F100C8698C /* IDPTestView.m in Sources */ = {isa = PBXBuildFile; fileRef = D768B0B01B31F1F100C8698C /* IDPTestView.m */; };
		D77D122E1B39D0D600BE4E9C /* IDPDisplayLink.m in Sources */ = {isa = PBXBuildFile; fileRef = D77D122D1B39D0D600BE4E9C /* IDPDisplayLink.m */; };
		D77D12311B39D33600BE4E9C /* IDPFrameInfo.m in Sources */ = {isa = PBXBuildFile; fileRef = D77D12301B39D33600BE4E9C /* IDPFrameInfo.m */; };
		D77D12351B39D79800BE4E9C /* IDPDisplayLinkReference.m in Sources */ = {isa = PBXBuildFile; fileRef = D77D12341B39D79800BE4E9C /* IDPDisplayLinkReference.m */; };
		D7BC1E991B669ECF0025E40C /* DBUser.m in Sources */ = {isa = PBXBuildFile; fileRef = D7EC18201B5EC0C20041F14A /* DBUser.m */; };
		D7BC1E9A1B669ED20025E40C /* DBImage.m in Sources */ = {isa = PBXBuildFile; fileRef = D7EC18231B5EC0C30041F14A /* DBImage.m */; };
		D7BC1E9B1B669ED60025E40C /* iOSProject.xcdatamodeld in Sources */ = {isa = PBXBuildFile; fileRef = D7EC18101B5EB9B60041F14A /* iOSProject.xcdatamodeld */; };
		D7BC1F041B669F0C0025E40C /* NSArray+IDPExtensions.m in Sources */ = {isa = PBXBuildFile; fileRef = D7BC1EA61B669F0C0025E40C /* NSArray+IDPExtensions.m */; };
		D7BC1F051B669F0C0025E40C /* NSArray+IDPExtensions.m in Sources */ = {isa = PBXBuildFile; fileRef = D7BC1EA61B669F0C0025E40C /* NSArray+IDPExtensions.m */; };
		D7BC1F061B669F0C0025E40C /* NSDate+IDPExtensions.m in Sources */ = {isa = PBXBuildFile; fileRef = D7BC1EA91B669F0C0025E40C /* NSDate+IDPExtensions.m */; };
		D7BC1F071B669F0C0025E40C /* NSDate+IDPExtensions.m in Sources */ = {isa = PBXBuildFile; fileRef = D7BC1EA91B669F0C0025E40C /* NSDate+IDPExtensions.m */; };
		D7BC1F081B669F0C0025E40C /* NSFileManager+IDPExtensions.m in Sources */ = {isa = PBXBuildFile; fileRef = D7BC1EAC1B669F0C0025E40C /* NSFileManager+IDPExtensions.m */; };
		D7BC1F091B669F0C0025E40C /* NSFileManager+IDPExtensions.m in Sources */ = {isa = PBXBuildFile; fileRef = D7BC1EAC1B669F0C0025E40C /* NSFileManager+IDPExtensions.m */; };
		D7BC1F0A1B669F0C0025E40C /* IDPKVONotification.m in Sources */ = {isa = PBXBuildFile; fileRef = D7BC1EB01B669F0C0025E40C /* IDPKVONotification.m */; };
		D7BC1F0B1B669F0C0025E40C /* IDPKVONotification.m in Sources */ = {isa = PBXBuildFile; fileRef = D7BC1EB01B669F0C0025E40C /* IDPKVONotification.m */; };
		D7BC1F0C1B669F0C0025E40C /* IDPKVOObject.m in Sources */ = {isa = PBXBuildFile; fileRef = D7BC1EB21B669F0C0025E40C /* IDPKVOObject.m */; };
		D7BC1F0D1B669F0C0025E40C /* IDPKVOObject.m in Sources */ = {isa = PBXBuildFile; fileRef = D7BC1EB21B669F0C0025E40C /* IDPKVOObject.m */; };
		D7BC1F0E1B669F0C0025E40C /* NSObject+IDPKVO.m in Sources */ = {isa = PBXBuildFile; fileRef = D7BC1EB41B669F0C0025E40C /* NSObject+IDPKVO.m */; };
		D7BC1F0F1B669F0C0025E40C /* NSObject+IDPKVO.m in Sources */ = {isa = PBXBuildFile; fileRef = D7BC1EB41B669F0C0025E40C /* NSObject+IDPKVO.m */; };
		D7BC1F101B669F0C0025E40C /* IDPSafeKVOContext.m in Sources */ = {isa = PBXBuildFile; fileRef = D7BC1EB71B669F0C0025E40C /* IDPSafeKVOContext.m */; };
		D7BC1F111B669F0C0025E40C /* IDPSafeKVOContext.m in Sources */ = {isa = PBXBuildFile; fileRef = D7BC1EB71B669F0C0025E40C /* IDPSafeKVOContext.m */; };
		D7BC1F121B669F0C0025E40C /* NSObject+IDPKVOPrivate.m in Sources */ = {isa = PBXBuildFile; fileRef = D7BC1EB91B669F0C0025E40C /* NSObject+IDPKVOPrivate.m */; };
		D7BC1F131B669F0C0025E40C /* NSObject+IDPKVOPrivate.m in Sources */ = {isa = PBXBuildFile; fileRef = D7BC1EB91B669F0C0025E40C /* NSObject+IDPKVOPrivate.m */; };
		D7BC1F141B669F0C0025E40C /* NSObject+IDPRuntime.m in Sources */ = {isa = PBXBuildFile; fileRef = D7BC1EBC1B669F0C0025E40C /* NSObject+IDPRuntime.m */; };
		D7BC1F151B669F0C0025E40C /* NSObject+IDPRuntime.m in Sources */ = {isa = PBXBuildFile; fileRef = D7BC1EBC1B669F0C0025E40C /* NSObject+IDPRuntime.m */; };
		D7BC1F161B669F0C0025E40C /* NSPathUtilities+IDPExtensions.m in Sources */ = {isa = PBXBuildFile; fileRef = D7BC1EBF1B669F0C0025E40C /* NSPathUtilities+IDPExtensions.m */; };
		D7BC1F171B669F0C0025E40C /* NSPathUtilities+IDPExtensions.m in Sources */ = {isa = PBXBuildFile; fileRef = D7BC1EBF1B669F0C0025E40C /* NSPathUtilities+IDPExtensions.m */; };
		D7BC1F181B669F0C0025E40C /* NSString+IDPExtensions.m in Sources */ = {isa = PBXBuildFile; fileRef = D7BC1EC21B669F0C0025E40C /* NSString+IDPExtensions.m */; };
		D7BC1F191B669F0C0025E40C /* NSString+IDPExtensions.m in Sources */ = {isa = PBXBuildFile; fileRef = D7BC1EC21B669F0C0025E40C /* NSString+IDPExtensions.m */; };
		D7BC1F1A1B669F0C0025E40C /* IDPDispatch.m in Sources */ = {isa = PBXBuildFile; fileRef = D7BC1EC61B669F0C0025E40C /* IDPDispatch.m */; };
		D7BC1F1B1B669F0C0025E40C /* IDPDispatch.m in Sources */ = {isa = PBXBuildFile; fileRef = D7BC1EC61B669F0C0025E40C /* IDPDispatch.m */; };
		D7BC1F1C1B669F0C0025E40C /* IDPKVOContext.m in Sources */ = {isa = PBXBuildFile; fileRef = D7BC1EC91B669F0C0025E40C /* IDPKVOContext.m */; };
		D7BC1F1D1B669F0C0025E40C /* IDPKVOContext.m in Sources */ = {isa = PBXBuildFile; fileRef = D7BC1EC91B669F0C0025E40C /* IDPKVOContext.m */; };
		D7BC1F1E1B669F0C0025E40C /* IDPKVOMutableArray.m in Sources */ = {isa = PBXBuildFile; fileRef = D7BC1ECB1B669F0C0025E40C /* IDPKVOMutableArray.m */; };
		D7BC1F1F1B669F0C0025E40C /* IDPKVOMutableArray.m in Sources */ = {isa = PBXBuildFile; fileRef = D7BC1ECB1B669F0C0025E40C /* IDPKVOMutableArray.m */; };
		D7BC1F201B669F0C0025E40C /* IDPMixinContext.m in Sources */ = {isa = PBXBuildFile; fileRef = D7BC1ECE1B669F0C0025E40C /* IDPMixinContext.m */; };
		D7BC1F211B669F0C0025E40C /* IDPMixinContext.m in Sources */ = {isa = PBXBuildFile; fileRef = D7BC1ECE1B669F0C0025E40C /* IDPMixinContext.m */; };
		D7BC1F221B669F0C0025E40C /* IDPMixinIMP.m in Sources */ = {isa = PBXBuildFile; fileRef = D7BC1ED01B669F0C0025E40C /* IDPMixinIMP.m */; };
		D7BC1F231B669F0C0025E40C /* IDPMixinIMP.m in Sources */ = {isa = PBXBuildFile; fileRef = D7BC1ED01B669F0C0025E40C /* IDPMixinIMP.m */; };
		D7BC1F241B669F0C0025E40C /* IDPMixinStack.m in Sources */ = {isa = PBXBuildFile; fileRef = D7BC1ED21B669F0C0025E40C /* IDPMixinStack.m */; };
		D7BC1F251B669F0C0025E40C /* IDPMixinStack.m in Sources */ = {isa = PBXBuildFile; fileRef = D7BC1ED21B669F0C0025E40C /* IDPMixinStack.m */; };
		D7BC1F261B669F0C0025E40C /* NSObject+IDPMixin.m in Sources */ = {isa = PBXBuildFile; fileRef = D7BC1ED41B669F0C0025E40C /* NSObject+IDPMixin.m */; };
		D7BC1F271B669F0C0025E40C /* NSObject+IDPMixin.m in Sources */ = {isa = PBXBuildFile; fileRef = D7BC1ED41B669F0C0025E40C /* NSObject+IDPMixin.m */; };
		D7BC1F281B669F0C0025E40C /* NSObject+IDPMixinPrivate.m in Sources */ = {isa = PBXBuildFile; fileRef = D7BC1ED61B669F0C0025E40C /* NSObject+IDPMixinPrivate.m */; };
		D7BC1F291B669F0C0025E40C /* NSObject+IDPMixinPrivate.m in Sources */ = {isa = PBXBuildFile; fileRef = D7BC1ED61B669F0C0025E40C /* NSObject+IDPMixinPrivate.m */; };
		D7BC1F2A1B669F0C0025E40C /* IDPMutableArray.m in Sources */ = {isa = PBXBuildFile; fileRef = D7BC1ED91B669F0C0025E40C /* IDPMutableArray.m */; };
		D7BC1F2B1B669F0C0025E40C /* IDPMutableArray.m in Sources */ = {isa = PBXBuildFile; fileRef = D7BC1ED91B669F0C0025E40C /* IDPMutableArray.m */; };
		D7BC1F2C1B669F0C0025E40C /* IDPMutableDictionary.m in Sources */ = {isa = PBXBuildFile; fileRef = D7BC1EDC1B669F0C0025E40C /* IDPMutableDictionary.m */; };
		D7BC1F2D1B669F0C0025E40C /* IDPMutableDictionary.m in Sources */ = {isa = PBXBuildFile; fileRef = D7BC1EDC1B669F0C0025E40C /* IDPMutableDictionary.m */; };
		D7BC1F2E1B669F0C0025E40C /* IDPProxy.m in Sources */ = {isa = PBXBuildFile; fileRef = D7BC1EDF1B669F0C0025E40C /* IDPProxy.m */; };
		D7BC1F2F1B669F0C0025E40C /* IDPProxy.m in Sources */ = {isa = PBXBuildFile; fileRef = D7BC1EDF1B669F0C0025E40C /* IDPProxy.m */; };
		D7BC1F301B669F0C0025E40C /* IDPCopyReference.m in Sources */ = {isa = PBXBuildFile; fileRef = D7BC1EE21B669F0C0025E40C /* IDPCopyReference.m */; };
		D7BC1F311B669F0C0025E40C /* IDPCopyReference.m in Sources */ = {isa = PBXBuildFile; fileRef = D7BC1EE21B669F0C0025E40C /* IDPCopyReference.m */; };
		D7BC1F321B669F0C0025E40C /* IDPReference.m in Sources */ = {isa = PBXBuildFile; fileRef = D7BC1EE41B669F0C0025E40C /* IDPReference.m */; };
		D7BC1F331B669F0C0025E40C /* IDPReference.m in Sources */ = {isa = PBXBuildFile; fileRef = D7BC1EE41B669F0C0025E40C /* IDPReference.m */; };
		D7BC1F341B669F0C0025E40C /* IDPStrongReference.m in Sources */ = {isa = PBXBuildFile; fileRef = D7BC1EE61B669F0C0025E40C /* IDPStrongReference.m */; };
		D7BC1F351B669F0C0025E40C /* IDPStrongReference.m in Sources */ = {isa = PBXBuildFile; fileRef = D7BC1EE61B669F0C0025E40C /* IDPStrongReference.m */; };
		D7BC1F361B669F0C0025E40C /* IDPUnsafeReference.m in Sources */ = {isa = PBXBuildFile; fileRef = D7BC1EE81B669F0C0025E40C /* IDPUnsafeReference.m */; };
		D7BC1F371B669F0C0025E40C /* IDPUnsafeReference.m in Sources */ = {isa = PBXBuildFile; fileRef = D7BC1EE81B669F0C0025E40C /* IDPUnsafeReference.m */; };
		D7BC1F381B669F0C0025E40C /* IDPWeakReference.m in Sources */ = {isa = PBXBuildFile; fileRef = D7BC1EEA1B669F0C0025E40C /* IDPWeakReference.m */; };
		D7BC1F391B669F0C0025E40C /* IDPWeakReference.m in Sources */ = {isa = PBXBuildFile; fileRef = D7BC1EEA1B669F0C0025E40C /* IDPWeakReference.m */; };
		D7BC1F3A1B669F0C0025E40C /* IDPRetainingDictionary.m in Sources */ = {isa = PBXBuildFile; fileRef = D7BC1EED1B669F0C0025E40C /* IDPRetainingDictionary.m */; };
		D7BC1F3B1B669F0C0025E40C /* IDPRetainingDictionary.m in Sources */ = {isa = PBXBuildFile; fileRef = D7BC1EED1B669F0C0025E40C /* IDPRetainingDictionary.m */; };
		D7BC1F3C1B669F0C0025E40C /* IDPEnumerationThreadSafeProxy.m in Sources */ = {isa = PBXBuildFile; fileRef = D7BC1EF01B669F0C0025E40C /* IDPEnumerationThreadSafeProxy.m */; };
		D7BC1F3D1B669F0C0025E40C /* IDPEnumerationThreadSafeProxy.m in Sources */ = {isa = PBXBuildFile; fileRef = D7BC1EF01B669F0C0025E40C /* IDPEnumerationThreadSafeProxy.m */; };
		D7BC1F3E1B669F0C0025E40C /* IDPThreadSafeProxy.m in Sources */ = {isa = PBXBuildFile; fileRef = D7BC1EF21B669F0C0025E40C /* IDPThreadSafeProxy.m */; };
		D7BC1F3F1B669F0C0025E40C /* IDPThreadSafeProxy.m in Sources */ = {isa = PBXBuildFile; fileRef = D7BC1EF21B669F0C0025E40C /* IDPThreadSafeProxy.m */; };
		D7BC1F401B669F0C0025E40C /* IDPWeakArray.m in Sources */ = {isa = PBXBuildFile; fileRef = D7BC1EF51B669F0C0025E40C /* IDPWeakArray.m */; };
		D7BC1F411B669F0C0025E40C /* IDPWeakArray.m in Sources */ = {isa = PBXBuildFile; fileRef = D7BC1EF51B669F0C0025E40C /* IDPWeakArray.m */; };
		D7BC1F421B669F0C0025E40C /* IDPMachTimer.m in Sources */ = {isa = PBXBuildFile; fileRef = D7BC1EF91B669F0C0025E40C /* IDPMachTimer.m */; };
		D7BC1F431B669F0C0025E40C /* IDPMachTimer.m in Sources */ = {isa = PBXBuildFile; fileRef = D7BC1EF91B669F0C0025E40C /* IDPMachTimer.m */; };
		D7BC1F441B669F0C0025E40C /* IDPMath.m in Sources */ = {isa = PBXBuildFile; fileRef = D7BC1EFC1B669F0C0025E40C /* IDPMath.m */; };
		D7BC1F451B669F0C0025E40C /* IDPMath.m in Sources */ = {isa = PBXBuildFile; fileRef = D7BC1EFC1B669F0C0025E40C /* IDPMath.m */; };
		D7BC1F461B669F0C0025E40C /* IDPObjCRuntime.m in Sources */ = {isa = PBXBuildFile; fileRef = D7BC1EFF1B669F0C0025E40C /* IDPObjCRuntime.m */; };
		D7BC1F471B669F0C0025E40C /* IDPObjCRuntime.m in Sources */ = {isa = PBXBuildFile; fileRef = D7BC1EFF1B669F0C0025E40C /* IDPObjCRuntime.m */; };
		D7BC1F481B669F0C0025E40C /* IDPTypes.m in Sources */ = {isa = PBXBuildFile; fileRef = D7BC1F021B669F0C0025E40C /* IDPTypes.m */; };
		D7BC1F491B669F0C0025E40C /* IDPTypes.m in Sources */ = {isa = PBXBuildFile; fileRef = D7BC1F021B669F0C0025E40C /* IDPTypes.m */; };
		D7BC1F551B669F160025E40C /* IDPCoreDataManager.m in Sources */ = {isa = PBXBuildFile; fileRef = D7BC1F4E1B669F160025E40C /* IDPCoreDataManager.m */; };
		D7BC1F561B669F160025E40C /* IDPCoreDataManager.m in Sources */ = {isa = PBXBuildFile; fileRef = D7BC1F4E1B669F160025E40C /* IDPCoreDataManager.m */; };
		D7BC1F571B669F160025E40C /* NSManagedObject+IDPExtensions.m in Sources */ = {isa = PBXBuildFile; fileRef = D7BC1F501B669F160025E40C /* NSManagedObject+IDPExtensions.m */; };
		D7BC1F581B669F160025E40C /* NSManagedObject+IDPExtensions.m in Sources */ = {isa = PBXBuildFile; fileRef = D7BC1F501B669F160025E40C /* NSManagedObject+IDPExtensions.m */; };
		D7BC1F591B669F160025E40C /* NSManagedObjectContext+IDPExtensions.m in Sources */ = {isa = PBXBuildFile; fileRef = D7BC1F521B669F160025E40C /* NSManagedObjectContext+IDPExtensions.m */; };
		D7BC1F5A1B669F160025E40C /* NSManagedObjectContext+IDPExtensions.m in Sources */ = {isa = PBXBuildFile; fileRef = D7BC1F521B669F160025E40C /* NSManagedObjectContext+IDPExtensions.m */; };
		D7BC1F5B1B669F160025E40C /* NSManagedObjectID+IDPExtensions.m in Sources */ = {isa = PBXBuildFile; fileRef = D7BC1F541B669F160025E40C /* NSManagedObjectID+IDPExtensions.m */; };
		D7BC1F5C1B669F160025E40C /* NSManagedObjectID+IDPExtensions.m in Sources */ = {isa = PBXBuildFile; fileRef = D7BC1F541B669F160025E40C /* NSManagedObjectID+IDPExtensions.m */; };
		D7BC1F5F1B66A07A0025E40C /* IDPActiveRecordSpec.m in Sources */ = {isa = PBXBuildFile; fileRef = D7BC1F5E1B66A07A0025E40C /* IDPActiveRecordSpec.m */; };
		D7CE75F51B6A7AC7009066E1 /* IDPFetchedResultsControllerDelegateObject.m in Sources */ = {isa = PBXBuildFile; fileRef = D7CE75F41B6A7AC7009066E1 /* IDPFetchedResultsControllerDelegateObject.m */; };
		D7CE75F61B6A80EE009066E1 /* IDPFetchedResultsControllerDelegateObject.m in Sources */ = {isa = PBXBuildFile; fileRef = D7CE75F41B6A7AC7009066E1 /* IDPFetchedResultsControllerDelegateObject.m */; };
		D7E0B83C1B29ED2F0046EDBA /* IDPUser.m in Sources */ = {isa = PBXBuildFile; fileRef = D7E0B8321B29ED2F0046EDBA /* IDPUser.m */; };
		D7E0B83D1B29ED2F0046EDBA /* IDPUserView.m in Sources */ = {isa = PBXBuildFile; fileRef = D7E0B8361B29ED2F0046EDBA /* IDPUserView.m */; };
		D7E0B83E1B29ED2F0046EDBA /* IDPUserViewController.m in Sources */ = {isa = PBXBuildFile; fileRef = D7E0B8381B29ED2F0046EDBA /* IDPUserViewController.m */; };
		D7E0B83F1B29ED2F0046EDBA /* IDPUserViewController.xib in Resources */ = {isa = PBXBuildFile; fileRef = D7E0B8391B29ED2F0046EDBA /* IDPUserViewController.xib */; };
		D7E0B8441B29EDF60046EDBA /* IDPUsersViewController.m in Sources */ = {isa = PBXBuildFile; fileRef = D7E0B8421B29EDF60046EDBA /* IDPUsersViewController.m */; };
		D7E0B8451B29EDF60046EDBA /* IDPUsersViewController.xib in Resources */ = {isa = PBXBuildFile; fileRef = D7E0B8431B29EDF60046EDBA /* IDPUsersViewController.xib */; };
		D7E0B8481B29EE290046EDBA /* IDPUsersView.m in Sources */ = {isa = PBXBuildFile; fileRef = D7E0B8471B29EE290046EDBA /* IDPUsersView.m */; };
		D7E0B8501B29EEA60046EDBA /* NSString+IDPExtensions.m in Sources */ = {isa = PBXBuildFile; fileRef = D7E0B84D1B29EEA60046EDBA /* NSString+IDPExtensions.m */; };
		D7E0B8511B29EEA60046EDBA /* NSString+IDPRandomName.m in Sources */ = {isa = PBXBuildFile; fileRef = D7E0B84F1B29EEA60046EDBA /* NSString+IDPRandomName.m */; };
		D7E0B8571B29F0230046EDBA /* IDPMacro.m in Sources */ = {isa = PBXBuildFile; fileRef = D7E0B8561B29F0230046EDBA /* IDPMacro.m */; };
		D7E17BFD1B25FCAA009773BB /* main.m in Sources */ = {isa = PBXBuildFile; fileRef = D7E17BFB1B25FCAA009773BB /* main.m */; };
		D7E17C121B25FCCA009773BB /* LaunchScreen.xib in Resources */ = {isa = PBXBuildFile; fileRef = D7E17C091B25FCCA009773BB /* LaunchScreen.xib */; };
		D7E17C131B25FCCA009773BB /* LaunchScreen.xib in Resources */ = {isa = PBXBuildFile; fileRef = D7E17C091B25FCCA009773BB /* LaunchScreen.xib */; };
		D7E17C161B25FCCA009773BB /* Images.xcassets in Resources */ = {isa = PBXBuildFile; fileRef = D7E17C0D1B25FCCA009773BB /* Images.xcassets */; };
		D7E17C171B25FCCA009773BB /* Images.xcassets in Resources */ = {isa = PBXBuildFile; fileRef = D7E17C0D1B25FCCA009773BB /* Images.xcassets */; };
		D7E17C1F1B25FDB1009773BB /* IDPARCObject.m in Sources */ = {isa = PBXBuildFile; fileRef = D7E17C1E1B25FDB1009773BB /* IDPARCObject.m */; };
		D7E17C221B25FF3F009773BB /* IDPARCSpec.m in Sources */ = {isa = PBXBuildFile; fileRef = D7E17C211B25FF3F009773BB /* IDPARCSpec.m */; };
		D7E1E09A1B274251000DC582 /* IDPAppDelegate.m in Sources */ = {isa = PBXBuildFile; fileRef = D7E1E0991B274251000DC582 /* IDPAppDelegate.m */; };
		D7E39A2B1B31E063005C269F /* IDPImageView.m in Sources */ = {isa = PBXBuildFile; fileRef = D7E39A2A1B31E063005C269F /* IDPImageView.m */; };
		D7E39A351B31E524005C269F /* UIViewSpec.m in Sources */ = {isa = PBXBuildFile; fileRef = D7E39A331B31E524005C269F /* UIViewSpec.m */; };
		D7E39A381B31E5C6005C269F /* IDPCompilerMacro.m in Sources */ = {isa = PBXBuildFile; fileRef = D7E39A371B31E5C6005C269F /* IDPCompilerMacro.m */; };
		D7E488451B308ACF00DC9045 /* IDPImageModel.m in Sources */ = {isa = PBXBuildFile; fileRef = D7E488441B308ACF00DC9045 /* IDPImageModel.m */; };
		D7E488561B308DC700DC9045 /* IDPBlockObservationController.m in Sources */ = {isa = PBXBuildFile; fileRef = D7E488481B308DC700DC9045 /* IDPBlockObservationController.m */; };
		D7E488571B308DC700DC9045 /* IDPObservableObject.m in Sources */ = {isa = PBXBuildFile; fileRef = D7E4884A1B308DC700DC9045 /* IDPObservableObject.m */; };
		D7E488581B308DC700DC9045 /* IDPObservationController.m in Sources */ = {isa = PBXBuildFile; fileRef = D7E4884C1B308DC700DC9045 /* IDPObservationController.m */; };
		D7E4885F1B30993400DC9045 /* IDPImageModelDispatcher.m in Sources */ = {isa = PBXBuildFile; fileRef = D7E4885E1B30993400DC9045 /* IDPImageModelDispatcher.m */; };
		D7E6A2E81B2F35C9002E5407 /* IDPTableViewCell.m in Sources */ = {isa = PBXBuildFile; fileRef = D7E6A2E71B2F35C9002E5407 /* IDPTableViewCell.m */; };
		D7E6A2EC1B2F37B8002E5407 /* IDPUserCell.m in Sources */ = {isa = PBXBuildFile; fileRef = D7E6A2EB1B2F37B8002E5407 /* IDPUserCell.m */; };
		D7E6A2EE1B2F37DA002E5407 /* IDPUserCell.xib in Resources */ = {isa = PBXBuildFile; fileRef = D7E6A2ED1B2F37DA002E5407 /* IDPUserCell.xib */; };
		D7E6A2F11B2F438C002E5407 /* image.jpg in Resources */ = {isa = PBXBuildFile; fileRef = D7E6A2F01B2F438C002E5407 /* image.jpg */; };
		D7E717F51B3B0A9500F8E9FD /* IDPViewContentOperation.m in Sources */ = {isa = PBXBuildFile; fileRef = D7E717F41B3B0A9500F8E9FD /* IDPViewContentOperation.m */; };
		D7E717F81B3B1B6300F8E9FD /* IDPViewContentDispatcher.m in Sources */ = {isa = PBXBuildFile; fileRef = D7E717F71B3B1B6300F8E9FD /* IDPViewContentDispatcher.m */; };
		D7E717FB1B3B207000F8E9FD /* IDPViewContentOperation+IDPImageView.m in Sources */ = {isa = PBXBuildFile; fileRef = D7E717FA1B3B207000F8E9FD /* IDPViewContentOperation+IDPImageView.m */; };
		D7EC18121B5EB9B60041F14A /* iOSProject.xcdatamodeld in Sources */ = {isa = PBXBuildFile; fileRef = D7EC18101B5EB9B60041F14A /* iOSProject.xcdatamodeld */; };
		D7EC18211B5EC0C20041F14A /* DBUser.m in Sources */ = {isa = PBXBuildFile; fileRef = D7EC18201B5EC0C20041F14A /* DBUser.m */; };
		D7EC18241B5EC0C30041F14A /* DBImage.m in Sources */ = {isa = PBXBuildFile; fileRef = D7EC18231B5EC0C30041F14A /* DBImage.m */; };
		D7F4280D1B44555E0084322D /* IDPUserCellBackgroundImage.m in Sources */ = {isa = PBXBuildFile; fileRef = D7F4280C1B44555E0084322D /* IDPUserCellBackgroundImage.m */; };
		D7FD49AE1B41BA6E0098FE6C /* IDPDrawingImageView.m in Sources */ = {isa = PBXBuildFile; fileRef = D7FD49AD1B41BA6E0098FE6C /* IDPDrawingImageView.m */; };
/* End PBXBuildFile section */

/* Begin PBXContainerItemProxy section */
		D7E17BEA1B25FACD009773BB /* PBXContainerItemProxy */ = {
			isa = PBXContainerItemProxy;
			containerPortal = D7E17BC81B25FACD009773BB /* Project object */;
			proxyType = 1;
			remoteGlobalIDString = D7E17BCF1B25FACD009773BB;
			remoteInfo = iOSProject;
		};
/* End PBXContainerItemProxy section */

/* Begin PBXFileReference section */
		215A68B79D16D630EC172349 /* libPods-iOSProjectTests.a */ = {isa = PBXFileReference; explicitFileType = archive.ar; includeInIndex = 0; path = "libPods-iOSProjectTests.a"; sourceTree = BUILT_PRODUCTS_DIR; };
		4663880D419D8234376BCC9E /* Pods-iOSProjectTests.release.xcconfig */ = {isa = PBXFileReference; includeInIndex = 1; lastKnownFileType = text.xcconfig; name = "Pods-iOSProjectTests.release.xcconfig"; path = "Pods/Target Support Files/Pods-iOSProjectTests/Pods-iOSProjectTests.release.xcconfig"; sourceTree = "<group>"; };
		C208A979779DDE06A581FFA2 /* Pods-iOSProjectTests.debug.xcconfig */ = {isa = PBXFileReference; includeInIndex = 1; lastKnownFileType = text.xcconfig; name = "Pods-iOSProjectTests.debug.xcconfig"; path = "Pods/Target Support Files/Pods-iOSProjectTests/Pods-iOSProjectTests.debug.xcconfig"; sourceTree = "<group>"; };
		D70E0F301B3C6F620060F3C7 /* IDPStatefuImageView.h */ = {isa = PBXFileReference; fileEncoding = 4; lastKnownFileType = sourcecode.c.h; path = IDPStatefuImageView.h; sourceTree = "<group>"; };
		D70E0F311B3C6F620060F3C7 /* IDPStatefuImageView.m */ = {isa = PBXFileReference; fileEncoding = 4; lastKnownFileType = sourcecode.c.objc; path = IDPStatefuImageView.m; sourceTree = "<group>"; };
		D768B0AD1B31F16E00C8698C /* IDPTestView.xib */ = {isa = PBXFileReference; fileEncoding = 4; lastKnownFileType = file.xib; path = IDPTestView.xib; sourceTree = "<group>"; };
		D768B0AF1B31F1F100C8698C /* IDPTestView.h */ = {isa = PBXFileReference; fileEncoding = 4; lastKnownFileType = sourcecode.c.h; path = IDPTestView.h; sourceTree = "<group>"; };
		D768B0B01B31F1F100C8698C /* IDPTestView.m */ = {isa = PBXFileReference; fileEncoding = 4; lastKnownFileType = sourcecode.c.objc; path = IDPTestView.m; sourceTree = "<group>"; };
		D77D122C1B39D0D600BE4E9C /* IDPDisplayLink.h */ = {isa = PBXFileReference; fileEncoding = 4; lastKnownFileType = sourcecode.c.h; path = IDPDisplayLink.h; sourceTree = "<group>"; };
		D77D122D1B39D0D600BE4E9C /* IDPDisplayLink.m */ = {isa = PBXFileReference; fileEncoding = 4; lastKnownFileType = sourcecode.c.objc; path = IDPDisplayLink.m; sourceTree = "<group>"; };
		D77D122F1B39D33600BE4E9C /* IDPFrameInfo.h */ = {isa = PBXFileReference; fileEncoding = 4; lastKnownFileType = sourcecode.c.h; path = IDPFrameInfo.h; sourceTree = "<group>"; };
		D77D12301B39D33600BE4E9C /* IDPFrameInfo.m */ = {isa = PBXFileReference; fileEncoding = 4; lastKnownFileType = sourcecode.c.objc; path = IDPFrameInfo.m; sourceTree = "<group>"; };
		D77D12331B39D79800BE4E9C /* IDPDisplayLinkReference.h */ = {isa = PBXFileReference; fileEncoding = 4; lastKnownFileType = sourcecode.c.h; path = IDPDisplayLinkReference.h; sourceTree = "<group>"; };
		D77D12341B39D79800BE4E9C /* IDPDisplayLinkReference.m */ = {isa = PBXFileReference; fileEncoding = 4; lastKnownFileType = sourcecode.c.objc; path = IDPDisplayLinkReference.m; sourceTree = "<group>"; };
		D7BC1EA11B669F0C0025E40C /* FoundationKit.h */ = {isa = PBXFileReference; fileEncoding = 4; lastKnownFileType = sourcecode.c.h; path = FoundationKit.h; sourceTree = "<group>"; };
		D7BC1EA51B669F0C0025E40C /* NSArray+IDPExtensions.h */ = {isa = PBXFileReference; fileEncoding = 4; lastKnownFileType = sourcecode.c.h; path = "NSArray+IDPExtensions.h"; sourceTree = "<group>"; };
		D7BC1EA61B669F0C0025E40C /* NSArray+IDPExtensions.m */ = {isa = PBXFileReference; fileEncoding = 4; lastKnownFileType = sourcecode.c.objc; path = "NSArray+IDPExtensions.m"; sourceTree = "<group>"; };
		D7BC1EA81B669F0C0025E40C /* NSDate+IDPExtensions.h */ = {isa = PBXFileReference; fileEncoding = 4; lastKnownFileType = sourcecode.c.h; path = "NSDate+IDPExtensions.h"; sourceTree = "<group>"; };
		D7BC1EA91B669F0C0025E40C /* NSDate+IDPExtensions.m */ = {isa = PBXFileReference; fileEncoding = 4; lastKnownFileType = sourcecode.c.objc; path = "NSDate+IDPExtensions.m"; sourceTree = "<group>"; };
		D7BC1EAB1B669F0C0025E40C /* NSFileManager+IDPExtensions.h */ = {isa = PBXFileReference; fileEncoding = 4; lastKnownFileType = sourcecode.c.h; path = "NSFileManager+IDPExtensions.h"; sourceTree = "<group>"; };
		D7BC1EAC1B669F0C0025E40C /* NSFileManager+IDPExtensions.m */ = {isa = PBXFileReference; fileEncoding = 4; lastKnownFileType = sourcecode.c.objc; path = "NSFileManager+IDPExtensions.m"; sourceTree = "<group>"; };
		D7BC1EAF1B669F0C0025E40C /* IDPKVONotification.h */ = {isa = PBXFileReference; fileEncoding = 4; lastKnownFileType = sourcecode.c.h; path = IDPKVONotification.h; sourceTree = "<group>"; };
		D7BC1EB01B669F0C0025E40C /* IDPKVONotification.m */ = {isa = PBXFileReference; fileEncoding = 4; lastKnownFileType = sourcecode.c.objc; path = IDPKVONotification.m; sourceTree = "<group>"; };
		D7BC1EB11B669F0C0025E40C /* IDPKVOObject.h */ = {isa = PBXFileReference; fileEncoding = 4; lastKnownFileType = sourcecode.c.h; path = IDPKVOObject.h; sourceTree = "<group>"; };
		D7BC1EB21B669F0C0025E40C /* IDPKVOObject.m */ = {isa = PBXFileReference; fileEncoding = 4; lastKnownFileType = sourcecode.c.objc; path = IDPKVOObject.m; sourceTree = "<group>"; };
		D7BC1EB31B669F0C0025E40C /* NSObject+IDPKVO.h */ = {isa = PBXFileReference; fileEncoding = 4; lastKnownFileType = sourcecode.c.h; path = "NSObject+IDPKVO.h"; sourceTree = "<group>"; };
		D7BC1EB41B669F0C0025E40C /* NSObject+IDPKVO.m */ = {isa = PBXFileReference; fileEncoding = 4; lastKnownFileType = sourcecode.c.objc; path = "NSObject+IDPKVO.m"; sourceTree = "<group>"; };
		D7BC1EB61B669F0C0025E40C /* IDPSafeKVOContext.h */ = {isa = PBXFileReference; fileEncoding = 4; lastKnownFileType = sourcecode.c.h; path = IDPSafeKVOContext.h; sourceTree = "<group>"; };
		D7BC1EB71B669F0C0025E40C /* IDPSafeKVOContext.m */ = {isa = PBXFileReference; fileEncoding = 4; lastKnownFileType = sourcecode.c.objc; path = IDPSafeKVOContext.m; sourceTree = "<group>"; };
		D7BC1EB81B669F0C0025E40C /* NSObject+IDPKVOPrivate.h */ = {isa = PBXFileReference; fileEncoding = 4; lastKnownFileType = sourcecode.c.h; path = "NSObject+IDPKVOPrivate.h"; sourceTree = "<group>"; };
		D7BC1EB91B669F0C0025E40C /* NSObject+IDPKVOPrivate.m */ = {isa = PBXFileReference; fileEncoding = 4; lastKnownFileType = sourcecode.c.objc; path = "NSObject+IDPKVOPrivate.m"; sourceTree = "<group>"; };
		D7BC1EBB1B669F0C0025E40C /* NSObject+IDPRuntime.h */ = {isa = PBXFileReference; fileEncoding = 4; lastKnownFileType = sourcecode.c.h; path = "NSObject+IDPRuntime.h"; sourceTree = "<group>"; };
		D7BC1EBC1B669F0C0025E40C /* NSObject+IDPRuntime.m */ = {isa = PBXFileReference; fileEncoding = 4; lastKnownFileType = sourcecode.c.objc; path = "NSObject+IDPRuntime.m"; sourceTree = "<group>"; };
		D7BC1EBE1B669F0C0025E40C /* NSPathUtilities+IDPExtensions.h */ = {isa = PBXFileReference; fileEncoding = 4; lastKnownFileType = sourcecode.c.h; path = "NSPathUtilities+IDPExtensions.h"; sourceTree = "<group>"; };
		D7BC1EBF1B669F0C0025E40C /* NSPathUtilities+IDPExtensions.m */ = {isa = PBXFileReference; fileEncoding = 4; lastKnownFileType = sourcecode.c.objc; path = "NSPathUtilities+IDPExtensions.m"; sourceTree = "<group>"; };
		D7BC1EC11B669F0C0025E40C /* NSString+IDPExtensions.h */ = {isa = PBXFileReference; fileEncoding = 4; lastKnownFileType = sourcecode.c.h; path = "NSString+IDPExtensions.h"; sourceTree = "<group>"; };
		D7BC1EC21B669F0C0025E40C /* NSString+IDPExtensions.m */ = {isa = PBXFileReference; fileEncoding = 4; lastKnownFileType = sourcecode.c.objc; path = "NSString+IDPExtensions.m"; sourceTree = "<group>"; };
		D7BC1EC51B669F0C0025E40C /* IDPDispatch.h */ = {isa = PBXFileReference; fileEncoding = 4; lastKnownFileType = sourcecode.c.h; path = IDPDispatch.h; sourceTree = "<group>"; };
		D7BC1EC61B669F0C0025E40C /* IDPDispatch.m */ = {isa = PBXFileReference; fileEncoding = 4; lastKnownFileType = sourcecode.c.objc; path = IDPDispatch.m; sourceTree = "<group>"; };
		D7BC1EC81B669F0C0025E40C /* IDPKVOContext.h */ = {isa = PBXFileReference; fileEncoding = 4; lastKnownFileType = sourcecode.c.h; path = IDPKVOContext.h; sourceTree = "<group>"; };
		D7BC1EC91B669F0C0025E40C /* IDPKVOContext.m */ = {isa = PBXFileReference; fileEncoding = 4; lastKnownFileType = sourcecode.c.objc; path = IDPKVOContext.m; sourceTree = "<group>"; };
		D7BC1ECA1B669F0C0025E40C /* IDPKVOMutableArray.h */ = {isa = PBXFileReference; fileEncoding = 4; lastKnownFileType = sourcecode.c.h; path = IDPKVOMutableArray.h; sourceTree = "<group>"; };
		D7BC1ECB1B669F0C0025E40C /* IDPKVOMutableArray.m */ = {isa = PBXFileReference; fileEncoding = 4; lastKnownFileType = sourcecode.c.objc; path = IDPKVOMutableArray.m; sourceTree = "<group>"; };
		D7BC1ECD1B669F0C0025E40C /* IDPMixinContext.h */ = {isa = PBXFileReference; fileEncoding = 4; lastKnownFileType = sourcecode.c.h; path = IDPMixinContext.h; sourceTree = "<group>"; };
		D7BC1ECE1B669F0C0025E40C /* IDPMixinContext.m */ = {isa = PBXFileReference; fileEncoding = 4; lastKnownFileType = sourcecode.c.objc; path = IDPMixinContext.m; sourceTree = "<group>"; };
		D7BC1ECF1B669F0C0025E40C /* IDPMixinIMP.h */ = {isa = PBXFileReference; fileEncoding = 4; lastKnownFileType = sourcecode.c.h; path = IDPMixinIMP.h; sourceTree = "<group>"; };
		D7BC1ED01B669F0C0025E40C /* IDPMixinIMP.m */ = {isa = PBXFileReference; fileEncoding = 4; lastKnownFileType = sourcecode.c.objc; path = IDPMixinIMP.m; sourceTree = "<group>"; };
		D7BC1ED11B669F0C0025E40C /* IDPMixinStack.h */ = {isa = PBXFileReference; fileEncoding = 4; lastKnownFileType = sourcecode.c.h; path = IDPMixinStack.h; sourceTree = "<group>"; };
		D7BC1ED21B669F0C0025E40C /* IDPMixinStack.m */ = {isa = PBXFileReference; fileEncoding = 4; lastKnownFileType = sourcecode.c.objc; path = IDPMixinStack.m; sourceTree = "<group>"; };
		D7BC1ED31B669F0C0025E40C /* NSObject+IDPMixin.h */ = {isa = PBXFileReference; fileEncoding = 4; lastKnownFileType = sourcecode.c.h; path = "NSObject+IDPMixin.h"; sourceTree = "<group>"; };
		D7BC1ED41B669F0C0025E40C /* NSObject+IDPMixin.m */ = {isa = PBXFileReference; fileEncoding = 4; lastKnownFileType = sourcecode.c.objc; path = "NSObject+IDPMixin.m"; sourceTree = "<group>"; };
		D7BC1ED51B669F0C0025E40C /* NSObject+IDPMixinPrivate.h */ = {isa = PBXFileReference; fileEncoding = 4; lastKnownFileType = sourcecode.c.h; path = "NSObject+IDPMixinPrivate.h"; sourceTree = "<group>"; };
		D7BC1ED61B669F0C0025E40C /* NSObject+IDPMixinPrivate.m */ = {isa = PBXFileReference; fileEncoding = 4; lastKnownFileType = sourcecode.c.objc; path = "NSObject+IDPMixinPrivate.m"; sourceTree = "<group>"; };
		D7BC1ED81B669F0C0025E40C /* IDPMutableArray.h */ = {isa = PBXFileReference; fileEncoding = 4; lastKnownFileType = sourcecode.c.h; path = IDPMutableArray.h; sourceTree = "<group>"; };
		D7BC1ED91B669F0C0025E40C /* IDPMutableArray.m */ = {isa = PBXFileReference; fileEncoding = 4; lastKnownFileType = sourcecode.c.objc; path = IDPMutableArray.m; sourceTree = "<group>"; };
		D7BC1EDB1B669F0C0025E40C /* IDPMutableDictionary.h */ = {isa = PBXFileReference; fileEncoding = 4; lastKnownFileType = sourcecode.c.h; path = IDPMutableDictionary.h; sourceTree = "<group>"; };
		D7BC1EDC1B669F0C0025E40C /* IDPMutableDictionary.m */ = {isa = PBXFileReference; fileEncoding = 4; lastKnownFileType = sourcecode.c.objc; path = IDPMutableDictionary.m; sourceTree = "<group>"; };
		D7BC1EDE1B669F0C0025E40C /* IDPProxy.h */ = {isa = PBXFileReference; fileEncoding = 4; lastKnownFileType = sourcecode.c.h; path = IDPProxy.h; sourceTree = "<group>"; };
		D7BC1EDF1B669F0C0025E40C /* IDPProxy.m */ = {isa = PBXFileReference; fileEncoding = 4; lastKnownFileType = sourcecode.c.objc; path = IDPProxy.m; sourceTree = "<group>"; };
		D7BC1EE11B669F0C0025E40C /* IDPCopyReference.h */ = {isa = PBXFileReference; fileEncoding = 4; lastKnownFileType = sourcecode.c.h; path = IDPCopyReference.h; sourceTree = "<group>"; };
		D7BC1EE21B669F0C0025E40C /* IDPCopyReference.m */ = {isa = PBXFileReference; fileEncoding = 4; lastKnownFileType = sourcecode.c.objc; path = IDPCopyReference.m; sourceTree = "<group>"; };
		D7BC1EE31B669F0C0025E40C /* IDPReference.h */ = {isa = PBXFileReference; fileEncoding = 4; lastKnownFileType = sourcecode.c.h; path = IDPReference.h; sourceTree = "<group>"; };
		D7BC1EE41B669F0C0025E40C /* IDPReference.m */ = {isa = PBXFileReference; fileEncoding = 4; lastKnownFileType = sourcecode.c.objc; path = IDPReference.m; sourceTree = "<group>"; };
		D7BC1EE51B669F0C0025E40C /* IDPStrongReference.h */ = {isa = PBXFileReference; fileEncoding = 4; lastKnownFileType = sourcecode.c.h; path = IDPStrongReference.h; sourceTree = "<group>"; };
		D7BC1EE61B669F0C0025E40C /* IDPStrongReference.m */ = {isa = PBXFileReference; fileEncoding = 4; lastKnownFileType = sourcecode.c.objc; path = IDPStrongReference.m; sourceTree = "<group>"; };
		D7BC1EE71B669F0C0025E40C /* IDPUnsafeReference.h */ = {isa = PBXFileReference; fileEncoding = 4; lastKnownFileType = sourcecode.c.h; path = IDPUnsafeReference.h; sourceTree = "<group>"; };
		D7BC1EE81B669F0C0025E40C /* IDPUnsafeReference.m */ = {isa = PBXFileReference; fileEncoding = 4; lastKnownFileType = sourcecode.c.objc; path = IDPUnsafeReference.m; sourceTree = "<group>"; };
		D7BC1EE91B669F0C0025E40C /* IDPWeakReference.h */ = {isa = PBXFileReference; fileEncoding = 4; lastKnownFileType = sourcecode.c.h; path = IDPWeakReference.h; sourceTree = "<group>"; };
		D7BC1EEA1B669F0C0025E40C /* IDPWeakReference.m */ = {isa = PBXFileReference; fileEncoding = 4; lastKnownFileType = sourcecode.c.objc; path = IDPWeakReference.m; sourceTree = "<group>"; };
		D7BC1EEC1B669F0C0025E40C /* IDPRetainingDictionary.h */ = {isa = PBXFileReference; fileEncoding = 4; lastKnownFileType = sourcecode.c.h; path = IDPRetainingDictionary.h; sourceTree = "<group>"; };
		D7BC1EED1B669F0C0025E40C /* IDPRetainingDictionary.m */ = {isa = PBXFileReference; fileEncoding = 4; lastKnownFileType = sourcecode.c.objc; path = IDPRetainingDictionary.m; sourceTree = "<group>"; };
		D7BC1EEF1B669F0C0025E40C /* IDPEnumerationThreadSafeProxy.h */ = {isa = PBXFileReference; fileEncoding = 4; lastKnownFileType = sourcecode.c.h; path = IDPEnumerationThreadSafeProxy.h; sourceTree = "<group>"; };
		D7BC1EF01B669F0C0025E40C /* IDPEnumerationThreadSafeProxy.m */ = {isa = PBXFileReference; fileEncoding = 4; lastKnownFileType = sourcecode.c.objc; path = IDPEnumerationThreadSafeProxy.m; sourceTree = "<group>"; };
		D7BC1EF11B669F0C0025E40C /* IDPThreadSafeProxy.h */ = {isa = PBXFileReference; fileEncoding = 4; lastKnownFileType = sourcecode.c.h; path = IDPThreadSafeProxy.h; sourceTree = "<group>"; };
		D7BC1EF21B669F0C0025E40C /* IDPThreadSafeProxy.m */ = {isa = PBXFileReference; fileEncoding = 4; lastKnownFileType = sourcecode.c.objc; path = IDPThreadSafeProxy.m; sourceTree = "<group>"; };
		D7BC1EF41B669F0C0025E40C /* IDPWeakArray.h */ = {isa = PBXFileReference; fileEncoding = 4; lastKnownFileType = sourcecode.c.h; path = IDPWeakArray.h; sourceTree = "<group>"; };
		D7BC1EF51B669F0C0025E40C /* IDPWeakArray.m */ = {isa = PBXFileReference; fileEncoding = 4; lastKnownFileType = sourcecode.c.objc; path = IDPWeakArray.m; sourceTree = "<group>"; };
		D7BC1EF81B669F0C0025E40C /* IDPMachTimer.h */ = {isa = PBXFileReference; fileEncoding = 4; lastKnownFileType = sourcecode.c.h; path = IDPMachTimer.h; sourceTree = "<group>"; };
		D7BC1EF91B669F0C0025E40C /* IDPMachTimer.m */ = {isa = PBXFileReference; fileEncoding = 4; lastKnownFileType = sourcecode.c.objc; path = IDPMachTimer.m; sourceTree = "<group>"; };
		D7BC1EFB1B669F0C0025E40C /* IDPMath.h */ = {isa = PBXFileReference; fileEncoding = 4; lastKnownFileType = sourcecode.c.h; path = IDPMath.h; sourceTree = "<group>"; };
		D7BC1EFC1B669F0C0025E40C /* IDPMath.m */ = {isa = PBXFileReference; fileEncoding = 4; lastKnownFileType = sourcecode.c.objc; path = IDPMath.m; sourceTree = "<group>"; };
		D7BC1EFE1B669F0C0025E40C /* IDPObjCRuntime.h */ = {isa = PBXFileReference; fileEncoding = 4; lastKnownFileType = sourcecode.c.h; path = IDPObjCRuntime.h; sourceTree = "<group>"; };
		D7BC1EFF1B669F0C0025E40C /* IDPObjCRuntime.m */ = {isa = PBXFileReference; fileEncoding = 4; lastKnownFileType = sourcecode.c.objc; path = IDPObjCRuntime.m; sourceTree = "<group>"; };
		D7BC1F011B669F0C0025E40C /* IDPTypes.h */ = {isa = PBXFileReference; fileEncoding = 4; lastKnownFileType = sourcecode.c.h; path = IDPTypes.h; sourceTree = "<group>"; };
		D7BC1F021B669F0C0025E40C /* IDPTypes.m */ = {isa = PBXFileReference; fileEncoding = 4; lastKnownFileType = sourcecode.c.objc; path = IDPTypes.m; sourceTree = "<group>"; };
		D7BC1F031B669F0C0025E40C /* IDPUtilityMacros.h */ = {isa = PBXFileReference; fileEncoding = 4; lastKnownFileType = sourcecode.c.h; path = IDPUtilityMacros.h; sourceTree = "<group>"; };
		D7BC1F4B1B669F160025E40C /* ActiveRecordKit.h */ = {isa = PBXFileReference; fileEncoding = 4; lastKnownFileType = sourcecode.c.h; path = ActiveRecordKit.h; sourceTree = "<group>"; };
		D7BC1F4D1B669F160025E40C /* IDPCoreDataManager.h */ = {isa = PBXFileReference; fileEncoding = 4; lastKnownFileType = sourcecode.c.h; path = IDPCoreDataManager.h; sourceTree = "<group>"; };
		D7BC1F4E1B669F160025E40C /* IDPCoreDataManager.m */ = {isa = PBXFileReference; fileEncoding = 4; lastKnownFileType = sourcecode.c.objc; path = IDPCoreDataManager.m; sourceTree = "<group>"; };
		D7BC1F4F1B669F160025E40C /* NSManagedObject+IDPExtensions.h */ = {isa = PBXFileReference; fileEncoding = 4; lastKnownFileType = sourcecode.c.h; path = "NSManagedObject+IDPExtensions.h"; sourceTree = "<group>"; };
		D7BC1F501B669F160025E40C /* NSManagedObject+IDPExtensions.m */ = {isa = PBXFileReference; fileEncoding = 4; lastKnownFileType = sourcecode.c.objc; path = "NSManagedObject+IDPExtensions.m"; sourceTree = "<group>"; };
		D7BC1F511B669F160025E40C /* NSManagedObjectContext+IDPExtensions.h */ = {isa = PBXFileReference; fileEncoding = 4; lastKnownFileType = sourcecode.c.h; path = "NSManagedObjectContext+IDPExtensions.h"; sourceTree = "<group>"; };
		D7BC1F521B669F160025E40C /* NSManagedObjectContext+IDPExtensions.m */ = {isa = PBXFileReference; fileEncoding = 4; lastKnownFileType = sourcecode.c.objc; path = "NSManagedObjectContext+IDPExtensions.m"; sourceTree = "<group>"; };
		D7BC1F531B669F160025E40C /* NSManagedObjectID+IDPExtensions.h */ = {isa = PBXFileReference; fileEncoding = 4; lastKnownFileType = sourcecode.c.h; path = "NSManagedObjectID+IDPExtensions.h"; sourceTree = "<group>"; };
		D7BC1F541B669F160025E40C /* NSManagedObjectID+IDPExtensions.m */ = {isa = PBXFileReference; fileEncoding = 4; lastKnownFileType = sourcecode.c.objc; path = "NSManagedObjectID+IDPExtensions.m"; sourceTree = "<group>"; };
		D7BC1F5E1B66A07A0025E40C /* IDPActiveRecordSpec.m */ = {isa = PBXFileReference; fileEncoding = 4; lastKnownFileType = sourcecode.c.objc; path = IDPActiveRecordSpec.m; sourceTree = "<group>"; };
		D7CE75F31B6A7AC7009066E1 /* IDPFetchedResultsControllerDelegateObject.h */ = {isa = PBXFileReference; fileEncoding = 4; lastKnownFileType = sourcecode.c.h; path = IDPFetchedResultsControllerDelegateObject.h; sourceTree = "<group>"; };
		D7CE75F41B6A7AC7009066E1 /* IDPFetchedResultsControllerDelegateObject.m */ = {isa = PBXFileReference; fileEncoding = 4; lastKnownFileType = sourcecode.c.objc; path = IDPFetchedResultsControllerDelegateObject.m; sourceTree = "<group>"; };
		D7E0B8311B29ED2F0046EDBA /* IDPUser.h */ = {isa = PBXFileReference; fileEncoding = 4; lastKnownFileType = sourcecode.c.h; path = IDPUser.h; sourceTree = "<group>"; };
		D7E0B8321B29ED2F0046EDBA /* IDPUser.m */ = {isa = PBXFileReference; fileEncoding = 4; lastKnownFileType = sourcecode.c.objc; path = IDPUser.m; sourceTree = "<group>"; };
		D7E0B8351B29ED2F0046EDBA /* IDPUserView.h */ = {isa = PBXFileReference; fileEncoding = 4; lastKnownFileType = sourcecode.c.h; path = IDPUserView.h; sourceTree = "<group>"; };
		D7E0B8361B29ED2F0046EDBA /* IDPUserView.m */ = {isa = PBXFileReference; fileEncoding = 4; lastKnownFileType = sourcecode.c.objc; path = IDPUserView.m; sourceTree = "<group>"; };
		D7E0B8371B29ED2F0046EDBA /* IDPUserViewController.h */ = {isa = PBXFileReference; fileEncoding = 4; lastKnownFileType = sourcecode.c.h; path = IDPUserViewController.h; sourceTree = "<group>"; };
		D7E0B8381B29ED2F0046EDBA /* IDPUserViewController.m */ = {isa = PBXFileReference; fileEncoding = 4; lastKnownFileType = sourcecode.c.objc; path = IDPUserViewController.m; sourceTree = "<group>"; };
		D7E0B8391B29ED2F0046EDBA /* IDPUserViewController.xib */ = {isa = PBXFileReference; fileEncoding = 4; lastKnownFileType = file.xib; path = IDPUserViewController.xib; sourceTree = "<group>"; };
		D7E0B8411B29EDF60046EDBA /* IDPUsersViewController.h */ = {isa = PBXFileReference; fileEncoding = 4; lastKnownFileType = sourcecode.c.h; path = IDPUsersViewController.h; sourceTree = "<group>"; };
		D7E0B8421B29EDF60046EDBA /* IDPUsersViewController.m */ = {isa = PBXFileReference; fileEncoding = 4; lastKnownFileType = sourcecode.c.objc; path = IDPUsersViewController.m; sourceTree = "<group>"; };
		D7E0B8431B29EDF60046EDBA /* IDPUsersViewController.xib */ = {isa = PBXFileReference; fileEncoding = 4; lastKnownFileType = file.xib; path = IDPUsersViewController.xib; sourceTree = "<group>"; };
		D7E0B8461B29EE290046EDBA /* IDPUsersView.h */ = {isa = PBXFileReference; fileEncoding = 4; lastKnownFileType = sourcecode.c.h; path = IDPUsersView.h; sourceTree = "<group>"; };
		D7E0B8471B29EE290046EDBA /* IDPUsersView.m */ = {isa = PBXFileReference; fileEncoding = 4; lastKnownFileType = sourcecode.c.objc; path = IDPUsersView.m; sourceTree = "<group>"; };
		D7E0B84C1B29EEA60046EDBA /* NSString+IDPExtensions.h */ = {isa = PBXFileReference; fileEncoding = 4; lastKnownFileType = sourcecode.c.h; path = "NSString+IDPExtensions.h"; sourceTree = "<group>"; };
		D7E0B84D1B29EEA60046EDBA /* NSString+IDPExtensions.m */ = {isa = PBXFileReference; fileEncoding = 4; lastKnownFileType = sourcecode.c.objc; path = "NSString+IDPExtensions.m"; sourceTree = "<group>"; };
		D7E0B84E1B29EEA60046EDBA /* NSString+IDPRandomName.h */ = {isa = PBXFileReference; fileEncoding = 4; lastKnownFileType = sourcecode.c.h; path = "NSString+IDPRandomName.h"; sourceTree = "<group>"; };
		D7E0B84F1B29EEA60046EDBA /* NSString+IDPRandomName.m */ = {isa = PBXFileReference; fileEncoding = 4; lastKnownFileType = sourcecode.c.objc; path = "NSString+IDPRandomName.m"; sourceTree = "<group>"; };
		D7E0B8531B29EFDB0046EDBA /* IDPMacro.h */ = {isa = PBXFileReference; fileEncoding = 4; lastKnownFileType = sourcecode.c.h; path = IDPMacro.h; sourceTree = "<group>"; };
		D7E0B8561B29F0230046EDBA /* IDPMacro.m */ = {isa = PBXFileReference; fileEncoding = 4; lastKnownFileType = sourcecode.c.objc; path = IDPMacro.m; sourceTree = "<group>"; };
		D7E17BD01B25FACD009773BB /* iOSProject.app */ = {isa = PBXFileReference; explicitFileType = wrapper.application; includeInIndex = 0; path = iOSProject.app; sourceTree = BUILT_PRODUCTS_DIR; };
		D7E17BE91B25FACD009773BB /* iOSProjectTests.xctest */ = {isa = PBXFileReference; explicitFileType = wrapper.cfbundle; includeInIndex = 0; path = iOSProjectTests.xctest; sourceTree = BUILT_PRODUCTS_DIR; };
		D7E17BFA1B25FCAA009773BB /* Info.plist */ = {isa = PBXFileReference; fileEncoding = 4; lastKnownFileType = text.plist.xml; path = Info.plist; sourceTree = "<group>"; };
		D7E17BFB1B25FCAA009773BB /* main.m */ = {isa = PBXFileReference; fileEncoding = 4; lastKnownFileType = sourcecode.c.objc; path = main.m; sourceTree = "<group>"; };
		D7E17BFF1B25FCB5009773BB /* Info.plist */ = {isa = PBXFileReference; fileEncoding = 4; lastKnownFileType = text.plist.xml; path = Info.plist; sourceTree = "<group>"; };
		D7E17C0A1B25FCCA009773BB /* Base */ = {isa = PBXFileReference; lastKnownFileType = file.xib; name = Base; path = Base.lproj/LaunchScreen.xib; sourceTree = "<group>"; };
		D7E17C0D1B25FCCA009773BB /* Images.xcassets */ = {isa = PBXFileReference; lastKnownFileType = folder.assetcatalog; path = Images.xcassets; sourceTree = "<group>"; };
		D7E17C1D1B25FDB1009773BB /* IDPARCObject.h */ = {isa = PBXFileReference; fileEncoding = 4; lastKnownFileType = sourcecode.c.h; path = IDPARCObject.h; sourceTree = "<group>"; };
		D7E17C1E1B25FDB1009773BB /* IDPARCObject.m */ = {isa = PBXFileReference; fileEncoding = 4; lastKnownFileType = sourcecode.c.objc; path = IDPARCObject.m; sourceTree = "<group>"; };
		D7E17C211B25FF3F009773BB /* IDPARCSpec.m */ = {isa = PBXFileReference; fileEncoding = 4; lastKnownFileType = sourcecode.c.objc; path = IDPARCSpec.m; sourceTree = "<group>"; };
		D7E1E0981B274251000DC582 /* IDPAppDelegate.h */ = {isa = PBXFileReference; fileEncoding = 4; lastKnownFileType = sourcecode.c.h; path = IDPAppDelegate.h; sourceTree = "<group>"; };
		D7E1E0991B274251000DC582 /* IDPAppDelegate.m */ = {isa = PBXFileReference; fileEncoding = 4; lastKnownFileType = sourcecode.c.objc; path = IDPAppDelegate.m; sourceTree = "<group>"; };
		D7E39A291B31E063005C269F /* IDPImageView.h */ = {isa = PBXFileReference; fileEncoding = 4; lastKnownFileType = sourcecode.c.h; path = IDPImageView.h; sourceTree = "<group>"; };
		D7E39A2A1B31E063005C269F /* IDPImageView.m */ = {isa = PBXFileReference; fileEncoding = 4; lastKnownFileType = sourcecode.c.objc; path = IDPImageView.m; sourceTree = "<group>"; };
		D7E39A331B31E524005C269F /* UIViewSpec.m */ = {isa = PBXFileReference; fileEncoding = 4; lastKnownFileType = sourcecode.c.objc; path = UIViewSpec.m; sourceTree = "<group>"; };
		D7E39A361B31E5C6005C269F /* IDPCompilerMacro.h */ = {isa = PBXFileReference; fileEncoding = 4; lastKnownFileType = sourcecode.c.h; path = IDPCompilerMacro.h; sourceTree = "<group>"; };
		D7E39A371B31E5C6005C269F /* IDPCompilerMacro.m */ = {isa = PBXFileReference; fileEncoding = 4; lastKnownFileType = sourcecode.c.objc; path = IDPCompilerMacro.m; sourceTree = "<group>"; };
		D7E488431B308ACF00DC9045 /* IDPImageModel.h */ = {isa = PBXFileReference; fileEncoding = 4; lastKnownFileType = sourcecode.c.h; path = IDPImageModel.h; sourceTree = "<group>"; };
		D7E488441B308ACF00DC9045 /* IDPImageModel.m */ = {isa = PBXFileReference; fileEncoding = 4; lastKnownFileType = sourcecode.c.objc; path = IDPImageModel.m; sourceTree = "<group>"; };
		D7E488471B308DC700DC9045 /* IDPBlockObservationController.h */ = {isa = PBXFileReference; fileEncoding = 4; lastKnownFileType = sourcecode.c.h; path = IDPBlockObservationController.h; sourceTree = "<group>"; };
		D7E488481B308DC700DC9045 /* IDPBlockObservationController.m */ = {isa = PBXFileReference; fileEncoding = 4; lastKnownFileType = sourcecode.c.objc; path = IDPBlockObservationController.m; sourceTree = "<group>"; };
		D7E488491B308DC700DC9045 /* IDPObservableObject.h */ = {isa = PBXFileReference; fileEncoding = 4; lastKnownFileType = sourcecode.c.h; path = IDPObservableObject.h; sourceTree = "<group>"; };
		D7E4884A1B308DC700DC9045 /* IDPObservableObject.m */ = {isa = PBXFileReference; fileEncoding = 4; lastKnownFileType = sourcecode.c.objc; path = IDPObservableObject.m; sourceTree = "<group>"; };
		D7E4884B1B308DC700DC9045 /* IDPObservationController.h */ = {isa = PBXFileReference; fileEncoding = 4; lastKnownFileType = sourcecode.c.h; path = IDPObservationController.h; sourceTree = "<group>"; };
		D7E4884C1B308DC700DC9045 /* IDPObservationController.m */ = {isa = PBXFileReference; fileEncoding = 4; lastKnownFileType = sourcecode.c.objc; path = IDPObservationController.m; sourceTree = "<group>"; };
		D7E488541B308DC700DC9045 /* IDPObservableObject+IDPPrivate.h */ = {isa = PBXFileReference; fileEncoding = 4; lastKnownFileType = sourcecode.c.h; path = "IDPObservableObject+IDPPrivate.h"; sourceTree = "<group>"; };
		D7E488551B308DC700DC9045 /* IDPObservationController+IDPPrivate.h */ = {isa = PBXFileReference; fileEncoding = 4; lastKnownFileType = sourcecode.c.h; path = "IDPObservationController+IDPPrivate.h"; sourceTree = "<group>"; };
		D7E4885D1B30993400DC9045 /* IDPImageModelDispatcher.h */ = {isa = PBXFileReference; fileEncoding = 4; lastKnownFileType = sourcecode.c.h; path = IDPImageModelDispatcher.h; sourceTree = "<group>"; };
		D7E4885E1B30993400DC9045 /* IDPImageModelDispatcher.m */ = {isa = PBXFileReference; fileEncoding = 4; lastKnownFileType = sourcecode.c.objc; path = IDPImageModelDispatcher.m; sourceTree = "<group>"; };
		D7E6A2E61B2F35C9002E5407 /* IDPTableViewCell.h */ = {isa = PBXFileReference; fileEncoding = 4; lastKnownFileType = sourcecode.c.h; path = IDPTableViewCell.h; sourceTree = "<group>"; };
		D7E6A2E71B2F35C9002E5407 /* IDPTableViewCell.m */ = {isa = PBXFileReference; fileEncoding = 4; lastKnownFileType = sourcecode.c.objc; path = IDPTableViewCell.m; sourceTree = "<group>"; };
		D7E6A2EA1B2F37B8002E5407 /* IDPUserCell.h */ = {isa = PBXFileReference; fileEncoding = 4; lastKnownFileType = sourcecode.c.h; path = IDPUserCell.h; sourceTree = "<group>"; };
		D7E6A2EB1B2F37B8002E5407 /* IDPUserCell.m */ = {isa = PBXFileReference; fileEncoding = 4; lastKnownFileType = sourcecode.c.objc; path = IDPUserCell.m; sourceTree = "<group>"; };
		D7E6A2ED1B2F37DA002E5407 /* IDPUserCell.xib */ = {isa = PBXFileReference; fileEncoding = 4; lastKnownFileType = file.xib; path = IDPUserCell.xib; sourceTree = "<group>"; };
		D7E6A2F01B2F438C002E5407 /* image.jpg */ = {isa = PBXFileReference; lastKnownFileType = image.jpeg; path = image.jpg; sourceTree = "<group>"; };
		D7E717F31B3B0A9500F8E9FD /* IDPViewContentOperation.h */ = {isa = PBXFileReference; fileEncoding = 4; lastKnownFileType = sourcecode.c.h; path = IDPViewContentOperation.h; sourceTree = "<group>"; };
		D7E717F41B3B0A9500F8E9FD /* IDPViewContentOperation.m */ = {isa = PBXFileReference; fileEncoding = 4; lastKnownFileType = sourcecode.c.objc; path = IDPViewContentOperation.m; sourceTree = "<group>"; };
		D7E717F61B3B1B6300F8E9FD /* IDPViewContentDispatcher.h */ = {isa = PBXFileReference; fileEncoding = 4; lastKnownFileType = sourcecode.c.h; path = IDPViewContentDispatcher.h; sourceTree = "<group>"; };
		D7E717F71B3B1B6300F8E9FD /* IDPViewContentDispatcher.m */ = {isa = PBXFileReference; fileEncoding = 4; lastKnownFileType = sourcecode.c.objc; path = IDPViewContentDispatcher.m; sourceTree = "<group>"; };
		D7E717F91B3B207000F8E9FD /* IDPViewContentOperation+IDPImageView.h */ = {isa = PBXFileReference; fileEncoding = 4; lastKnownFileType = sourcecode.c.h; path = "IDPViewContentOperation+IDPImageView.h"; sourceTree = "<group>"; };
		D7E717FA1B3B207000F8E9FD /* IDPViewContentOperation+IDPImageView.m */ = {isa = PBXFileReference; fileEncoding = 4; lastKnownFileType = sourcecode.c.objc; path = "IDPViewContentOperation+IDPImageView.m"; sourceTree = "<group>"; };
		D7EC180E1B5EB7A60041F14A /* iOSProject-prefix.pch */ = {isa = PBXFileReference; fileEncoding = 4; lastKnownFileType = sourcecode.c.h; path = "iOSProject-prefix.pch"; sourceTree = "<group>"; };
		D7EC18111B5EB9B60041F14A /* iOSProject.xcdatamodel */ = {isa = PBXFileReference; lastKnownFileType = wrapper.xcdatamodel; path = iOSProject.xcdatamodel; sourceTree = "<group>"; };
		D7EC181F1B5EC0C20041F14A /* DBUser.h */ = {isa = PBXFileReference; fileEncoding = 4; lastKnownFileType = sourcecode.c.h; path = DBUser.h; sourceTree = "<group>"; };
		D7EC18201B5EC0C20041F14A /* DBUser.m */ = {isa = PBXFileReference; fileEncoding = 4; lastKnownFileType = sourcecode.c.objc; path = DBUser.m; sourceTree = "<group>"; };
		D7EC18221B5EC0C30041F14A /* DBImage.h */ = {isa = PBXFileReference; fileEncoding = 4; lastKnownFileType = sourcecode.c.h; path = DBImage.h; sourceTree = "<group>"; };
		D7EC18231B5EC0C30041F14A /* DBImage.m */ = {isa = PBXFileReference; fileEncoding = 4; lastKnownFileType = sourcecode.c.objc; path = DBImage.m; sourceTree = "<group>"; };
		D7F4280B1B44555E0084322D /* IDPUserCellBackgroundImage.h */ = {isa = PBXFileReference; fileEncoding = 4; lastKnownFileType = sourcecode.c.h; path = IDPUserCellBackgroundImage.h; sourceTree = "<group>"; };
		D7F4280C1B44555E0084322D /* IDPUserCellBackgroundImage.m */ = {isa = PBXFileReference; fileEncoding = 4; lastKnownFileType = sourcecode.c.objc; path = IDPUserCellBackgroundImage.m; sourceTree = "<group>"; };
		D7FD49AC1B41BA6E0098FE6C /* IDPDrawingImageView.h */ = {isa = PBXFileReference; fileEncoding = 4; lastKnownFileType = sourcecode.c.h; path = IDPDrawingImageView.h; sourceTree = "<group>"; };
		D7FD49AD1B41BA6E0098FE6C /* IDPDrawingImageView.m */ = {isa = PBXFileReference; fileEncoding = 4; lastKnownFileType = sourcecode.c.objc; path = IDPDrawingImageView.m; sourceTree = "<group>"; };
/* End PBXFileReference section */

/* Begin PBXFrameworksBuildPhase section */
		D7E17BCD1B25FACD009773BB /* Frameworks */ = {
			isa = PBXFrameworksBuildPhase;
			buildActionMask = 2147483647;
			files = (
			);
			runOnlyForDeploymentPostprocessing = 0;
		};
		D7E17BE61B25FACD009773BB /* Frameworks */ = {
			isa = PBXFrameworksBuildPhase;
			buildActionMask = 2147483647;
			files = (
				608F711B63A028D0EF193D65 /* libPods-iOSProjectTests.a in Frameworks */,
			);
			runOnlyForDeploymentPostprocessing = 0;
		};
/* End PBXFrameworksBuildPhase section */

/* Begin PBXGroup section */
		600370707AF6FEFD6C95E5BA /* Frameworks */ = {
			isa = PBXGroup;
			children = (
				215A68B79D16D630EC172349 /* libPods-iOSProjectTests.a */,
			);
			name = Frameworks;
			sourceTree = "<group>";
		};
		D77D122B1B39D0C400BE4E9C /* IDPDisplayLink */ = {
			isa = PBXGroup;
			children = (
				D77D12321B39D76E00BE4E9C /* Private */,
				D77D122C1B39D0D600BE4E9C /* IDPDisplayLink.h */,
				D77D122D1B39D0D600BE4E9C /* IDPDisplayLink.m */,
				D77D122F1B39D33600BE4E9C /* IDPFrameInfo.h */,
				D77D12301B39D33600BE4E9C /* IDPFrameInfo.m */,
			);
			path = IDPDisplayLink;
			sourceTree = "<group>";
		};
		D77D12321B39D76E00BE4E9C /* Private */ = {
			isa = PBXGroup;
			children = (
				D77D12331B39D79800BE4E9C /* IDPDisplayLinkReference.h */,
				D77D12341B39D79800BE4E9C /* IDPDisplayLinkReference.m */,
			);
			path = Private;
			sourceTree = "<group>";
		};
		D7BC1EA01B669F0C0025E40C /* FoundationKit */ = {
			isa = PBXGroup;
			children = (
				D7BC1EA11B669F0C0025E40C /* FoundationKit.h */,
				D7BC1EA21B669F0C0025E40C /* Shared */,
			);
			path = FoundationKit;
			sourceTree = "<group>";
		};
		D7BC1EA21B669F0C0025E40C /* Shared */ = {
			isa = PBXGroup;
			children = (
				D7BC1EA31B669F0C0025E40C /* Categories */,
				D7BC1EC31B669F0C0025E40C /* Classes */,
				D7BC1EF61B669F0C0025E40C /* Utilities */,
			);
			path = Shared;
			sourceTree = "<group>";
		};
		D7BC1EA31B669F0C0025E40C /* Categories */ = {
			isa = PBXGroup;
			children = (
				D7BC1EA41B669F0C0025E40C /* NSArray */,
				D7BC1EA71B669F0C0025E40C /* NSDate */,
				D7BC1EAA1B669F0C0025E40C /* NSFileManager */,
				D7BC1EAD1B669F0C0025E40C /* NSObject */,
				D7BC1EBD1B669F0C0025E40C /* NSPathUtilities */,
				D7BC1EC01B669F0C0025E40C /* NSString */,
			);
			path = Categories;
			sourceTree = "<group>";
		};
		D7BC1EA41B669F0C0025E40C /* NSArray */ = {
			isa = PBXGroup;
			children = (
				D7BC1EA51B669F0C0025E40C /* NSArray+IDPExtensions.h */,
				D7BC1EA61B669F0C0025E40C /* NSArray+IDPExtensions.m */,
			);
			path = NSArray;
			sourceTree = "<group>";
		};
		D7BC1EA71B669F0C0025E40C /* NSDate */ = {
			isa = PBXGroup;
			children = (
				D7BC1EA81B669F0C0025E40C /* NSDate+IDPExtensions.h */,
				D7BC1EA91B669F0C0025E40C /* NSDate+IDPExtensions.m */,
			);
			path = NSDate;
			sourceTree = "<group>";
		};
		D7BC1EAA1B669F0C0025E40C /* NSFileManager */ = {
			isa = PBXGroup;
			children = (
				D7BC1EAB1B669F0C0025E40C /* NSFileManager+IDPExtensions.h */,
				D7BC1EAC1B669F0C0025E40C /* NSFileManager+IDPExtensions.m */,
			);
			path = NSFileManager;
			sourceTree = "<group>";
		};
		D7BC1EAD1B669F0C0025E40C /* NSObject */ = {
			isa = PBXGroup;
			children = (
				D7BC1EAE1B669F0C0025E40C /* IDPKVO */,
				D7BC1EBA1B669F0C0025E40C /* IDPRuntime */,
			);
			path = NSObject;
			sourceTree = "<group>";
		};
		D7BC1EAE1B669F0C0025E40C /* IDPKVO */ = {
			isa = PBXGroup;
			children = (
				D7BC1EAF1B669F0C0025E40C /* IDPKVONotification.h */,
				D7BC1EB01B669F0C0025E40C /* IDPKVONotification.m */,
				D7BC1EB11B669F0C0025E40C /* IDPKVOObject.h */,
				D7BC1EB21B669F0C0025E40C /* IDPKVOObject.m */,
				D7BC1EB31B669F0C0025E40C /* NSObject+IDPKVO.h */,
				D7BC1EB41B669F0C0025E40C /* NSObject+IDPKVO.m */,
				D7BC1EB51B669F0C0025E40C /* Private */,
			);
			path = IDPKVO;
			sourceTree = "<group>";
		};
		D7BC1EB51B669F0C0025E40C /* Private */ = {
			isa = PBXGroup;
			children = (
				D7BC1EB61B669F0C0025E40C /* IDPSafeKVOContext.h */,
				D7BC1EB71B669F0C0025E40C /* IDPSafeKVOContext.m */,
				D7BC1EB81B669F0C0025E40C /* NSObject+IDPKVOPrivate.h */,
				D7BC1EB91B669F0C0025E40C /* NSObject+IDPKVOPrivate.m */,
			);
			path = Private;
			sourceTree = "<group>";
		};
		D7BC1EBA1B669F0C0025E40C /* IDPRuntime */ = {
			isa = PBXGroup;
			children = (
				D7BC1EBB1B669F0C0025E40C /* NSObject+IDPRuntime.h */,
				D7BC1EBC1B669F0C0025E40C /* NSObject+IDPRuntime.m */,
			);
			path = IDPRuntime;
			sourceTree = "<group>";
		};
		D7BC1EBD1B669F0C0025E40C /* NSPathUtilities */ = {
			isa = PBXGroup;
			children = (
				D7BC1EBE1B669F0C0025E40C /* NSPathUtilities+IDPExtensions.h */,
				D7BC1EBF1B669F0C0025E40C /* NSPathUtilities+IDPExtensions.m */,
			);
			path = NSPathUtilities;
			sourceTree = "<group>";
		};
		D7BC1EC01B669F0C0025E40C /* NSString */ = {
			isa = PBXGroup;
			children = (
				D7BC1EC11B669F0C0025E40C /* NSString+IDPExtensions.h */,
				D7BC1EC21B669F0C0025E40C /* NSString+IDPExtensions.m */,
			);
			path = NSString;
			sourceTree = "<group>";
		};
		D7BC1EC31B669F0C0025E40C /* Classes */ = {
			isa = PBXGroup;
			children = (
				D7BC1EC41B669F0C0025E40C /* IDPDispatch */,
				D7BC1EC71B669F0C0025E40C /* IDPKVOMutableArray */,
				D7BC1ECC1B669F0C0025E40C /* IDPMixin */,
				D7BC1ED71B669F0C0025E40C /* IDPMutableArray */,
				D7BC1EDA1B669F0C0025E40C /* IDPMutableDictionary */,
				D7BC1EDD1B669F0C0025E40C /* IDPProxy */,
				D7BC1EE01B669F0C0025E40C /* IDPReference */,
				D7BC1EEB1B669F0C0025E40C /* IDPRetainingDictionary */,
				D7BC1EEE1B669F0C0025E40C /* IDPThreadSafeProxy */,
				D7BC1EF31B669F0C0025E40C /* IDPWeakArray */,
			);
			path = Classes;
			sourceTree = "<group>";
		};
		D7BC1EC41B669F0C0025E40C /* IDPDispatch */ = {
			isa = PBXGroup;
			children = (
				D7BC1EC51B669F0C0025E40C /* IDPDispatch.h */,
				D7BC1EC61B669F0C0025E40C /* IDPDispatch.m */,
			);
			path = IDPDispatch;
			sourceTree = "<group>";
		};
		D7BC1EC71B669F0C0025E40C /* IDPKVOMutableArray */ = {
			isa = PBXGroup;
			children = (
				D7BC1EC81B669F0C0025E40C /* IDPKVOContext.h */,
				D7BC1EC91B669F0C0025E40C /* IDPKVOContext.m */,
				D7BC1ECA1B669F0C0025E40C /* IDPKVOMutableArray.h */,
				D7BC1ECB1B669F0C0025E40C /* IDPKVOMutableArray.m */,
			);
			path = IDPKVOMutableArray;
			sourceTree = "<group>";
		};
		D7BC1ECC1B669F0C0025E40C /* IDPMixin */ = {
			isa = PBXGroup;
			children = (
				D7BC1ECD1B669F0C0025E40C /* IDPMixinContext.h */,
				D7BC1ECE1B669F0C0025E40C /* IDPMixinContext.m */,
				D7BC1ECF1B669F0C0025E40C /* IDPMixinIMP.h */,
				D7BC1ED01B669F0C0025E40C /* IDPMixinIMP.m */,
				D7BC1ED11B669F0C0025E40C /* IDPMixinStack.h */,
				D7BC1ED21B669F0C0025E40C /* IDPMixinStack.m */,
				D7BC1ED31B669F0C0025E40C /* NSObject+IDPMixin.h */,
				D7BC1ED41B669F0C0025E40C /* NSObject+IDPMixin.m */,
				D7BC1ED51B669F0C0025E40C /* NSObject+IDPMixinPrivate.h */,
				D7BC1ED61B669F0C0025E40C /* NSObject+IDPMixinPrivate.m */,
			);
			path = IDPMixin;
			sourceTree = "<group>";
		};
		D7BC1ED71B669F0C0025E40C /* IDPMutableArray */ = {
			isa = PBXGroup;
			children = (
				D7BC1ED81B669F0C0025E40C /* IDPMutableArray.h */,
				D7BC1ED91B669F0C0025E40C /* IDPMutableArray.m */,
			);
			path = IDPMutableArray;
			sourceTree = "<group>";
		};
		D7BC1EDA1B669F0C0025E40C /* IDPMutableDictionary */ = {
			isa = PBXGroup;
			children = (
				D7BC1EDB1B669F0C0025E40C /* IDPMutableDictionary.h */,
				D7BC1EDC1B669F0C0025E40C /* IDPMutableDictionary.m */,
			);
			path = IDPMutableDictionary;
			sourceTree = "<group>";
		};
		D7BC1EDD1B669F0C0025E40C /* IDPProxy */ = {
			isa = PBXGroup;
			children = (
				D7BC1EDE1B669F0C0025E40C /* IDPProxy.h */,
				D7BC1EDF1B669F0C0025E40C /* IDPProxy.m */,
			);
			path = IDPProxy;
			sourceTree = "<group>";
		};
		D7BC1EE01B669F0C0025E40C /* IDPReference */ = {
			isa = PBXGroup;
			children = (
				D7BC1EE11B669F0C0025E40C /* IDPCopyReference.h */,
				D7BC1EE21B669F0C0025E40C /* IDPCopyReference.m */,
				D7BC1EE31B669F0C0025E40C /* IDPReference.h */,
				D7BC1EE41B669F0C0025E40C /* IDPReference.m */,
				D7BC1EE51B669F0C0025E40C /* IDPStrongReference.h */,
				D7BC1EE61B669F0C0025E40C /* IDPStrongReference.m */,
				D7BC1EE71B669F0C0025E40C /* IDPUnsafeReference.h */,
				D7BC1EE81B669F0C0025E40C /* IDPUnsafeReference.m */,
				D7BC1EE91B669F0C0025E40C /* IDPWeakReference.h */,
				D7BC1EEA1B669F0C0025E40C /* IDPWeakReference.m */,
			);
			path = IDPReference;
			sourceTree = "<group>";
		};
		D7BC1EEB1B669F0C0025E40C /* IDPRetainingDictionary */ = {
			isa = PBXGroup;
			children = (
				D7BC1EEC1B669F0C0025E40C /* IDPRetainingDictionary.h */,
				D7BC1EED1B669F0C0025E40C /* IDPRetainingDictionary.m */,
			);
			path = IDPRetainingDictionary;
			sourceTree = "<group>";
		};
		D7BC1EEE1B669F0C0025E40C /* IDPThreadSafeProxy */ = {
			isa = PBXGroup;
			children = (
				D7BC1EEF1B669F0C0025E40C /* IDPEnumerationThreadSafeProxy.h */,
				D7BC1EF01B669F0C0025E40C /* IDPEnumerationThreadSafeProxy.m */,
				D7BC1EF11B669F0C0025E40C /* IDPThreadSafeProxy.h */,
				D7BC1EF21B669F0C0025E40C /* IDPThreadSafeProxy.m */,
			);
			path = IDPThreadSafeProxy;
			sourceTree = "<group>";
		};
		D7BC1EF31B669F0C0025E40C /* IDPWeakArray */ = {
			isa = PBXGroup;
			children = (
				D7BC1EF41B669F0C0025E40C /* IDPWeakArray.h */,
				D7BC1EF51B669F0C0025E40C /* IDPWeakArray.m */,
			);
			path = IDPWeakArray;
			sourceTree = "<group>";
		};
		D7BC1EF61B669F0C0025E40C /* Utilities */ = {
			isa = PBXGroup;
			children = (
				D7BC1EF71B669F0C0025E40C /* IDPMachTimer */,
				D7BC1EFA1B669F0C0025E40C /* IDPMath */,
				D7BC1EFD1B669F0C0025E40C /* IDPObjCRuntime */,
				D7BC1F001B669F0C0025E40C /* IDPTypes */,
				D7BC1F031B669F0C0025E40C /* IDPUtilityMacros.h */,
			);
			path = Utilities;
			sourceTree = "<group>";
		};
		D7BC1EF71B669F0C0025E40C /* IDPMachTimer */ = {
			isa = PBXGroup;
			children = (
				D7BC1EF81B669F0C0025E40C /* IDPMachTimer.h */,
				D7BC1EF91B669F0C0025E40C /* IDPMachTimer.m */,
			);
			path = IDPMachTimer;
			sourceTree = "<group>";
		};
		D7BC1EFA1B669F0C0025E40C /* IDPMath */ = {
			isa = PBXGroup;
			children = (
				D7BC1EFB1B669F0C0025E40C /* IDPMath.h */,
				D7BC1EFC1B669F0C0025E40C /* IDPMath.m */,
			);
			path = IDPMath;
			sourceTree = "<group>";
		};
		D7BC1EFD1B669F0C0025E40C /* IDPObjCRuntime */ = {
			isa = PBXGroup;
			children = (
				D7BC1EFE1B669F0C0025E40C /* IDPObjCRuntime.h */,
				D7BC1EFF1B669F0C0025E40C /* IDPObjCRuntime.m */,
			);
			path = IDPObjCRuntime;
			sourceTree = "<group>";
		};
		D7BC1F001B669F0C0025E40C /* IDPTypes */ = {
			isa = PBXGroup;
			children = (
				D7BC1F011B669F0C0025E40C /* IDPTypes.h */,
				D7BC1F021B669F0C0025E40C /* IDPTypes.m */,
			);
			path = IDPTypes;
			sourceTree = "<group>";
		};
		D7BC1F4A1B669F160025E40C /* ActiveRecordKit */ = {
			isa = PBXGroup;
			children = (
				D7BC1F4B1B669F160025E40C /* ActiveRecordKit.h */,
				D7BC1F4C1B669F160025E40C /* Shared */,
			);
			path = ActiveRecordKit;
			sourceTree = "<group>";
		};
		D7BC1F4C1B669F160025E40C /* Shared */ = {
			isa = PBXGroup;
			children = (
				D7BC1F4D1B669F160025E40C /* IDPCoreDataManager.h */,
				D7BC1F4E1B669F160025E40C /* IDPCoreDataManager.m */,
				D7BC1F4F1B669F160025E40C /* NSManagedObject+IDPExtensions.h */,
				D7BC1F501B669F160025E40C /* NSManagedObject+IDPExtensions.m */,
				D7BC1F511B669F160025E40C /* NSManagedObjectContext+IDPExtensions.h */,
				D7BC1F521B669F160025E40C /* NSManagedObjectContext+IDPExtensions.m */,
				D7BC1F531B669F160025E40C /* NSManagedObjectID+IDPExtensions.h */,
				D7BC1F541B669F160025E40C /* NSManagedObjectID+IDPExtensions.m */,
			);
			path = Shared;
			sourceTree = "<group>";
		};
		D7BC1F5D1B66A0620025E40C /* IDPActiveRecordSpec */ = {
			isa = PBXGroup;
			children = (
				D7BC1F5E1B66A07A0025E40C /* IDPActiveRecordSpec.m */,
			);
			path = IDPActiveRecordSpec;
			sourceTree = "<group>";
		};
		D7E0B8281B29ED2F0046EDBA /* Source */ = {
			isa = PBXGroup;
			children = (
				D7E0B8491B29EEA60046EDBA /* Library */,
				D7E0B82F1B29ED2F0046EDBA /* Models */,
				D7E0B8331B29ED2F0046EDBA /* UI */,
			);
			path = Source;
			sourceTree = "<group>";
		};
		D7E0B82F1B29ED2F0046EDBA /* Models */ = {
			isa = PBXGroup;
			children = (
				D7EC180F1B5EB9870041F14A /* Core Data */,
				D7E488421B308ACF00DC9045 /* IDPImageModel */,
				D7E0B8301B29ED2F0046EDBA /* IDPUser */,
			);
			path = Models;
			sourceTree = "<group>";
		};
		D7E0B8301B29ED2F0046EDBA /* IDPUser */ = {
			isa = PBXGroup;
			children = (
				D7E0B8311B29ED2F0046EDBA /* IDPUser.h */,
				D7E0B8321B29ED2F0046EDBA /* IDPUser.m */,
			);
			path = IDPUser;
			sourceTree = "<group>";
		};
		D7E0B8331B29ED2F0046EDBA /* UI */ = {
			isa = PBXGroup;
			children = (
				D7E39A271B31E020005C269F /* Views */,
				D7E0B8401B29EDD10046EDBA /* IDPUsersViewController */,
				D7E0B8341B29ED2F0046EDBA /* IDPUserViewController */,
			);
			path = UI;
			sourceTree = "<group>";
		};
		D7E0B8341B29ED2F0046EDBA /* IDPUserViewController */ = {
			isa = PBXGroup;
			children = (
				D7E0B8371B29ED2F0046EDBA /* IDPUserViewController.h */,
				D7E0B8381B29ED2F0046EDBA /* IDPUserViewController.m */,
				D7E0B8391B29ED2F0046EDBA /* IDPUserViewController.xib */,
				D7E0B8351B29ED2F0046EDBA /* IDPUserView.h */,
				D7E0B8361B29ED2F0046EDBA /* IDPUserView.m */,
			);
			path = IDPUserViewController;
			sourceTree = "<group>";
		};
		D7E0B8401B29EDD10046EDBA /* IDPUsersViewController */ = {
			isa = PBXGroup;
			children = (
				D7F4280A1B44551D0084322D /* Models */,
				D7E6A2E91B2F379B002E5407 /* Views */,
				D7E0B8411B29EDF60046EDBA /* IDPUsersViewController.h */,
				D7E0B8421B29EDF60046EDBA /* IDPUsersViewController.m */,
				D7E0B8431B29EDF60046EDBA /* IDPUsersViewController.xib */,
				D7E0B8461B29EE290046EDBA /* IDPUsersView.h */,
				D7E0B8471B29EE290046EDBA /* IDPUsersView.m */,
			);
			path = IDPUsersViewController;
			sourceTree = "<group>";
		};
		D7E0B8491B29EEA60046EDBA /* Library */ = {
			isa = PBXGroup;
			children = (
				D7EC176A1B5EB08B0041F14A /* IDPKit */,
				D7E6A2E41B2F34CF002E5407 /* Classes */,
				D7E0B84A1B29EEA60046EDBA /* Categories */,
				D7E0B8531B29EFDB0046EDBA /* IDPMacro.h */,
				D7E0B8561B29F0230046EDBA /* IDPMacro.m */,
				D7E39A361B31E5C6005C269F /* IDPCompilerMacro.h */,
				D7E39A371B31E5C6005C269F /* IDPCompilerMacro.m */,
			);
			path = Library;
			sourceTree = "<group>";
		};
		D7E0B84A1B29EEA60046EDBA /* Categories */ = {
			isa = PBXGroup;
			children = (
				D7E0B84B1B29EEA60046EDBA /* NSString+IDPExtensions */,
			);
			path = Categories;
			sourceTree = "<group>";
		};
		D7E0B84B1B29EEA60046EDBA /* NSString+IDPExtensions */ = {
			isa = PBXGroup;
			children = (
				D7E0B84C1B29EEA60046EDBA /* NSString+IDPExtensions.h */,
				D7E0B84D1B29EEA60046EDBA /* NSString+IDPExtensions.m */,
				D7E0B84E1B29EEA60046EDBA /* NSString+IDPRandomName.h */,
				D7E0B84F1B29EEA60046EDBA /* NSString+IDPRandomName.m */,
			);
			path = "NSString+IDPExtensions";
			sourceTree = "<group>";
		};
		D7E17BC71B25FACD009773BB = {
			isa = PBXGroup;
			children = (
				D7E0B8281B29ED2F0046EDBA /* Source */,
				D7E17C081B25FCCA009773BB /* Resources */,
				D7E17BFE1B25FCB5009773BB /* iOSProjectTests */,
				D7E17BF91B25FCAA009773BB /* iOSProject */,
				D7E17BD11B25FACD009773BB /* Products */,
				EE802584EC48D7EB0F244285 /* Pods */,
				600370707AF6FEFD6C95E5BA /* Frameworks */,
			);
			sourceTree = "<group>";
		};
		D7E17BD11B25FACD009773BB /* Products */ = {
			isa = PBXGroup;
			children = (
				D7E17BD01B25FACD009773BB /* iOSProject.app */,
				D7E17BE91B25FACD009773BB /* iOSProjectTests.xctest */,
			);
			name = Products;
			sourceTree = "<group>";
		};
		D7E17BF91B25FCAA009773BB /* iOSProject */ = {
			isa = PBXGroup;
			children = (
				D7E1E0981B274251000DC582 /* IDPAppDelegate.h */,
				D7E1E0991B274251000DC582 /* IDPAppDelegate.m */,
				D7E17BFA1B25FCAA009773BB /* Info.plist */,
				D7E17BFB1B25FCAA009773BB /* main.m */,
				D7EC180E1B5EB7A60041F14A /* iOSProject-prefix.pch */,
			);
			path = iOSProject;
			sourceTree = "<group>";
		};
		D7E17BFE1B25FCB5009773BB /* iOSProjectTests */ = {
			isa = PBXGroup;
			children = (
				D7E17C1C1B25FDA1009773BB /* Test Objects */,
				D7E17C181B25FD3C009773BB /* Specs */,
				D7E17BFF1B25FCB5009773BB /* Info.plist */,
			);
			path = iOSProjectTests;
			sourceTree = "<group>";
		};
		D7E17C081B25FCCA009773BB /* Resources */ = {
			isa = PBXGroup;
			children = (
				D7E6A2EF1B2F438C002E5407 /* Images */,
				D7E17C091B25FCCA009773BB /* LaunchScreen.xib */,
				D7E17C0D1B25FCCA009773BB /* Images.xcassets */,
			);
			path = Resources;
			sourceTree = "<group>";
		};
		D7E17C181B25FD3C009773BB /* Specs */ = {
			isa = PBXGroup;
			children = (
				D7BC1F5D1B66A0620025E40C /* IDPActiveRecordSpec */,
				D7E39A311B31E524005C269F /* UIViewSpec */,
				D7E17C201B25FF3F009773BB /* IDPARCSpec */,
			);
			path = Specs;
			sourceTree = "<group>";
		};
		D7E17C1C1B25FDA1009773BB /* Test Objects */ = {
			isa = PBXGroup;
			children = (
				D7E17C1D1B25FDB1009773BB /* IDPARCObject.h */,
				D7E17C1E1B25FDB1009773BB /* IDPARCObject.m */,
				D7CE75F31B6A7AC7009066E1 /* IDPFetchedResultsControllerDelegateObject.h */,
				D7CE75F41B6A7AC7009066E1 /* IDPFetchedResultsControllerDelegateObject.m */,
			);
			path = "Test Objects";
			sourceTree = "<group>";
		};
		D7E17C201B25FF3F009773BB /* IDPARCSpec */ = {
			isa = PBXGroup;
			children = (
				D7E17C211B25FF3F009773BB /* IDPARCSpec.m */,
			);
			path = IDPARCSpec;
			sourceTree = "<group>";
		};
		D7E39A271B31E020005C269F /* Views */ = {
			isa = PBXGroup;
			children = (
				D7E39A281B31E020005C269F /* IDPImageView */,
			);
			path = Views;
			sourceTree = "<group>";
		};
		D7E39A281B31E020005C269F /* IDPImageView */ = {
			isa = PBXGroup;
			children = (
				D7E717EF1B3B064200F8E9FD /* Private */,
				D7E39A291B31E063005C269F /* IDPImageView.h */,
				D7E39A2A1B31E063005C269F /* IDPImageView.m */,
				D70E0F301B3C6F620060F3C7 /* IDPStatefuImageView.h */,
				D70E0F311B3C6F620060F3C7 /* IDPStatefuImageView.m */,
				D7FD49AC1B41BA6E0098FE6C /* IDPDrawingImageView.h */,
				D7FD49AD1B41BA6E0098FE6C /* IDPDrawingImageView.m */,
			);
			path = IDPImageView;
			sourceTree = "<group>";
		};
		D7E39A311B31E524005C269F /* UIViewSpec */ = {
			isa = PBXGroup;
			children = (
				D768B0AD1B31F16E00C8698C /* IDPTestView.xib */,
				D7E39A331B31E524005C269F /* UIViewSpec.m */,
				D768B0AF1B31F1F100C8698C /* IDPTestView.h */,
				D768B0B01B31F1F100C8698C /* IDPTestView.m */,
			);
			path = UIViewSpec;
			sourceTree = "<group>";
		};
		D7E488421B308ACF00DC9045 /* IDPImageModel */ = {
			isa = PBXGroup;
			children = (
				D7E4885C1B30991800DC9045 /* Private */,
				D7E488431B308ACF00DC9045 /* IDPImageModel.h */,
				D7E488441B308ACF00DC9045 /* IDPImageModel.m */,
			);
			path = IDPImageModel;
			sourceTree = "<group>";
		};
		D7E488461B308DC700DC9045 /* IDPObservableObject */ = {
			isa = PBXGroup;
			children = (
				D7E488471B308DC700DC9045 /* IDPBlockObservationController.h */,
				D7E488481B308DC700DC9045 /* IDPBlockObservationController.m */,
				D7E488491B308DC700DC9045 /* IDPObservableObject.h */,
				D7E4884A1B308DC700DC9045 /* IDPObservableObject.m */,
				D7E4884B1B308DC700DC9045 /* IDPObservationController.h */,
				D7E4884C1B308DC700DC9045 /* IDPObservationController.m */,
				D7E488531B308DC700DC9045 /* Private */,
			);
			path = IDPObservableObject;
			sourceTree = "<group>";
		};
		D7E488531B308DC700DC9045 /* Private */ = {
			isa = PBXGroup;
			children = (
				D7E488541B308DC700DC9045 /* IDPObservableObject+IDPPrivate.h */,
				D7E488551B308DC700DC9045 /* IDPObservationController+IDPPrivate.h */,
			);
			path = Private;
			sourceTree = "<group>";
		};
		D7E4885C1B30991800DC9045 /* Private */ = {
			isa = PBXGroup;
			children = (
				D7E4885D1B30993400DC9045 /* IDPImageModelDispatcher.h */,
				D7E4885E1B30993400DC9045 /* IDPImageModelDispatcher.m */,
			);
			path = Private;
			sourceTree = "<group>";
		};
		D7E6A2E41B2F34CF002E5407 /* Classes */ = {
			isa = PBXGroup;
			children = (
				D77D122B1B39D0C400BE4E9C /* IDPDisplayLink */,
				D7E488461B308DC700DC9045 /* IDPObservableObject */,
				D7E6A2E51B2F358C002E5407 /* IDPTableViewCell */,
			);
			path = Classes;
			sourceTree = "<group>";
		};
		D7E6A2E51B2F358C002E5407 /* IDPTableViewCell */ = {
			isa = PBXGroup;
			children = (
				D7E6A2E61B2F35C9002E5407 /* IDPTableViewCell.h */,
				D7E6A2E71B2F35C9002E5407 /* IDPTableViewCell.m */,
			);
			path = IDPTableViewCell;
			sourceTree = "<group>";
		};
		D7E6A2E91B2F379B002E5407 /* Views */ = {
			isa = PBXGroup;
			children = (
				D7E6A2EA1B2F37B8002E5407 /* IDPUserCell.h */,
				D7E6A2EB1B2F37B8002E5407 /* IDPUserCell.m */,
				D7E6A2ED1B2F37DA002E5407 /* IDPUserCell.xib */,
			);
			path = Views;
			sourceTree = "<group>";
		};
		D7E6A2EF1B2F438C002E5407 /* Images */ = {
			isa = PBXGroup;
			children = (
				D7E6A2F01B2F438C002E5407 /* image.jpg */,
			);
			path = Images;
			sourceTree = "<group>";
		};
		D7E717EF1B3B064200F8E9FD /* Private */ = {
			isa = PBXGroup;
			children = (
				D7E717F31B3B0A9500F8E9FD /* IDPViewContentOperation.h */,
				D7E717F41B3B0A9500F8E9FD /* IDPViewContentOperation.m */,
				D7E717F61B3B1B6300F8E9FD /* IDPViewContentDispatcher.h */,
				D7E717F71B3B1B6300F8E9FD /* IDPViewContentDispatcher.m */,
				D7E717F91B3B207000F8E9FD /* IDPViewContentOperation+IDPImageView.h */,
				D7E717FA1B3B207000F8E9FD /* IDPViewContentOperation+IDPImageView.m */,
			);
			path = Private;
			sourceTree = "<group>";
		};
		D7EC176A1B5EB08B0041F14A /* IDPKit */ = {
			isa = PBXGroup;
			children = (
				D7BC1F4A1B669F160025E40C /* ActiveRecordKit */,
				D7BC1EA01B669F0C0025E40C /* FoundationKit */,
			);
			path = IDPKit;
			sourceTree = "<group>";
		};
		D7EC180F1B5EB9870041F14A /* Core Data */ = {
			isa = PBXGroup;
			children = (
				D7EC18101B5EB9B60041F14A /* iOSProject.xcdatamodeld */,
				D7EC18221B5EC0C30041F14A /* DBImage.h */,
				D7EC18231B5EC0C30041F14A /* DBImage.m */,
				D7EC181F1B5EC0C20041F14A /* DBUser.h */,
				D7EC18201B5EC0C20041F14A /* DBUser.m */,
			);
			path = "Core Data";
			sourceTree = "<group>";
		};
		D7F4280A1B44551D0084322D /* Models */ = {
			isa = PBXGroup;
			children = (
				D7F4280B1B44555E0084322D /* IDPUserCellBackgroundImage.h */,
				D7F4280C1B44555E0084322D /* IDPUserCellBackgroundImage.m */,
			);
			path = Models;
			sourceTree = "<group>";
		};
		EE802584EC48D7EB0F244285 /* Pods */ = {
			isa = PBXGroup;
			children = (
				C208A979779DDE06A581FFA2 /* Pods-iOSProjectTests.debug.xcconfig */,
				4663880D419D8234376BCC9E /* Pods-iOSProjectTests.release.xcconfig */,
			);
			name = Pods;
			sourceTree = "<group>";
		};
/* End PBXGroup section */

/* Begin PBXNativeTarget section */
		D7E17BCF1B25FACD009773BB /* iOSProject */ = {
			isa = PBXNativeTarget;
			buildConfigurationList = D7E17BF31B25FACD009773BB /* Build configuration list for PBXNativeTarget "iOSProject" */;
			buildPhases = (
				D7E17BCC1B25FACD009773BB /* Sources */,
				D7E17BCD1B25FACD009773BB /* Frameworks */,
				D7E17BCE1B25FACD009773BB /* Resources */,
			);
			buildRules = (
			);
			dependencies = (
			);
			name = iOSProject;
			productName = iOSProject;
			productReference = D7E17BD01B25FACD009773BB /* iOSProject.app */;
			productType = "com.apple.product-type.application";
		};
		D7E17BE81B25FACD009773BB /* iOSProjectTests */ = {
			isa = PBXNativeTarget;
			buildConfigurationList = D7E17BF61B25FACD009773BB /* Build configuration list for PBXNativeTarget "iOSProjectTests" */;
			buildPhases = (
				44D33EF4DAB41B1F7CE80607 /* Check Pods Manifest.lock */,
				D7E17BE51B25FACD009773BB /* Sources */,
				D7E17BE61B25FACD009773BB /* Frameworks */,
				D7E17BE71B25FACD009773BB /* Resources */,
				F126CA791D894A63E7A8C99D /* Copy Pods Resources */,
			);
			buildRules = (
			);
			dependencies = (
				D7E17BEB1B25FACD009773BB /* PBXTargetDependency */,
			);
			name = iOSProjectTests;
			productName = iOSProjectTests;
			productReference = D7E17BE91B25FACD009773BB /* iOSProjectTests.xctest */;
			productType = "com.apple.product-type.bundle.unit-test";
		};
/* End PBXNativeTarget section */

/* Begin PBXProject section */
		D7E17BC81B25FACD009773BB /* Project object */ = {
			isa = PBXProject;
			attributes = {
				CLASSPREFIX = IDP;
				LastUpgradeCheck = 0630;
				ORGANIZATIONNAME = "Oleksa Korin";
				TargetAttributes = {
					D7E17BCF1B25FACD009773BB = {
						CreatedOnToolsVersion = 6.3.1;
					};
					D7E17BE81B25FACD009773BB = {
						CreatedOnToolsVersion = 6.3.1;
						TestTargetID = D7E17BCF1B25FACD009773BB;
					};
				};
			};
			buildConfigurationList = D7E17BCB1B25FACD009773BB /* Build configuration list for PBXProject "iOSProject" */;
			compatibilityVersion = "Xcode 3.2";
			developmentRegion = English;
			hasScannedForEncodings = 0;
			knownRegions = (
				en,
				Base,
			);
			mainGroup = D7E17BC71B25FACD009773BB;
			productRefGroup = D7E17BD11B25FACD009773BB /* Products */;
			projectDirPath = "";
			projectRoot = "";
			targets = (
				D7E17BCF1B25FACD009773BB /* iOSProject */,
				D7E17BE81B25FACD009773BB /* iOSProjectTests */,
			);
		};
/* End PBXProject section */

/* Begin PBXResourcesBuildPhase section */
		D7E17BCE1B25FACD009773BB /* Resources */ = {
			isa = PBXResourcesBuildPhase;
			buildActionMask = 2147483647;
			files = (
				D7E17C121B25FCCA009773BB /* LaunchScreen.xib in Resources */,
				D7E0B8451B29EDF60046EDBA /* IDPUsersViewController.xib in Resources */,
				D7E6A2EE1B2F37DA002E5407 /* IDPUserCell.xib in Resources */,
				D7E17C161B25FCCA009773BB /* Images.xcassets in Resources */,
				D7E0B83F1B29ED2F0046EDBA /* IDPUserViewController.xib in Resources */,
				D7E6A2F11B2F438C002E5407 /* image.jpg in Resources */,
			);
			runOnlyForDeploymentPostprocessing = 0;
		};
		D7E17BE71B25FACD009773BB /* Resources */ = {
			isa = PBXResourcesBuildPhase;
			buildActionMask = 2147483647;
			files = (
				D7E17C171B25FCCA009773BB /* Images.xcassets in Resources */,
				D7E17C131B25FCCA009773BB /* LaunchScreen.xib in Resources */,
				D768B0AE1B31F16E00C8698C /* IDPTestView.xib in Resources */,
			);
			runOnlyForDeploymentPostprocessing = 0;
		};
/* End PBXResourcesBuildPhase section */

/* Begin PBXShellScriptBuildPhase section */
		44D33EF4DAB41B1F7CE80607 /* Check Pods Manifest.lock */ = {
			isa = PBXShellScriptBuildPhase;
			buildActionMask = 2147483647;
			files = (
			);
			inputPaths = (
			);
			name = "Check Pods Manifest.lock";
			outputPaths = (
			);
			runOnlyForDeploymentPostprocessing = 0;
			shellPath = /bin/sh;
			shellScript = "diff \"${PODS_ROOT}/../Podfile.lock\" \"${PODS_ROOT}/Manifest.lock\" > /dev/null\nif [[ $? != 0 ]] ; then\n    cat << EOM\nerror: The sandbox is not in sync with the Podfile.lock. Run 'pod install' or update your CocoaPods installation.\nEOM\n    exit 1\nfi\n";
			showEnvVarsInLog = 0;
		};
		F126CA791D894A63E7A8C99D /* Copy Pods Resources */ = {
			isa = PBXShellScriptBuildPhase;
			buildActionMask = 2147483647;
			files = (
			);
			inputPaths = (
			);
			name = "Copy Pods Resources";
			outputPaths = (
			);
			runOnlyForDeploymentPostprocessing = 0;
			shellPath = /bin/sh;
			shellScript = "\"${SRCROOT}/Pods/Target Support Files/Pods-iOSProjectTests/Pods-iOSProjectTests-resources.sh\"\n";
			showEnvVarsInLog = 0;
		};
/* End PBXShellScriptBuildPhase section */

/* Begin PBXSourcesBuildPhase section */
		D7E17BCC1B25FACD009773BB /* Sources */ = {
			isa = PBXSourcesBuildPhase;
			buildActionMask = 2147483647;
			files = (
				D7BC1F421B669F0C0025E40C /* IDPMachTimer.m in Sources */,
				D7BC1F101B669F0C0025E40C /* IDPSafeKVOContext.m in Sources */,
				D7BC1F461B669F0C0025E40C /* IDPObjCRuntime.m in Sources */,
				D7BC1F321B669F0C0025E40C /* IDPReference.m in Sources */,
				D7BC1F081B669F0C0025E40C /* NSFileManager+IDPExtensions.m in Sources */,
				D7BC1F3A1B669F0C0025E40C /* IDPRetainingDictionary.m in Sources */,
				D7BC1F141B669F0C0025E40C /* NSObject+IDPRuntime.m in Sources */,
				D7BC1F3E1B669F0C0025E40C /* IDPThreadSafeProxy.m in Sources */,
				D7BC1F1A1B669F0C0025E40C /* IDPDispatch.m in Sources */,
				D7BC1F441B669F0C0025E40C /* IDPMath.m in Sources */,
				D7CE75F61B6A80EE009066E1 /* IDPFetchedResultsControllerDelegateObject.m in Sources */,
				D7E4885F1B30993400DC9045 /* IDPImageModelDispatcher.m in Sources */,
				D7E488561B308DC700DC9045 /* IDPBlockObservationController.m in Sources */,
				D77D122E1B39D0D600BE4E9C /* IDPDisplayLink.m in Sources */,
				D7E0B8511B29EEA60046EDBA /* NSString+IDPRandomName.m in Sources */,
				D77D12351B39D79800BE4E9C /* IDPDisplayLinkReference.m in Sources */,
				D7BC1F041B669F0C0025E40C /* NSArray+IDPExtensions.m in Sources */,
				D7E488581B308DC700DC9045 /* IDPObservationController.m in Sources */,
				D7E488451B308ACF00DC9045 /* IDPImageModel.m in Sources */,
				D7BC1F551B669F160025E40C /* IDPCoreDataManager.m in Sources */,
				D7BC1F061B669F0C0025E40C /* NSDate+IDPExtensions.m in Sources */,
				D7E0B8441B29EDF60046EDBA /* IDPUsersViewController.m in Sources */,
				D7E0B8571B29F0230046EDBA /* IDPMacro.m in Sources */,
				D7E488571B308DC700DC9045 /* IDPObservableObject.m in Sources */,
				D7BC1F121B669F0C0025E40C /* NSObject+IDPKVOPrivate.m in Sources */,
				D7BC1F3C1B669F0C0025E40C /* IDPEnumerationThreadSafeProxy.m in Sources */,
				D77D12311B39D33600BE4E9C /* IDPFrameInfo.m in Sources */,
				D7BC1F281B669F0C0025E40C /* NSObject+IDPMixinPrivate.m in Sources */,
				D7BC1F571B669F160025E40C /* NSManagedObject+IDPExtensions.m in Sources */,
				D7BC1F181B669F0C0025E40C /* NSString+IDPExtensions.m in Sources */,
				D7E717FB1B3B207000F8E9FD /* IDPViewContentOperation+IDPImageView.m in Sources */,
				D7BC1F1E1B669F0C0025E40C /* IDPKVOMutableArray.m in Sources */,
				D7BC1F401B669F0C0025E40C /* IDPWeakArray.m in Sources */,
				D7BC1F1C1B669F0C0025E40C /* IDPKVOContext.m in Sources */,
				D7E0B83D1B29ED2F0046EDBA /* IDPUserView.m in Sources */,
				D7BC1F221B669F0C0025E40C /* IDPMixinIMP.m in Sources */,
				D7BC1F2C1B669F0C0025E40C /* IDPMutableDictionary.m in Sources */,
				D7BC1F201B669F0C0025E40C /* IDPMixinContext.m in Sources */,
				D7BC1F241B669F0C0025E40C /* IDPMixinStack.m in Sources */,
				D7BC1F161B669F0C0025E40C /* NSPathUtilities+IDPExtensions.m in Sources */,
				D7EC18211B5EC0C20041F14A /* DBUser.m in Sources */,
				D7E717F81B3B1B6300F8E9FD /* IDPViewContentDispatcher.m in Sources */,
				D7E6A2EC1B2F37B8002E5407 /* IDPUserCell.m in Sources */,
				D7BC1F301B669F0C0025E40C /* IDPCopyReference.m in Sources */,
				D7E39A2B1B31E063005C269F /* IDPImageView.m in Sources */,
				D7E0B8501B29EEA60046EDBA /* NSString+IDPExtensions.m in Sources */,
				D7BC1F2E1B669F0C0025E40C /* IDPProxy.m in Sources */,
				D7E0B83E1B29ED2F0046EDBA /* IDPUserViewController.m in Sources */,
				D70E0F321B3C6F620060F3C7 /* IDPStatefuImageView.m in Sources */,
				D7BC1F481B669F0C0025E40C /* IDPTypes.m in Sources */,
				D7E0B83C1B29ED2F0046EDBA /* IDPUser.m in Sources */,
				D7E6A2E81B2F35C9002E5407 /* IDPTableViewCell.m in Sources */,
				D7E0B8481B29EE290046EDBA /* IDPUsersView.m in Sources */,
				D7BC1F261B669F0C0025E40C /* NSObject+IDPMixin.m in Sources */,
				D7BC1F361B669F0C0025E40C /* IDPUnsafeReference.m in Sources */,
				D7BC1F5B1B669F160025E40C /* NSManagedObjectID+IDPExtensions.m in Sources */,
				D7BC1F0E1B669F0C0025E40C /* NSObject+IDPKVO.m in Sources */,
				D7BC1F341B669F0C0025E40C /* IDPStrongReference.m in Sources */,
				D7BC1F0A1B669F0C0025E40C /* IDPKVONotification.m in Sources */,
				D7EC18121B5EB9B60041F14A /* iOSProject.xcdatamodeld in Sources */,
				D7E717F51B3B0A9500F8E9FD /* IDPViewContentOperation.m in Sources */,
				D7EC18241B5EC0C30041F14A /* DBImage.m in Sources */,
				D7FD49AE1B41BA6E0098FE6C /* IDPDrawingImageView.m in Sources */,
				D7BC1F0C1B669F0C0025E40C /* IDPKVOObject.m in Sources */,
				D7F4280D1B44555E0084322D /* IDPUserCellBackgroundImage.m in Sources */,
				D7BC1F591B669F160025E40C /* NSManagedObjectContext+IDPExtensions.m in Sources */,
				D7E17BFD1B25FCAA009773BB /* main.m in Sources */,
				D7BC1F2A1B669F0C0025E40C /* IDPMutableArray.m in Sources */,
				D7E1E09A1B274251000DC582 /* IDPAppDelegate.m in Sources */,
				D7BC1F381B669F0C0025E40C /* IDPWeakReference.m in Sources */,
			);
			runOnlyForDeploymentPostprocessing = 0;
		};
		D7E17BE51B25FACD009773BB /* Sources */ = {
			isa = PBXSourcesBuildPhase;
			buildActionMask = 2147483647;
			files = (
				D7BC1F431B669F0C0025E40C /* IDPMachTimer.m in Sources */,
				D7BC1F391B669F0C0025E40C /* IDPWeakReference.m in Sources */,
				D7BC1F071B669F0C0025E40C /* NSDate+IDPExtensions.m in Sources */,
				D7BC1F351B669F0C0025E40C /* IDPStrongReference.m in Sources */,
				D7BC1F091B669F0C0025E40C /* NSFileManager+IDPExtensions.m in Sources */,
				D7BC1F0B1B669F0C0025E40C /* IDPKVONotification.m in Sources */,
				D7BC1F2D1B669F0C0025E40C /* IDPMutableDictionary.m in Sources */,
				D7BC1E9A1B669ED20025E40C /* DBImage.m in Sources */,
				D7BC1F271B669F0C0025E40C /* NSObject+IDPMixin.m in Sources */,
				D7BC1F581B669F160025E40C /* NSManagedObject+IDPExtensions.m in Sources */,
				D7BC1E9B1B669ED60025E40C /* iOSProject.xcdatamodeld in Sources */,
				D7BC1F291B669F0C0025E40C /* NSObject+IDPMixinPrivate.m in Sources */,
				D7BC1F191B669F0C0025E40C /* NSString+IDPExtensions.m in Sources */,
				D7BC1F451B669F0C0025E40C /* IDPMath.m in Sources */,
				D7BC1F2F1B669F0C0025E40C /* IDPProxy.m in Sources */,
				D7BC1F3F1B669F0C0025E40C /* IDPThreadSafeProxy.m in Sources */,
				D7E17C221B25FF3F009773BB /* IDPARCSpec.m in Sources */,
				D7CE75F51B6A7AC7009066E1 /* IDPFetchedResultsControllerDelegateObject.m in Sources */,
				D7BC1F3B1B669F0C0025E40C /* IDPRetainingDictionary.m in Sources */,
				D7BC1F0F1B669F0C0025E40C /* NSObject+IDPKVO.m in Sources */,
				D7BC1F561B669F160025E40C /* IDPCoreDataManager.m in Sources */,
				D7BC1F491B669F0C0025E40C /* IDPTypes.m in Sources */,
				D7BC1F411B669F0C0025E40C /* IDPWeakArray.m in Sources */,
				D7E17C1F1B25FDB1009773BB /* IDPARCObject.m in Sources */,
				D7BC1F5A1B669F160025E40C /* NSManagedObjectContext+IDPExtensions.m in Sources */,
				D7BC1F1F1B669F0C0025E40C /* IDPKVOMutableArray.m in Sources */,
				D7BC1F131B669F0C0025E40C /* NSObject+IDPKVOPrivate.m in Sources */,
				D7BC1F1B1B669F0C0025E40C /* IDPDispatch.m in Sources */,
				D7BC1F3D1B669F0C0025E40C /* IDPEnumerationThreadSafeProxy.m in Sources */,
				D7BC1F251B669F0C0025E40C /* IDPMixinStack.m in Sources */,
				D7BC1F2B1B669F0C0025E40C /* IDPMutableArray.m in Sources */,
				D7E39A381B31E5C6005C269F /* IDPCompilerMacro.m in Sources */,
				D7BC1F311B669F0C0025E40C /* IDPCopyReference.m in Sources */,
				D7BC1F211B669F0C0025E40C /* IDPMixinContext.m in Sources */,
				D7BC1F151B669F0C0025E40C /* NSObject+IDPRuntime.m in Sources */,
				D7E39A351B31E524005C269F /* UIViewSpec.m in Sources */,
				D7BC1F5F1B66A07A0025E40C /* IDPActiveRecordSpec.m in Sources */,
				D7BC1F051B669F0C0025E40C /* NSArray+IDPExtensions.m in Sources */,
				D7BC1E991B669ECF0025E40C /* DBUser.m in Sources */,
				D7BC1F471B669F0C0025E40C /* IDPObjCRuntime.m in Sources */,
				D768B0B11B31F1F100C8698C /* IDPTestView.m in Sources */,
				D7BC1F331B669F0C0025E40C /* IDPReference.m in Sources */,
				D7BC1F0D1B669F0C0025E40C /* IDPKVOObject.m in Sources */,
				D7BC1F231B669F0C0025E40C /* IDPMixinIMP.m in Sources */,
				D7BC1F1D1B669F0C0025E40C /* IDPKVOContext.m in Sources */,
				D7BC1F5C1B669F160025E40C /* NSManagedObjectID+IDPExtensions.m in Sources */,
				D7BC1F171B669F0C0025E40C /* NSPathUtilities+IDPExtensions.m in Sources */,
				D7BC1F111B669F0C0025E40C /* IDPSafeKVOContext.m in Sources */,
				D7BC1F371B669F0C0025E40C /* IDPUnsafeReference.m in Sources */,
			);
			runOnlyForDeploymentPostprocessing = 0;
		};
/* End PBXSourcesBuildPhase section */

/* Begin PBXTargetDependency section */
		D7E17BEB1B25FACD009773BB /* PBXTargetDependency */ = {
			isa = PBXTargetDependency;
			target = D7E17BCF1B25FACD009773BB /* iOSProject */;
			targetProxy = D7E17BEA1B25FACD009773BB /* PBXContainerItemProxy */;
		};
/* End PBXTargetDependency section */

/* Begin PBXVariantGroup section */
		D7E17C091B25FCCA009773BB /* LaunchScreen.xib */ = {
			isa = PBXVariantGroup;
			children = (
				D7E17C0A1B25FCCA009773BB /* Base */,
			);
			name = LaunchScreen.xib;
			sourceTree = "<group>";
		};
/* End PBXVariantGroup section */

/* Begin XCBuildConfiguration section */
		D7E17BF11B25FACD009773BB /* Debug */ = {
			isa = XCBuildConfiguration;
			buildSettings = {
				ALWAYS_SEARCH_USER_PATHS = NO;
				CLANG_CXX_LANGUAGE_STANDARD = "gnu++0x";
				CLANG_CXX_LIBRARY = "libc++";
				CLANG_ENABLE_MODULES = YES;
				CLANG_ENABLE_OBJC_ARC = YES;
				CLANG_WARN_BOOL_CONVERSION = YES;
				CLANG_WARN_CONSTANT_CONVERSION = YES;
				CLANG_WARN_DIRECT_OBJC_ISA_USAGE = YES_ERROR;
				CLANG_WARN_EMPTY_BODY = YES;
				CLANG_WARN_ENUM_CONVERSION = YES;
				CLANG_WARN_INT_CONVERSION = YES;
				CLANG_WARN_OBJC_ROOT_CLASS = YES_ERROR;
				CLANG_WARN_UNREACHABLE_CODE = YES;
				CLANG_WARN__DUPLICATE_METHOD_MATCH = YES;
				"CODE_SIGN_IDENTITY[sdk=iphoneos*]" = "iPhone Developer";
				COPY_PHASE_STRIP = NO;
				DEBUG_INFORMATION_FORMAT = "dwarf-with-dsym";
				ENABLE_STRICT_OBJC_MSGSEND = YES;
				GCC_C_LANGUAGE_STANDARD = gnu99;
				GCC_DYNAMIC_NO_PIC = NO;
				GCC_NO_COMMON_BLOCKS = YES;
				GCC_OPTIMIZATION_LEVEL = 0;
				GCC_PREPROCESSOR_DEFINITIONS = (
					"DEBUG=1",
					"$(inherited)",
				);
				GCC_SYMBOLS_PRIVATE_EXTERN = NO;
				GCC_WARN_64_TO_32_BIT_CONVERSION = YES;
				GCC_WARN_ABOUT_RETURN_TYPE = YES_ERROR;
				GCC_WARN_UNDECLARED_SELECTOR = YES;
				GCC_WARN_UNINITIALIZED_AUTOS = YES_AGGRESSIVE;
				GCC_WARN_UNUSED_FUNCTION = YES;
				GCC_WARN_UNUSED_VARIABLE = YES;
				IPHONEOS_DEPLOYMENT_TARGET = 8.3;
				MTL_ENABLE_DEBUG_INFO = YES;
				ONLY_ACTIVE_ARCH = YES;
				SDKROOT = iphoneos;
			};
			name = Debug;
		};
		D7E17BF21B25FACD009773BB /* Release */ = {
			isa = XCBuildConfiguration;
			buildSettings = {
				ALWAYS_SEARCH_USER_PATHS = NO;
				CLANG_CXX_LANGUAGE_STANDARD = "gnu++0x";
				CLANG_CXX_LIBRARY = "libc++";
				CLANG_ENABLE_MODULES = YES;
				CLANG_ENABLE_OBJC_ARC = YES;
				CLANG_WARN_BOOL_CONVERSION = YES;
				CLANG_WARN_CONSTANT_CONVERSION = YES;
				CLANG_WARN_DIRECT_OBJC_ISA_USAGE = YES_ERROR;
				CLANG_WARN_EMPTY_BODY = YES;
				CLANG_WARN_ENUM_CONVERSION = YES;
				CLANG_WARN_INT_CONVERSION = YES;
				CLANG_WARN_OBJC_ROOT_CLASS = YES_ERROR;
				CLANG_WARN_UNREACHABLE_CODE = YES;
				CLANG_WARN__DUPLICATE_METHOD_MATCH = YES;
				"CODE_SIGN_IDENTITY[sdk=iphoneos*]" = "iPhone Developer";
				COPY_PHASE_STRIP = NO;
				DEBUG_INFORMATION_FORMAT = "dwarf-with-dsym";
				ENABLE_NS_ASSERTIONS = NO;
				ENABLE_STRICT_OBJC_MSGSEND = YES;
				GCC_C_LANGUAGE_STANDARD = gnu99;
				GCC_NO_COMMON_BLOCKS = YES;
				GCC_WARN_64_TO_32_BIT_CONVERSION = YES;
				GCC_WARN_ABOUT_RETURN_TYPE = YES_ERROR;
				GCC_WARN_UNDECLARED_SELECTOR = YES;
				GCC_WARN_UNINITIALIZED_AUTOS = YES_AGGRESSIVE;
				GCC_WARN_UNUSED_FUNCTION = YES;
				GCC_WARN_UNUSED_VARIABLE = YES;
				IPHONEOS_DEPLOYMENT_TARGET = 8.3;
				MTL_ENABLE_DEBUG_INFO = NO;
				SDKROOT = iphoneos;
				VALIDATE_PRODUCT = YES;
			};
			name = Release;
		};
		D7E17BF41B25FACD009773BB /* Debug */ = {
			isa = XCBuildConfiguration;
			buildSettings = {
				ASSETCATALOG_COMPILER_APPICON_NAME = AppIcon;
				GCC_INCREASE_PRECOMPILED_HEADER_SHARING = NO;
				GCC_PRECOMPILE_PREFIX_HEADER = YES;
				GCC_PREFIX_HEADER = "iOSProject/iOSProject-prefix.pch";
				GCC_WARN_SHADOW = YES;
				INFOPLIST_FILE = iOSProject/Info.plist;
				LD_RUNPATH_SEARCH_PATHS = "$(inherited) @executable_path/Frameworks";
				PRODUCT_NAME = "$(TARGET_NAME)";
			};
			name = Debug;
		};
		D7E17BF51B25FACD009773BB /* Release */ = {
			isa = XCBuildConfiguration;
			buildSettings = {
				ASSETCATALOG_COMPILER_APPICON_NAME = AppIcon;
				GCC_INCREASE_PRECOMPILED_HEADER_SHARING = NO;
				GCC_PRECOMPILE_PREFIX_HEADER = YES;
				GCC_PREFIX_HEADER = "iOSProject/iOSProject-prefix.pch";
				GCC_WARN_SHADOW = YES;
				INFOPLIST_FILE = iOSProject/Info.plist;
				LD_RUNPATH_SEARCH_PATHS = "$(inherited) @executable_path/Frameworks";
				PRODUCT_NAME = "$(TARGET_NAME)";
			};
			name = Release;
		};
		D7E17BF71B25FACD009773BB /* Debug */ = {
			isa = XCBuildConfiguration;
			baseConfigurationReference = C208A979779DDE06A581FFA2 /* Pods-iOSProjectTests.debug.xcconfig */;
			buildSettings = {
				BUNDLE_LOADER = "$(TEST_HOST)";
				FRAMEWORK_SEARCH_PATHS = (
					"$(SDKROOT)/Developer/Library/Frameworks",
					"$(inherited)",
				);
				GCC_PREFIX_HEADER = "iOSProject/iOSProject-prefix.pch";
				GCC_PREPROCESSOR_DEFINITIONS = (
					"DEBUG=1",
					"$(inherited)",
				);
				INFOPLIST_FILE = iOSProjectTests/Info.plist;
				LD_RUNPATH_SEARCH_PATHS = "$(inherited) @executable_path/Frameworks @loader_path/Frameworks";
				PRODUCT_NAME = "$(TARGET_NAME)";
				TEST_HOST = "$(BUILT_PRODUCTS_DIR)/iOSProject.app/iOSProject";
			};
			name = Debug;
		};
		D7E17BF81B25FACD009773BB /* Release */ = {
			isa = XCBuildConfiguration;
			baseConfigurationReference = 4663880D419D8234376BCC9E /* Pods-iOSProjectTests.release.xcconfig */;
			buildSettings = {
				BUNDLE_LOADER = "$(TEST_HOST)";
				FRAMEWORK_SEARCH_PATHS = (
					"$(SDKROOT)/Developer/Library/Frameworks",
					"$(inherited)",
				);
				GCC_PREFIX_HEADER = "iOSProject/iOSProject-prefix.pch";
				INFOPLIST_FILE = iOSProjectTests/Info.plist;
				LD_RUNPATH_SEARCH_PATHS = "$(inherited) @executable_path/Frameworks @loader_path/Frameworks";
				PRODUCT_NAME = "$(TARGET_NAME)";
				TEST_HOST = "$(BUILT_PRODUCTS_DIR)/iOSProject.app/iOSProject";
			};
			name = Release;
		};
/* End XCBuildConfiguration section */

/* Begin XCConfigurationList section */
		D7E17BCB1B25FACD009773BB /* Build configuration list for PBXProject "iOSProject" */ = {
			isa = XCConfigurationList;
			buildConfigurations = (
				D7E17BF11B25FACD009773BB /* Debug */,
				D7E17BF21B25FACD009773BB /* Release */,
			);
			defaultConfigurationIsVisible = 0;
			defaultConfigurationName = Release;
		};
		D7E17BF31B25FACD009773BB /* Build configuration list for PBXNativeTarget "iOSProject" */ = {
			isa = XCConfigurationList;
			buildConfigurations = (
				D7E17BF41B25FACD009773BB /* Debug */,
				D7E17BF51B25FACD009773BB /* Release */,
			);
			defaultConfigurationIsVisible = 0;
			defaultConfigurationName = Release;
		};
		D7E17BF61B25FACD009773BB /* Build configuration list for PBXNativeTarget "iOSProjectTests" */ = {
			isa = XCConfigurationList;
			buildConfigurations = (
				D7E17BF71B25FACD009773BB /* Debug */,
				D7E17BF81B25FACD009773BB /* Release */,
			);
			defaultConfigurationIsVisible = 0;
			defaultConfigurationName = Release;
		};
/* End XCConfigurationList section */

/* Begin XCVersionGroup section */
		D7EC18101B5EB9B60041F14A /* iOSProject.xcdatamodeld */ = {
			isa = XCVersionGroup;
			children = (
				D7EC18111B5EB9B60041F14A /* iOSProject.xcdatamodel */,
			);
			currentVersion = D7EC18111B5EB9B60041F14A /* iOSProject.xcdatamodel */;
			path = iOSProject.xcdatamodeld;
			sourceTree = "<group>";
			versionGroupType = wrapper.xcdatamodel;
		};
/* End XCVersionGroup section */
	};
	rootObject = D7E17BC81B25FACD009773BB /* Project object */;
}
