// !$*UTF8*$!
{
	archiveVersion = 1;
	classes = {
	};
	objectVersion = 46;
	objects = {

/* Begin PBXBuildFile section */
		608F711B63A028D0EF193D65 /* libPods-iOSProjectTests.a in Frameworks */ = {isa = PBXBuildFile; fileRef = 215A68B79D16D630EC172349 /* libPods-iOSProjectTests.a */; };
		D70E0F321B3C6F620060F3C7 /* IDPStatefuImageView.m in Sources */ = {isa = PBXBuildFile; fileRef = D70E0F311B3C6F620060F3C7 /* IDPStatefuImageView.m */; };
		D768B0AE1B31F16E00C8698C /* IDPTestView.xib in Resources */ = {isa = PBXBuildFile; fileRef = D768B0AD1B31F16E00C8698C /* IDPTestView.xib */; };
		D768B0B11B31F1F100C8698C /* IDPTestView.m in Sources */ = {isa = PBXBuildFile; fileRef = D768B0B01B31F1F100C8698C /* IDPTestView.m */; };
		D77D122E1B39D0D600BE4E9C /* IDPDisplayLink.m in Sources */ = {isa = PBXBuildFile; fileRef = D77D122D1B39D0D600BE4E9C /* IDPDisplayLink.m */; };
		D77D12311B39D33600BE4E9C /* IDPFrameInfo.m in Sources */ = {isa = PBXBuildFile; fileRef = D77D12301B39D33600BE4E9C /* IDPFrameInfo.m */; };
		D77D12351B39D79800BE4E9C /* IDPDisplayLinkReference.m in Sources */ = {isa = PBXBuildFile; fileRef = D77D12341B39D79800BE4E9C /* IDPDisplayLinkReference.m */; };
		D7E0B83C1B29ED2F0046EDBA /* IDPUser.m in Sources */ = {isa = PBXBuildFile; fileRef = D7E0B8321B29ED2F0046EDBA /* IDPUser.m */; };
		D7E0B83D1B29ED2F0046EDBA /* IDPUserView.m in Sources */ = {isa = PBXBuildFile; fileRef = D7E0B8361B29ED2F0046EDBA /* IDPUserView.m */; };
		D7E0B83E1B29ED2F0046EDBA /* IDPUserViewController.m in Sources */ = {isa = PBXBuildFile; fileRef = D7E0B8381B29ED2F0046EDBA /* IDPUserViewController.m */; };
		D7E0B83F1B29ED2F0046EDBA /* IDPUserViewController.xib in Resources */ = {isa = PBXBuildFile; fileRef = D7E0B8391B29ED2F0046EDBA /* IDPUserViewController.xib */; };
		D7E0B8441B29EDF60046EDBA /* IDPUsersViewController.m in Sources */ = {isa = PBXBuildFile; fileRef = D7E0B8421B29EDF60046EDBA /* IDPUsersViewController.m */; };
		D7E0B8451B29EDF60046EDBA /* IDPUsersViewController.xib in Resources */ = {isa = PBXBuildFile; fileRef = D7E0B8431B29EDF60046EDBA /* IDPUsersViewController.xib */; };
		D7E0B8481B29EE290046EDBA /* IDPUsersView.m in Sources */ = {isa = PBXBuildFile; fileRef = D7E0B8471B29EE290046EDBA /* IDPUsersView.m */; };
		D7E0B8501B29EEA60046EDBA /* NSString+IDPExtensions.m in Sources */ = {isa = PBXBuildFile; fileRef = D7E0B84D1B29EEA60046EDBA /* NSString+IDPExtensions.m */; };
		D7E0B8511B29EEA60046EDBA /* NSString+IDPRandomName.m in Sources */ = {isa = PBXBuildFile; fileRef = D7E0B84F1B29EEA60046EDBA /* NSString+IDPRandomName.m */; };
		D7E0B8571B29F0230046EDBA /* IDPMacro.m in Sources */ = {isa = PBXBuildFile; fileRef = D7E0B8561B29F0230046EDBA /* IDPMacro.m */; };
		D7E17BFD1B25FCAA009773BB /* main.m in Sources */ = {isa = PBXBuildFile; fileRef = D7E17BFB1B25FCAA009773BB /* main.m */; };
		D7E17C121B25FCCA009773BB /* LaunchScreen.xib in Resources */ = {isa = PBXBuildFile; fileRef = D7E17C091B25FCCA009773BB /* LaunchScreen.xib */; };
		D7E17C131B25FCCA009773BB /* LaunchScreen.xib in Resources */ = {isa = PBXBuildFile; fileRef = D7E17C091B25FCCA009773BB /* LaunchScreen.xib */; };
		D7E17C161B25FCCA009773BB /* Images.xcassets in Resources */ = {isa = PBXBuildFile; fileRef = D7E17C0D1B25FCCA009773BB /* Images.xcassets */; };
		D7E17C171B25FCCA009773BB /* Images.xcassets in Resources */ = {isa = PBXBuildFile; fileRef = D7E17C0D1B25FCCA009773BB /* Images.xcassets */; };
		D7E17C1F1B25FDB1009773BB /* IDPARCObject.m in Sources */ = {isa = PBXBuildFile; fileRef = D7E17C1E1B25FDB1009773BB /* IDPARCObject.m */; };
		D7E17C221B25FF3F009773BB /* IDPARCSpec.m in Sources */ = {isa = PBXBuildFile; fileRef = D7E17C211B25FF3F009773BB /* IDPARCSpec.m */; };
		D7E1E09A1B274251000DC582 /* IDPAppDelegate.m in Sources */ = {isa = PBXBuildFile; fileRef = D7E1E0991B274251000DC582 /* IDPAppDelegate.m */; };
		D7E39A2B1B31E063005C269F /* IDPImageView.m in Sources */ = {isa = PBXBuildFile; fileRef = D7E39A2A1B31E063005C269F /* IDPImageView.m */; };
		D7E39A351B31E524005C269F /* UIViewSpec.m in Sources */ = {isa = PBXBuildFile; fileRef = D7E39A331B31E524005C269F /* UIViewSpec.m */; };
		D7E39A381B31E5C6005C269F /* IDPCompilerMacro.m in Sources */ = {isa = PBXBuildFile; fileRef = D7E39A371B31E5C6005C269F /* IDPCompilerMacro.m */; };
		D7E488451B308ACF00DC9045 /* IDPImageModel.m in Sources */ = {isa = PBXBuildFile; fileRef = D7E488441B308ACF00DC9045 /* IDPImageModel.m */; };
		D7E488561B308DC700DC9045 /* IDPBlockObservationController.m in Sources */ = {isa = PBXBuildFile; fileRef = D7E488481B308DC700DC9045 /* IDPBlockObservationController.m */; };
		D7E488571B308DC700DC9045 /* IDPObservableObject.m in Sources */ = {isa = PBXBuildFile; fileRef = D7E4884A1B308DC700DC9045 /* IDPObservableObject.m */; };
		D7E488581B308DC700DC9045 /* IDPObservationController.m in Sources */ = {isa = PBXBuildFile; fileRef = D7E4884C1B308DC700DC9045 /* IDPObservationController.m */; };
		D7E4885F1B30993400DC9045 /* IDPImageModelDispatcher.m in Sources */ = {isa = PBXBuildFile; fileRef = D7E4885E1B30993400DC9045 /* IDPImageModelDispatcher.m */; };
		D7E6A2E81B2F35C9002E5407 /* IDPTableViewCell.m in Sources */ = {isa = PBXBuildFile; fileRef = D7E6A2E71B2F35C9002E5407 /* IDPTableViewCell.m */; };
		D7E6A2EC1B2F37B8002E5407 /* IDPUserCell.m in Sources */ = {isa = PBXBuildFile; fileRef = D7E6A2EB1B2F37B8002E5407 /* IDPUserCell.m */; };
		D7E6A2EE1B2F37DA002E5407 /* IDPUserCell.xib in Resources */ = {isa = PBXBuildFile; fileRef = D7E6A2ED1B2F37DA002E5407 /* IDPUserCell.xib */; };
		D7E6A2F11B2F438C002E5407 /* image.jpg in Resources */ = {isa = PBXBuildFile; fileRef = D7E6A2F01B2F438C002E5407 /* image.jpg */; };
		D7E717F51B3B0A9500F8E9FD /* IDPViewContentOperation.m in Sources */ = {isa = PBXBuildFile; fileRef = D7E717F41B3B0A9500F8E9FD /* IDPViewContentOperation.m */; };
		D7E717F81B3B1B6300F8E9FD /* IDPViewContentDispatcher.m in Sources */ = {isa = PBXBuildFile; fileRef = D7E717F71B3B1B6300F8E9FD /* IDPViewContentDispatcher.m */; };
		D7E717FB1B3B207000F8E9FD /* IDPViewContentOperation+IDPImageView.m in Sources */ = {isa = PBXBuildFile; fileRef = D7E717FA1B3B207000F8E9FD /* IDPViewContentOperation+IDPImageView.m */; };
		D7EC17761B5EB0960041F14A /* IDPCoreDataManager.m in Sources */ = {isa = PBXBuildFile; fileRef = D7EC176F1B5EB0960041F14A /* IDPCoreDataManager.m */; };
		D7EC17771B5EB0960041F14A /* NSManagedObject+IDPExtensions.m in Sources */ = {isa = PBXBuildFile; fileRef = D7EC17711B5EB0960041F14A /* NSManagedObject+IDPExtensions.m */; };
		D7EC17781B5EB0960041F14A /* NSManagedObjectContext+IDPExtensions.m in Sources */ = {isa = PBXBuildFile; fileRef = D7EC17731B5EB0960041F14A /* NSManagedObjectContext+IDPExtensions.m */; };
		D7EC17791B5EB0960041F14A /* NSManagedObjectID+IDPExtensions.m in Sources */ = {isa = PBXBuildFile; fileRef = D7EC17751B5EB0960041F14A /* NSManagedObjectID+IDPExtensions.m */; };
		D7EC17E81B5EB1A80041F14A /* NSArray+IDPExtensions.m in Sources */ = {isa = PBXBuildFile; fileRef = D7EC17801B5EB1A80041F14A /* NSArray+IDPExtensions.m */; };
		D7EC17E91B5EB1A80041F14A /* NSDate+IDPExtensions.m in Sources */ = {isa = PBXBuildFile; fileRef = D7EC17831B5EB1A80041F14A /* NSDate+IDPExtensions.m */; };
		D7EC17EA1B5EB1A80041F14A /* NSFileManager+IDPExtensions.m in Sources */ = {isa = PBXBuildFile; fileRef = D7EC17861B5EB1A80041F14A /* NSFileManager+IDPExtensions.m */; };
		D7EC17EB1B5EB1A80041F14A /* IDPKVONotification.m in Sources */ = {isa = PBXBuildFile; fileRef = D7EC178A1B5EB1A80041F14A /* IDPKVONotification.m */; };
		D7EC17EC1B5EB1A80041F14A /* IDPKVOObject.m in Sources */ = {isa = PBXBuildFile; fileRef = D7EC178C1B5EB1A80041F14A /* IDPKVOObject.m */; };
		D7EC17ED1B5EB1A80041F14A /* NSObject+IDPKVO.m in Sources */ = {isa = PBXBuildFile; fileRef = D7EC178E1B5EB1A80041F14A /* NSObject+IDPKVO.m */; };
		D7EC17EE1B5EB1A80041F14A /* IDPSafeKVOContext.m in Sources */ = {isa = PBXBuildFile; fileRef = D7EC17911B5EB1A80041F14A /* IDPSafeKVOContext.m */; };
		D7EC17EF1B5EB1A80041F14A /* NSObject+IDPKVOPrivate.m in Sources */ = {isa = PBXBuildFile; fileRef = D7EC17931B5EB1A80041F14A /* NSObject+IDPKVOPrivate.m */; };
		D7EC17F01B5EB1A80041F14A /* NSObject+IDPRuntime.m in Sources */ = {isa = PBXBuildFile; fileRef = D7EC17961B5EB1A80041F14A /* NSObject+IDPRuntime.m */; };
		D7EC17F11B5EB1A80041F14A /* NSPathUtilities+IDPExtensions.m in Sources */ = {isa = PBXBuildFile; fileRef = D7EC17991B5EB1A80041F14A /* NSPathUtilities+IDPExtensions.m */; };
		D7EC17F21B5EB1A80041F14A /* NSString+IDPExtensions.m in Sources */ = {isa = PBXBuildFile; fileRef = D7EC179C1B5EB1A80041F14A /* NSString+IDPExtensions.m */; };
		D7EC17F31B5EB1A80041F14A /* IDPDispatch.m in Sources */ = {isa = PBXBuildFile; fileRef = D7EC17A01B5EB1A80041F14A /* IDPDispatch.m */; };
		D7EC17F41B5EB1A80041F14A /* IDPKVOContext.m in Sources */ = {isa = PBXBuildFile; fileRef = D7EC17A31B5EB1A80041F14A /* IDPKVOContext.m */; };
		D7EC17F51B5EB1A80041F14A /* IDPKVOMutableArray.m in Sources */ = {isa = PBXBuildFile; fileRef = D7EC17A51B5EB1A80041F14A /* IDPKVOMutableArray.m */; };
		D7EC17F61B5EB1A80041F14A /* IDPMixinContext.m in Sources */ = {isa = PBXBuildFile; fileRef = D7EC17A81B5EB1A80041F14A /* IDPMixinContext.m */; };
		D7EC17F71B5EB1A80041F14A /* IDPMixinIMP.m in Sources */ = {isa = PBXBuildFile; fileRef = D7EC17AA1B5EB1A80041F14A /* IDPMixinIMP.m */; };
		D7EC17F81B5EB1A80041F14A /* IDPMixinStack.m in Sources */ = {isa = PBXBuildFile; fileRef = D7EC17AC1B5EB1A80041F14A /* IDPMixinStack.m */; };
		D7EC17FA1B5EB1A80041F14A /* NSObject+IDPMixin.m in Sources */ = {isa = PBXBuildFile; fileRef = D7EC17B01B5EB1A80041F14A /* NSObject+IDPMixin.m */; };
		D7EC17FB1B5EB1A80041F14A /* NSObject+IDPMixinPrivate.m in Sources */ = {isa = PBXBuildFile; fileRef = D7EC17B21B5EB1A80041F14A /* NSObject+IDPMixinPrivate.m */; };
		D7EC17FD1B5EB1A80041F14A /* IDPMutableArray.m in Sources */ = {isa = PBXBuildFile; fileRef = D7EC17BA1B5EB1A80041F14A /* IDPMutableArray.m */; };
		D7EC17FE1B5EB1A80041F14A /* IDPMutableDictionary.m in Sources */ = {isa = PBXBuildFile; fileRef = D7EC17BD1B5EB1A80041F14A /* IDPMutableDictionary.m */; };
		D7EC18001B5EB1A80041F14A /* IDPProxy.m in Sources */ = {isa = PBXBuildFile; fileRef = D7EC17C31B5EB1A80041F14A /* IDPProxy.m */; };
		D7EC18011B5EB1A80041F14A /* IDPCopyReference.m in Sources */ = {isa = PBXBuildFile; fileRef = D7EC17C61B5EB1A80041F14A /* IDPCopyReference.m */; };
		D7EC18021B5EB1A80041F14A /* IDPReference.m in Sources */ = {isa = PBXBuildFile; fileRef = D7EC17C81B5EB1A80041F14A /* IDPReference.m */; };
		D7EC18031B5EB1A80041F14A /* IDPStrongReference.m in Sources */ = {isa = PBXBuildFile; fileRef = D7EC17CA1B5EB1A80041F14A /* IDPStrongReference.m */; };
		D7EC18041B5EB1A80041F14A /* IDPUnsafeReference.m in Sources */ = {isa = PBXBuildFile; fileRef = D7EC17CC1B5EB1A80041F14A /* IDPUnsafeReference.m */; };
		D7EC18051B5EB1A80041F14A /* IDPWeakReference.m in Sources */ = {isa = PBXBuildFile; fileRef = D7EC17CE1B5EB1A80041F14A /* IDPWeakReference.m */; };
		D7EC18061B5EB1A80041F14A /* IDPRetainingDictionary.m in Sources */ = {isa = PBXBuildFile; fileRef = D7EC17D11B5EB1A80041F14A /* IDPRetainingDictionary.m */; };
		D7EC18071B5EB1A80041F14A /* IDPEnumerationThreadSafeProxy.m in Sources */ = {isa = PBXBuildFile; fileRef = D7EC17D41B5EB1A80041F14A /* IDPEnumerationThreadSafeProxy.m */; };
		D7EC18081B5EB1A80041F14A /* IDPThreadSafeProxy.m in Sources */ = {isa = PBXBuildFile; fileRef = D7EC17D61B5EB1A80041F14A /* IDPThreadSafeProxy.m */; };
		D7EC18091B5EB1A80041F14A /* IDPWeakArray.m in Sources */ = {isa = PBXBuildFile; fileRef = D7EC17D91B5EB1A80041F14A /* IDPWeakArray.m */; };
		D7EC180A1B5EB1A80041F14A /* IDPMachTimer.m in Sources */ = {isa = PBXBuildFile; fileRef = D7EC17DD1B5EB1A80041F14A /* IDPMachTimer.m */; };
		D7EC180B1B5EB1A80041F14A /* IDPMath.m in Sources */ = {isa = PBXBuildFile; fileRef = D7EC17E01B5EB1A80041F14A /* IDPMath.m */; };
		D7EC180C1B5EB1A80041F14A /* IDPObjCRuntime.m in Sources */ = {isa = PBXBuildFile; fileRef = D7EC17E31B5EB1A80041F14A /* IDPObjCRuntime.m */; };
		D7EC180D1B5EB1A80041F14A /* IDPTypes.m in Sources */ = {isa = PBXBuildFile; fileRef = D7EC17E61B5EB1A80041F14A /* IDPTypes.m */; };
		D7EC18121B5EB9B60041F14A /* iOSProject.xcdatamodeld in Sources */ = {isa = PBXBuildFile; fileRef = D7EC18101B5EB9B60041F14A /* iOSProject.xcdatamodeld */; };
		D7EC18211B5EC0C20041F14A /* DBUser.m in Sources */ = {isa = PBXBuildFile; fileRef = D7EC18201B5EC0C20041F14A /* DBUser.m */; };
		D7EC18241B5EC0C30041F14A /* DBImage.m in Sources */ = {isa = PBXBuildFile; fileRef = D7EC18231B5EC0C30041F14A /* DBImage.m */; };
		D7F4280D1B44555E0084322D /* IDPUserCellBackgroundImage.m in Sources */ = {isa = PBXBuildFile; fileRef = D7F4280C1B44555E0084322D /* IDPUserCellBackgroundImage.m */; };
		D7FD49AE1B41BA6E0098FE6C /* IDPDrawingImageView.m in Sources */ = {isa = PBXBuildFile; fileRef = D7FD49AD1B41BA6E0098FE6C /* IDPDrawingImageView.m */; };
/* End PBXBuildFile section */

/* Begin PBXContainerItemProxy section */
		D7E17BEA1B25FACD009773BB /* PBXContainerItemProxy */ = {
			isa = PBXContainerItemProxy;
			containerPortal = D7E17BC81B25FACD009773BB /* Project object */;
			proxyType = 1;
			remoteGlobalIDString = D7E17BCF1B25FACD009773BB;
			remoteInfo = iOSProject;
		};
/* End PBXContainerItemProxy section */

/* Begin PBXFileReference section */
		215A68B79D16D630EC172349 /* libPods-iOSProjectTests.a */ = {isa = PBXFileReference; explicitFileType = archive.ar; includeInIndex = 0; path = "libPods-iOSProjectTests.a"; sourceTree = BUILT_PRODUCTS_DIR; };
		4663880D419D8234376BCC9E /* Pods-iOSProjectTests.release.xcconfig */ = {isa = PBXFileReference; includeInIndex = 1; lastKnownFileType = text.xcconfig; name = "Pods-iOSProjectTests.release.xcconfig"; path = "Pods/Target Support Files/Pods-iOSProjectTests/Pods-iOSProjectTests.release.xcconfig"; sourceTree = "<group>"; };
		C208A979779DDE06A581FFA2 /* Pods-iOSProjectTests.debug.xcconfig */ = {isa = PBXFileReference; includeInIndex = 1; lastKnownFileType = text.xcconfig; name = "Pods-iOSProjectTests.debug.xcconfig"; path = "Pods/Target Support Files/Pods-iOSProjectTests/Pods-iOSProjectTests.debug.xcconfig"; sourceTree = "<group>"; };
		D70E0F301B3C6F620060F3C7 /* IDPStatefuImageView.h */ = {isa = PBXFileReference; fileEncoding = 4; lastKnownFileType = sourcecode.c.h; path = IDPStatefuImageView.h; sourceTree = "<group>"; };
		D70E0F311B3C6F620060F3C7 /* IDPStatefuImageView.m */ = {isa = PBXFileReference; fileEncoding = 4; lastKnownFileType = sourcecode.c.objc; path = IDPStatefuImageView.m; sourceTree = "<group>"; };
		D768B0AD1B31F16E00C8698C /* IDPTestView.xib */ = {isa = PBXFileReference; fileEncoding = 4; lastKnownFileType = file.xib; path = IDPTestView.xib; sourceTree = "<group>"; };
		D768B0AF1B31F1F100C8698C /* IDPTestView.h */ = {isa = PBXFileReference; fileEncoding = 4; lastKnownFileType = sourcecode.c.h; path = IDPTestView.h; sourceTree = "<group>"; };
		D768B0B01B31F1F100C8698C /* IDPTestView.m */ = {isa = PBXFileReference; fileEncoding = 4; lastKnownFileType = sourcecode.c.objc; path = IDPTestView.m; sourceTree = "<group>"; };
		D77D122C1B39D0D600BE4E9C /* IDPDisplayLink.h */ = {isa = PBXFileReference; fileEncoding = 4; lastKnownFileType = sourcecode.c.h; path = IDPDisplayLink.h; sourceTree = "<group>"; };
		D77D122D1B39D0D600BE4E9C /* IDPDisplayLink.m */ = {isa = PBXFileReference; fileEncoding = 4; lastKnownFileType = sourcecode.c.objc; path = IDPDisplayLink.m; sourceTree = "<group>"; };
		D77D122F1B39D33600BE4E9C /* IDPFrameInfo.h */ = {isa = PBXFileReference; fileEncoding = 4; lastKnownFileType = sourcecode.c.h; path = IDPFrameInfo.h; sourceTree = "<group>"; };
		D77D12301B39D33600BE4E9C /* IDPFrameInfo.m */ = {isa = PBXFileReference; fileEncoding = 4; lastKnownFileType = sourcecode.c.objc; path = IDPFrameInfo.m; sourceTree = "<group>"; };
		D77D12331B39D79800BE4E9C /* IDPDisplayLinkReference.h */ = {isa = PBXFileReference; fileEncoding = 4; lastKnownFileType = sourcecode.c.h; path = IDPDisplayLinkReference.h; sourceTree = "<group>"; };
		D77D12341B39D79800BE4E9C /* IDPDisplayLinkReference.m */ = {isa = PBXFileReference; fileEncoding = 4; lastKnownFileType = sourcecode.c.objc; path = IDPDisplayLinkReference.m; sourceTree = "<group>"; };
		D7E0B8311B29ED2F0046EDBA /* IDPUser.h */ = {isa = PBXFileReference; fileEncoding = 4; lastKnownFileType = sourcecode.c.h; path = IDPUser.h; sourceTree = "<group>"; };
		D7E0B8321B29ED2F0046EDBA /* IDPUser.m */ = {isa = PBXFileReference; fileEncoding = 4; lastKnownFileType = sourcecode.c.objc; path = IDPUser.m; sourceTree = "<group>"; };
		D7E0B8351B29ED2F0046EDBA /* IDPUserView.h */ = {isa = PBXFileReference; fileEncoding = 4; lastKnownFileType = sourcecode.c.h; path = IDPUserView.h; sourceTree = "<group>"; };
		D7E0B8361B29ED2F0046EDBA /* IDPUserView.m */ = {isa = PBXFileReference; fileEncoding = 4; lastKnownFileType = sourcecode.c.objc; path = IDPUserView.m; sourceTree = "<group>"; };
		D7E0B8371B29ED2F0046EDBA /* IDPUserViewController.h */ = {isa = PBXFileReference; fileEncoding = 4; lastKnownFileType = sourcecode.c.h; path = IDPUserViewController.h; sourceTree = "<group>"; };
		D7E0B8381B29ED2F0046EDBA /* IDPUserViewController.m */ = {isa = PBXFileReference; fileEncoding = 4; lastKnownFileType = sourcecode.c.objc; path = IDPUserViewController.m; sourceTree = "<group>"; };
		D7E0B8391B29ED2F0046EDBA /* IDPUserViewController.xib */ = {isa = PBXFileReference; fileEncoding = 4; lastKnownFileType = file.xib; path = IDPUserViewController.xib; sourceTree = "<group>"; };
		D7E0B8411B29EDF60046EDBA /* IDPUsersViewController.h */ = {isa = PBXFileReference; fileEncoding = 4; lastKnownFileType = sourcecode.c.h; path = IDPUsersViewController.h; sourceTree = "<group>"; };
		D7E0B8421B29EDF60046EDBA /* IDPUsersViewController.m */ = {isa = PBXFileReference; fileEncoding = 4; lastKnownFileType = sourcecode.c.objc; path = IDPUsersViewController.m; sourceTree = "<group>"; };
		D7E0B8431B29EDF60046EDBA /* IDPUsersViewController.xib */ = {isa = PBXFileReference; fileEncoding = 4; lastKnownFileType = file.xib; path = IDPUsersViewController.xib; sourceTree = "<group>"; };
		D7E0B8461B29EE290046EDBA /* IDPUsersView.h */ = {isa = PBXFileReference; fileEncoding = 4; lastKnownFileType = sourcecode.c.h; path = IDPUsersView.h; sourceTree = "<group>"; };
		D7E0B8471B29EE290046EDBA /* IDPUsersView.m */ = {isa = PBXFileReference; fileEncoding = 4; lastKnownFileType = sourcecode.c.objc; path = IDPUsersView.m; sourceTree = "<group>"; };
		D7E0B84C1B29EEA60046EDBA /* NSString+IDPExtensions.h */ = {isa = PBXFileReference; fileEncoding = 4; lastKnownFileType = sourcecode.c.h; path = "NSString+IDPExtensions.h"; sourceTree = "<group>"; };
		D7E0B84D1B29EEA60046EDBA /* NSString+IDPExtensions.m */ = {isa = PBXFileReference; fileEncoding = 4; lastKnownFileType = sourcecode.c.objc; path = "NSString+IDPExtensions.m"; sourceTree = "<group>"; };
		D7E0B84E1B29EEA60046EDBA /* NSString+IDPRandomName.h */ = {isa = PBXFileReference; fileEncoding = 4; lastKnownFileType = sourcecode.c.h; path = "NSString+IDPRandomName.h"; sourceTree = "<group>"; };
		D7E0B84F1B29EEA60046EDBA /* NSString+IDPRandomName.m */ = {isa = PBXFileReference; fileEncoding = 4; lastKnownFileType = sourcecode.c.objc; path = "NSString+IDPRandomName.m"; sourceTree = "<group>"; };
		D7E0B8531B29EFDB0046EDBA /* IDPMacro.h */ = {isa = PBXFileReference; fileEncoding = 4; lastKnownFileType = sourcecode.c.h; path = IDPMacro.h; sourceTree = "<group>"; };
		D7E0B8561B29F0230046EDBA /* IDPMacro.m */ = {isa = PBXFileReference; fileEncoding = 4; lastKnownFileType = sourcecode.c.objc; path = IDPMacro.m; sourceTree = "<group>"; };
		D7E17BD01B25FACD009773BB /* iOSProject.app */ = {isa = PBXFileReference; explicitFileType = wrapper.application; includeInIndex = 0; path = iOSProject.app; sourceTree = BUILT_PRODUCTS_DIR; };
		D7E17BE91B25FACD009773BB /* iOSProjectTests.xctest */ = {isa = PBXFileReference; explicitFileType = wrapper.cfbundle; includeInIndex = 0; path = iOSProjectTests.xctest; sourceTree = BUILT_PRODUCTS_DIR; };
		D7E17BFA1B25FCAA009773BB /* Info.plist */ = {isa = PBXFileReference; fileEncoding = 4; lastKnownFileType = text.plist.xml; path = Info.plist; sourceTree = "<group>"; };
		D7E17BFB1B25FCAA009773BB /* main.m */ = {isa = PBXFileReference; fileEncoding = 4; lastKnownFileType = sourcecode.c.objc; path = main.m; sourceTree = "<group>"; };
		D7E17BFF1B25FCB5009773BB /* Info.plist */ = {isa = PBXFileReference; fileEncoding = 4; lastKnownFileType = text.plist.xml; path = Info.plist; sourceTree = "<group>"; };
		D7E17C0A1B25FCCA009773BB /* Base */ = {isa = PBXFileReference; lastKnownFileType = file.xib; name = Base; path = Base.lproj/LaunchScreen.xib; sourceTree = "<group>"; };
		D7E17C0D1B25FCCA009773BB /* Images.xcassets */ = {isa = PBXFileReference; lastKnownFileType = folder.assetcatalog; path = Images.xcassets; sourceTree = "<group>"; };
		D7E17C1D1B25FDB1009773BB /* IDPARCObject.h */ = {isa = PBXFileReference; fileEncoding = 4; lastKnownFileType = sourcecode.c.h; path = IDPARCObject.h; sourceTree = "<group>"; };
		D7E17C1E1B25FDB1009773BB /* IDPARCObject.m */ = {isa = PBXFileReference; fileEncoding = 4; lastKnownFileType = sourcecode.c.objc; path = IDPARCObject.m; sourceTree = "<group>"; };
		D7E17C211B25FF3F009773BB /* IDPARCSpec.m */ = {isa = PBXFileReference; fileEncoding = 4; lastKnownFileType = sourcecode.c.objc; path = IDPARCSpec.m; sourceTree = "<group>"; };
		D7E1E0981B274251000DC582 /* IDPAppDelegate.h */ = {isa = PBXFileReference; fileEncoding = 4; lastKnownFileType = sourcecode.c.h; path = IDPAppDelegate.h; sourceTree = "<group>"; };
		D7E1E0991B274251000DC582 /* IDPAppDelegate.m */ = {isa = PBXFileReference; fileEncoding = 4; lastKnownFileType = sourcecode.c.objc; path = IDPAppDelegate.m; sourceTree = "<group>"; };
		D7E39A291B31E063005C269F /* IDPImageView.h */ = {isa = PBXFileReference; fileEncoding = 4; lastKnownFileType = sourcecode.c.h; path = IDPImageView.h; sourceTree = "<group>"; };
		D7E39A2A1B31E063005C269F /* IDPImageView.m */ = {isa = PBXFileReference; fileEncoding = 4; lastKnownFileType = sourcecode.c.objc; path = IDPImageView.m; sourceTree = "<group>"; };
		D7E39A331B31E524005C269F /* UIViewSpec.m */ = {isa = PBXFileReference; fileEncoding = 4; lastKnownFileType = sourcecode.c.objc; path = UIViewSpec.m; sourceTree = "<group>"; };
		D7E39A361B31E5C6005C269F /* IDPCompilerMacro.h */ = {isa = PBXFileReference; fileEncoding = 4; lastKnownFileType = sourcecode.c.h; path = IDPCompilerMacro.h; sourceTree = "<group>"; };
		D7E39A371B31E5C6005C269F /* IDPCompilerMacro.m */ = {isa = PBXFileReference; fileEncoding = 4; lastKnownFileType = sourcecode.c.objc; path = IDPCompilerMacro.m; sourceTree = "<group>"; };
		D7E488431B308ACF00DC9045 /* IDPImageModel.h */ = {isa = PBXFileReference; fileEncoding = 4; lastKnownFileType = sourcecode.c.h; path = IDPImageModel.h; sourceTree = "<group>"; };
		D7E488441B308ACF00DC9045 /* IDPImageModel.m */ = {isa = PBXFileReference; fileEncoding = 4; lastKnownFileType = sourcecode.c.objc; path = IDPImageModel.m; sourceTree = "<group>"; };
		D7E488471B308DC700DC9045 /* IDPBlockObservationController.h */ = {isa = PBXFileReference; fileEncoding = 4; lastKnownFileType = sourcecode.c.h; path = IDPBlockObservationController.h; sourceTree = "<group>"; };
		D7E488481B308DC700DC9045 /* IDPBlockObservationController.m */ = {isa = PBXFileReference; fileEncoding = 4; lastKnownFileType = sourcecode.c.objc; path = IDPBlockObservationController.m; sourceTree = "<group>"; };
		D7E488491B308DC700DC9045 /* IDPObservableObject.h */ = {isa = PBXFileReference; fileEncoding = 4; lastKnownFileType = sourcecode.c.h; path = IDPObservableObject.h; sourceTree = "<group>"; };
		D7E4884A1B308DC700DC9045 /* IDPObservableObject.m */ = {isa = PBXFileReference; fileEncoding = 4; lastKnownFileType = sourcecode.c.objc; path = IDPObservableObject.m; sourceTree = "<group>"; };
		D7E4884B1B308DC700DC9045 /* IDPObservationController.h */ = {isa = PBXFileReference; fileEncoding = 4; lastKnownFileType = sourcecode.c.h; path = IDPObservationController.h; sourceTree = "<group>"; };
		D7E4884C1B308DC700DC9045 /* IDPObservationController.m */ = {isa = PBXFileReference; fileEncoding = 4; lastKnownFileType = sourcecode.c.objc; path = IDPObservationController.m; sourceTree = "<group>"; };
		D7E488541B308DC700DC9045 /* IDPObservableObject+IDPPrivate.h */ = {isa = PBXFileReference; fileEncoding = 4; lastKnownFileType = sourcecode.c.h; path = "IDPObservableObject+IDPPrivate.h"; sourceTree = "<group>"; };
		D7E488551B308DC700DC9045 /* IDPObservationController+IDPPrivate.h */ = {isa = PBXFileReference; fileEncoding = 4; lastKnownFileType = sourcecode.c.h; path = "IDPObservationController+IDPPrivate.h"; sourceTree = "<group>"; };
		D7E4885D1B30993400DC9045 /* IDPImageModelDispatcher.h */ = {isa = PBXFileReference; fileEncoding = 4; lastKnownFileType = sourcecode.c.h; path = IDPImageModelDispatcher.h; sourceTree = "<group>"; };
		D7E4885E1B30993400DC9045 /* IDPImageModelDispatcher.m */ = {isa = PBXFileReference; fileEncoding = 4; lastKnownFileType = sourcecode.c.objc; path = IDPImageModelDispatcher.m; sourceTree = "<group>"; };
		D7E6A2E61B2F35C9002E5407 /* IDPTableViewCell.h */ = {isa = PBXFileReference; fileEncoding = 4; lastKnownFileType = sourcecode.c.h; path = IDPTableViewCell.h; sourceTree = "<group>"; };
		D7E6A2E71B2F35C9002E5407 /* IDPTableViewCell.m */ = {isa = PBXFileReference; fileEncoding = 4; lastKnownFileType = sourcecode.c.objc; path = IDPTableViewCell.m; sourceTree = "<group>"; };
		D7E6A2EA1B2F37B8002E5407 /* IDPUserCell.h */ = {isa = PBXFileReference; fileEncoding = 4; lastKnownFileType = sourcecode.c.h; path = IDPUserCell.h; sourceTree = "<group>"; };
		D7E6A2EB1B2F37B8002E5407 /* IDPUserCell.m */ = {isa = PBXFileReference; fileEncoding = 4; lastKnownFileType = sourcecode.c.objc; path = IDPUserCell.m; sourceTree = "<group>"; };
		D7E6A2ED1B2F37DA002E5407 /* IDPUserCell.xib */ = {isa = PBXFileReference; fileEncoding = 4; lastKnownFileType = file.xib; path = IDPUserCell.xib; sourceTree = "<group>"; };
		D7E6A2F01B2F438C002E5407 /* image.jpg */ = {isa = PBXFileReference; lastKnownFileType = image.jpeg; path = image.jpg; sourceTree = "<group>"; };
		D7E717F31B3B0A9500F8E9FD /* IDPViewContentOperation.h */ = {isa = PBXFileReference; fileEncoding = 4; lastKnownFileType = sourcecode.c.h; path = IDPViewContentOperation.h; sourceTree = "<group>"; };
		D7E717F41B3B0A9500F8E9FD /* IDPViewContentOperation.m */ = {isa = PBXFileReference; fileEncoding = 4; lastKnownFileType = sourcecode.c.objc; path = IDPViewContentOperation.m; sourceTree = "<group>"; };
		D7E717F61B3B1B6300F8E9FD /* IDPViewContentDispatcher.h */ = {isa = PBXFileReference; fileEncoding = 4; lastKnownFileType = sourcecode.c.h; path = IDPViewContentDispatcher.h; sourceTree = "<group>"; };
		D7E717F71B3B1B6300F8E9FD /* IDPViewContentDispatcher.m */ = {isa = PBXFileReference; fileEncoding = 4; lastKnownFileType = sourcecode.c.objc; path = IDPViewContentDispatcher.m; sourceTree = "<group>"; };
		D7E717F91B3B207000F8E9FD /* IDPViewContentOperation+IDPImageView.h */ = {isa = PBXFileReference; fileEncoding = 4; lastKnownFileType = sourcecode.c.h; path = "IDPViewContentOperation+IDPImageView.h"; sourceTree = "<group>"; };
		D7E717FA1B3B207000F8E9FD /* IDPViewContentOperation+IDPImageView.m */ = {isa = PBXFileReference; fileEncoding = 4; lastKnownFileType = sourcecode.c.objc; path = "IDPViewContentOperation+IDPImageView.m"; sourceTree = "<group>"; };
		D7EC176C1B5EB0960041F14A /* ActiveRecordKit.h */ = {isa = PBXFileReference; fileEncoding = 4; lastKnownFileType = sourcecode.c.h; path = ActiveRecordKit.h; sourceTree = "<group>"; };
		D7EC176E1B5EB0960041F14A /* IDPCoreDataManager.h */ = {isa = PBXFileReference; fileEncoding = 4; lastKnownFileType = sourcecode.c.h; path = IDPCoreDataManager.h; sourceTree = "<group>"; };
		D7EC176F1B5EB0960041F14A /* IDPCoreDataManager.m */ = {isa = PBXFileReference; fileEncoding = 4; lastKnownFileType = sourcecode.c.objc; path = IDPCoreDataManager.m; sourceTree = "<group>"; };
		D7EC17701B5EB0960041F14A /* NSManagedObject+IDPExtensions.h */ = {isa = PBXFileReference; fileEncoding = 4; lastKnownFileType = sourcecode.c.h; path = "NSManagedObject+IDPExtensions.h"; sourceTree = "<group>"; };
		D7EC17711B5EB0960041F14A /* NSManagedObject+IDPExtensions.m */ = {isa = PBXFileReference; fileEncoding = 4; lastKnownFileType = sourcecode.c.objc; path = "NSManagedObject+IDPExtensions.m"; sourceTree = "<group>"; };
		D7EC17721B5EB0960041F14A /* NSManagedObjectContext+IDPExtensions.h */ = {isa = PBXFileReference; fileEncoding = 4; lastKnownFileType = sourcecode.c.h; path = "NSManagedObjectContext+IDPExtensions.h"; sourceTree = "<group>"; };
		D7EC17731B5EB0960041F14A /* NSManagedObjectContext+IDPExtensions.m */ = {isa = PBXFileReference; fileEncoding = 4; lastKnownFileType = sourcecode.c.objc; path = "NSManagedObjectContext+IDPExtensions.m"; sourceTree = "<group>"; };
		D7EC17741B5EB0960041F14A /* NSManagedObjectID+IDPExtensions.h */ = {isa = PBXFileReference; fileEncoding = 4; lastKnownFileType = sourcecode.c.h; path = "NSManagedObjectID+IDPExtensions.h"; sourceTree = "<group>"; };
		D7EC17751B5EB0960041F14A /* NSManagedObjectID+IDPExtensions.m */ = {isa = PBXFileReference; fileEncoding = 4; lastKnownFileType = sourcecode.c.objc; path = "NSManagedObjectID+IDPExtensions.m"; sourceTree = "<group>"; };
		D7EC177B1B5EB1A80041F14A /* FoundationKit.h */ = {isa = PBXFileReference; fileEncoding = 4; lastKnownFileType = sourcecode.c.h; path = FoundationKit.h; sourceTree = "<group>"; };
		D7EC177F1B5EB1A80041F14A /* NSArray+IDPExtensions.h */ = {isa = PBXFileReference; fileEncoding = 4; lastKnownFileType = sourcecode.c.h; path = "NSArray+IDPExtensions.h"; sourceTree = "<group>"; };
		D7EC17801B5EB1A80041F14A /* NSArray+IDPExtensions.m */ = {isa = PBXFileReference; fileEncoding = 4; lastKnownFileType = sourcecode.c.objc; path = "NSArray+IDPExtensions.m"; sourceTree = "<group>"; };
		D7EC17821B5EB1A80041F14A /* NSDate+IDPExtensions.h */ = {isa = PBXFileReference; fileEncoding = 4; lastKnownFileType = sourcecode.c.h; path = "NSDate+IDPExtensions.h"; sourceTree = "<group>"; };
		D7EC17831B5EB1A80041F14A /* NSDate+IDPExtensions.m */ = {isa = PBXFileReference; fileEncoding = 4; lastKnownFileType = sourcecode.c.objc; path = "NSDate+IDPExtensions.m"; sourceTree = "<group>"; };
		D7EC17851B5EB1A80041F14A /* NSFileManager+IDPExtensions.h */ = {isa = PBXFileReference; fileEncoding = 4; lastKnownFileType = sourcecode.c.h; path = "NSFileManager+IDPExtensions.h"; sourceTree = "<group>"; };
		D7EC17861B5EB1A80041F14A /* NSFileManager+IDPExtensions.m */ = {isa = PBXFileReference; fileEncoding = 4; lastKnownFileType = sourcecode.c.objc; path = "NSFileManager+IDPExtensions.m"; sourceTree = "<group>"; };
		D7EC17891B5EB1A80041F14A /* IDPKVONotification.h */ = {isa = PBXFileReference; fileEncoding = 4; lastKnownFileType = sourcecode.c.h; path = IDPKVONotification.h; sourceTree = "<group>"; };
		D7EC178A1B5EB1A80041F14A /* IDPKVONotification.m */ = {isa = PBXFileReference; fileEncoding = 4; lastKnownFileType = sourcecode.c.objc; path = IDPKVONotification.m; sourceTree = "<group>"; };
		D7EC178B1B5EB1A80041F14A /* IDPKVOObject.h */ = {isa = PBXFileReference; fileEncoding = 4; lastKnownFileType = sourcecode.c.h; path = IDPKVOObject.h; sourceTree = "<group>"; };
		D7EC178C1B5EB1A80041F14A /* IDPKVOObject.m */ = {isa = PBXFileReference; fileEncoding = 4; lastKnownFileType = sourcecode.c.objc; path = IDPKVOObject.m; sourceTree = "<group>"; };
		D7EC178D1B5EB1A80041F14A /* NSObject+IDPKVO.h */ = {isa = PBXFileReference; fileEncoding = 4; lastKnownFileType = sourcecode.c.h; path = "NSObject+IDPKVO.h"; sourceTree = "<group>"; };
		D7EC178E1B5EB1A80041F14A /* NSObject+IDPKVO.m */ = {isa = PBXFileReference; fileEncoding = 4; lastKnownFileType = sourcecode.c.objc; path = "NSObject+IDPKVO.m"; sourceTree = "<group>"; };
		D7EC17901B5EB1A80041F14A /* IDPSafeKVOContext.h */ = {isa = PBXFileReference; fileEncoding = 4; lastKnownFileType = sourcecode.c.h; path = IDPSafeKVOContext.h; sourceTree = "<group>"; };
		D7EC17911B5EB1A80041F14A /* IDPSafeKVOContext.m */ = {isa = PBXFileReference; fileEncoding = 4; lastKnownFileType = sourcecode.c.objc; path = IDPSafeKVOContext.m; sourceTree = "<group>"; };
		D7EC17921B5EB1A80041F14A /* NSObject+IDPKVOPrivate.h */ = {isa = PBXFileReference; fileEncoding = 4; lastKnownFileType = sourcecode.c.h; path = "NSObject+IDPKVOPrivate.h"; sourceTree = "<group>"; };
		D7EC17931B5EB1A80041F14A /* NSObject+IDPKVOPrivate.m */ = {isa = PBXFileReference; fileEncoding = 4; lastKnownFileType = sourcecode.c.objc; path = "NSObject+IDPKVOPrivate.m"; sourceTree = "<group>"; };
		D7EC17951B5EB1A80041F14A /* NSObject+IDPRuntime.h */ = {isa = PBXFileReference; fileEncoding = 4; lastKnownFileType = sourcecode.c.h; path = "NSObject+IDPRuntime.h"; sourceTree = "<group>"; };
		D7EC17961B5EB1A80041F14A /* NSObject+IDPRuntime.m */ = {isa = PBXFileReference; fileEncoding = 4; lastKnownFileType = sourcecode.c.objc; path = "NSObject+IDPRuntime.m"; sourceTree = "<group>"; };
		D7EC17981B5EB1A80041F14A /* NSPathUtilities+IDPExtensions.h */ = {isa = PBXFileReference; fileEncoding = 4; lastKnownFileType = sourcecode.c.h; path = "NSPathUtilities+IDPExtensions.h"; sourceTree = "<group>"; };
		D7EC17991B5EB1A80041F14A /* NSPathUtilities+IDPExtensions.m */ = {isa = PBXFileReference; fileEncoding = 4; lastKnownFileType = sourcecode.c.objc; path = "NSPathUtilities+IDPExtensions.m"; sourceTree = "<group>"; };
		D7EC179B1B5EB1A80041F14A /* NSString+IDPExtensions.h */ = {isa = PBXFileReference; fileEncoding = 4; lastKnownFileType = sourcecode.c.h; path = "NSString+IDPExtensions.h"; sourceTree = "<group>"; };
		D7EC179C1B5EB1A80041F14A /* NSString+IDPExtensions.m */ = {isa = PBXFileReference; fileEncoding = 4; lastKnownFileType = sourcecode.c.objc; path = "NSString+IDPExtensions.m"; sourceTree = "<group>"; };
		D7EC179F1B5EB1A80041F14A /* IDPDispatch.h */ = {isa = PBXFileReference; fileEncoding = 4; lastKnownFileType = sourcecode.c.h; path = IDPDispatch.h; sourceTree = "<group>"; };
		D7EC17A01B5EB1A80041F14A /* IDPDispatch.m */ = {isa = PBXFileReference; fileEncoding = 4; lastKnownFileType = sourcecode.c.objc; path = IDPDispatch.m; sourceTree = "<group>"; };
		D7EC17A21B5EB1A80041F14A /* IDPKVOContext.h */ = {isa = PBXFileReference; fileEncoding = 4; lastKnownFileType = sourcecode.c.h; path = IDPKVOContext.h; sourceTree = "<group>"; };
		D7EC17A31B5EB1A80041F14A /* IDPKVOContext.m */ = {isa = PBXFileReference; fileEncoding = 4; lastKnownFileType = sourcecode.c.objc; path = IDPKVOContext.m; sourceTree = "<group>"; };
		D7EC17A41B5EB1A80041F14A /* IDPKVOMutableArray.h */ = {isa = PBXFileReference; fileEncoding = 4; lastKnownFileType = sourcecode.c.h; path = IDPKVOMutableArray.h; sourceTree = "<group>"; };
		D7EC17A51B5EB1A80041F14A /* IDPKVOMutableArray.m */ = {isa = PBXFileReference; fileEncoding = 4; lastKnownFileType = sourcecode.c.objc; path = IDPKVOMutableArray.m; sourceTree = "<group>"; };
		D7EC17A71B5EB1A80041F14A /* IDPMixinContext.h */ = {isa = PBXFileReference; fileEncoding = 4; lastKnownFileType = sourcecode.c.h; path = IDPMixinContext.h; sourceTree = "<group>"; };
		D7EC17A81B5EB1A80041F14A /* IDPMixinContext.m */ = {isa = PBXFileReference; fileEncoding = 4; lastKnownFileType = sourcecode.c.objc; path = IDPMixinContext.m; sourceTree = "<group>"; };
		D7EC17A91B5EB1A80041F14A /* IDPMixinIMP.h */ = {isa = PBXFileReference; fileEncoding = 4; lastKnownFileType = sourcecode.c.h; path = IDPMixinIMP.h; sourceTree = "<group>"; };
		D7EC17AA1B5EB1A80041F14A /* IDPMixinIMP.m */ = {isa = PBXFileReference; fileEncoding = 4; lastKnownFileType = sourcecode.c.objc; path = IDPMixinIMP.m; sourceTree = "<group>"; };
		D7EC17AB1B5EB1A80041F14A /* IDPMixinStack.h */ = {isa = PBXFileReference; fileEncoding = 4; lastKnownFileType = sourcecode.c.h; path = IDPMixinStack.h; sourceTree = "<group>"; };
		D7EC17AC1B5EB1A80041F14A /* IDPMixinStack.m */ = {isa = PBXFileReference; fileEncoding = 4; lastKnownFileType = sourcecode.c.objc; path = IDPMixinStack.m; sourceTree = "<group>"; };
		D7EC17AF1B5EB1A80041F14A /* NSObject+IDPMixin.h */ = {isa = PBXFileReference; fileEncoding = 4; lastKnownFileType = sourcecode.c.h; path = "NSObject+IDPMixin.h"; sourceTree = "<group>"; };
		D7EC17B01B5EB1A80041F14A /* NSObject+IDPMixin.m */ = {isa = PBXFileReference; fileEncoding = 4; lastKnownFileType = sourcecode.c.objc; path = "NSObject+IDPMixin.m"; sourceTree = "<group>"; };
		D7EC17B11B5EB1A80041F14A /* NSObject+IDPMixinPrivate.h */ = {isa = PBXFileReference; fileEncoding = 4; lastKnownFileType = sourcecode.c.h; path = "NSObject+IDPMixinPrivate.h"; sourceTree = "<group>"; };
		D7EC17B21B5EB1A80041F14A /* NSObject+IDPMixinPrivate.m */ = {isa = PBXFileReference; fileEncoding = 4; lastKnownFileType = sourcecode.c.objc; path = "NSObject+IDPMixinPrivate.m"; sourceTree = "<group>"; };
		D7EC17B91B5EB1A80041F14A /* IDPMutableArray.h */ = {isa = PBXFileReference; fileEncoding = 4; lastKnownFileType = sourcecode.c.h; path = IDPMutableArray.h; sourceTree = "<group>"; };
		D7EC17BA1B5EB1A80041F14A /* IDPMutableArray.m */ = {isa = PBXFileReference; fileEncoding = 4; lastKnownFileType = sourcecode.c.objc; path = IDPMutableArray.m; sourceTree = "<group>"; };
		D7EC17BC1B5EB1A80041F14A /* IDPMutableDictionary.h */ = {isa = PBXFileReference; fileEncoding = 4; lastKnownFileType = sourcecode.c.h; path = IDPMutableDictionary.h; sourceTree = "<group>"; };
		D7EC17BD1B5EB1A80041F14A /* IDPMutableDictionary.m */ = {isa = PBXFileReference; fileEncoding = 4; lastKnownFileType = sourcecode.c.objc; path = IDPMutableDictionary.m; sourceTree = "<group>"; };
		D7EC17C21B5EB1A80041F14A /* IDPProxy.h */ = {isa = PBXFileReference; fileEncoding = 4; lastKnownFileType = sourcecode.c.h; path = IDPProxy.h; sourceTree = "<group>"; };
		D7EC17C31B5EB1A80041F14A /* IDPProxy.m */ = {isa = PBXFileReference; fileEncoding = 4; lastKnownFileType = sourcecode.c.objc; path = IDPProxy.m; sourceTree = "<group>"; };
		D7EC17C51B5EB1A80041F14A /* IDPCopyReference.h */ = {isa = PBXFileReference; fileEncoding = 4; lastKnownFileType = sourcecode.c.h; path = IDPCopyReference.h; sourceTree = "<group>"; };
		D7EC17C61B5EB1A80041F14A /* IDPCopyReference.m */ = {isa = PBXFileReference; fileEncoding = 4; lastKnownFileType = sourcecode.c.objc; path = IDPCopyReference.m; sourceTree = "<group>"; };
		D7EC17C71B5EB1A80041F14A /* IDPReference.h */ = {isa = PBXFileReference; fileEncoding = 4; lastKnownFileType = sourcecode.c.h; path = IDPReference.h; sourceTree = "<group>"; };
		D7EC17C81B5EB1A80041F14A /* IDPReference.m */ = {isa = PBXFileReference; fileEncoding = 4; lastKnownFileType = sourcecode.c.objc; path = IDPReference.m; sourceTree = "<group>"; };
		D7EC17C91B5EB1A80041F14A /* IDPStrongReference.h */ = {isa = PBXFileReference; fileEncoding = 4; lastKnownFileType = sourcecode.c.h; path = IDPStrongReference.h; sourceTree = "<group>"; };
		D7EC17CA1B5EB1A80041F14A /* IDPStrongReference.m */ = {isa = PBXFileReference; fileEncoding = 4; lastKnownFileType = sourcecode.c.objc; path = IDPStrongReference.m; sourceTree = "<group>"; };
		D7EC17CB1B5EB1A80041F14A /* IDPUnsafeReference.h */ = {isa = PBXFileReference; fileEncoding = 4; lastKnownFileType = sourcecode.c.h; path = IDPUnsafeReference.h; sourceTree = "<group>"; };
		D7EC17CC1B5EB1A80041F14A /* IDPUnsafeReference.m */ = {isa = PBXFileReference; fileEncoding = 4; lastKnownFileType = sourcecode.c.objc; path = IDPUnsafeReference.m; sourceTree = "<group>"; };
		D7EC17CD1B5EB1A80041F14A /* IDPWeakReference.h */ = {isa = PBXFileReference; fileEncoding = 4; lastKnownFileType = sourcecode.c.h; path = IDPWeakReference.h; sourceTree = "<group>"; };
		D7EC17CE1B5EB1A80041F14A /* IDPWeakReference.m */ = {isa = PBXFileReference; fileEncoding = 4; lastKnownFileType = sourcecode.c.objc; path = IDPWeakReference.m; sourceTree = "<group>"; };
		D7EC17D01B5EB1A80041F14A /* IDPRetainingDictionary.h */ = {isa = PBXFileReference; fileEncoding = 4; lastKnownFileType = sourcecode.c.h; path = IDPRetainingDictionary.h; sourceTree = "<group>"; };
		D7EC17D11B5EB1A80041F14A /* IDPRetainingDictionary.m */ = {isa = PBXFileReference; fileEncoding = 4; lastKnownFileType = sourcecode.c.objc; path = IDPRetainingDictionary.m; sourceTree = "<group>"; };
		D7EC17D31B5EB1A80041F14A /* IDPEnumerationThreadSafeProxy.h */ = {isa = PBXFileReference; fileEncoding = 4; lastKnownFileType = sourcecode.c.h; path = IDPEnumerationThreadSafeProxy.h; sourceTree = "<group>"; };
		D7EC17D41B5EB1A80041F14A /* IDPEnumerationThreadSafeProxy.m */ = {isa = PBXFileReference; fileEncoding = 4; lastKnownFileType = sourcecode.c.objc; path = IDPEnumerationThreadSafeProxy.m; sourceTree = "<group>"; };
		D7EC17D51B5EB1A80041F14A /* IDPThreadSafeProxy.h */ = {isa = PBXFileReference; fileEncoding = 4; lastKnownFileType = sourcecode.c.h; path = IDPThreadSafeProxy.h; sourceTree = "<group>"; };
		D7EC17D61B5EB1A80041F14A /* IDPThreadSafeProxy.m */ = {isa = PBXFileReference; fileEncoding = 4; lastKnownFileType = sourcecode.c.objc; path = IDPThreadSafeProxy.m; sourceTree = "<group>"; };
		D7EC17D81B5EB1A80041F14A /* IDPWeakArray.h */ = {isa = PBXFileReference; fileEncoding = 4; lastKnownFileType = sourcecode.c.h; path = IDPWeakArray.h; sourceTree = "<group>"; };
		D7EC17D91B5EB1A80041F14A /* IDPWeakArray.m */ = {isa = PBXFileReference; fileEncoding = 4; lastKnownFileType = sourcecode.c.objc; path = IDPWeakArray.m; sourceTree = "<group>"; };
		D7EC17DC1B5EB1A80041F14A /* IDPMachTimer.h */ = {isa = PBXFileReference; fileEncoding = 4; lastKnownFileType = sourcecode.c.h; path = IDPMachTimer.h; sourceTree = "<group>"; };
		D7EC17DD1B5EB1A80041F14A /* IDPMachTimer.m */ = {isa = PBXFileReference; fileEncoding = 4; lastKnownFileType = sourcecode.c.objc; path = IDPMachTimer.m; sourceTree = "<group>"; };
		D7EC17DF1B5EB1A80041F14A /* IDPMath.h */ = {isa = PBXFileReference; fileEncoding = 4; lastKnownFileType = sourcecode.c.h; path = IDPMath.h; sourceTree = "<group>"; };
		D7EC17E01B5EB1A80041F14A /* IDPMath.m */ = {isa = PBXFileReference; fileEncoding = 4; lastKnownFileType = sourcecode.c.objc; path = IDPMath.m; sourceTree = "<group>"; };
		D7EC17E21B5EB1A80041F14A /* IDPObjCRuntime.h */ = {isa = PBXFileReference; fileEncoding = 4; lastKnownFileType = sourcecode.c.h; path = IDPObjCRuntime.h; sourceTree = "<group>"; };
		D7EC17E31B5EB1A80041F14A /* IDPObjCRuntime.m */ = {isa = PBXFileReference; fileEncoding = 4; lastKnownFileType = sourcecode.c.objc; path = IDPObjCRuntime.m; sourceTree = "<group>"; };
		D7EC17E51B5EB1A80041F14A /* IDPTypes.h */ = {isa = PBXFileReference; fileEncoding = 4; lastKnownFileType = sourcecode.c.h; path = IDPTypes.h; sourceTree = "<group>"; };
		D7EC17E61B5EB1A80041F14A /* IDPTypes.m */ = {isa = PBXFileReference; fileEncoding = 4; lastKnownFileType = sourcecode.c.objc; path = IDPTypes.m; sourceTree = "<group>"; };
		D7EC17E71B5EB1A80041F14A /* IDPUtilityMacros.h */ = {isa = PBXFileReference; fileEncoding = 4; lastKnownFileType = sourcecode.c.h; path = IDPUtilityMacros.h; sourceTree = "<group>"; };
		D7EC180E1B5EB7A60041F14A /* iOSProject-prefix.pch */ = {isa = PBXFileReference; fileEncoding = 4; lastKnownFileType = sourcecode.c.h; path = "iOSProject-prefix.pch"; sourceTree = "<group>"; };
		D7EC18111B5EB9B60041F14A /* iOSProject.xcdatamodel */ = {isa = PBXFileReference; lastKnownFileType = wrapper.xcdatamodel; path = iOSProject.xcdatamodel; sourceTree = "<group>"; };
		D7EC181F1B5EC0C20041F14A /* DBUser.h */ = {isa = PBXFileReference; fileEncoding = 4; lastKnownFileType = sourcecode.c.h; path = DBUser.h; sourceTree = "<group>"; };
		D7EC18201B5EC0C20041F14A /* DBUser.m */ = {isa = PBXFileReference; fileEncoding = 4; lastKnownFileType = sourcecode.c.objc; path = DBUser.m; sourceTree = "<group>"; };
		D7EC18221B5EC0C30041F14A /* DBImage.h */ = {isa = PBXFileReference; fileEncoding = 4; lastKnownFileType = sourcecode.c.h; path = DBImage.h; sourceTree = "<group>"; };
		D7EC18231B5EC0C30041F14A /* DBImage.m */ = {isa = PBXFileReference; fileEncoding = 4; lastKnownFileType = sourcecode.c.objc; path = DBImage.m; sourceTree = "<group>"; };
		D7F4280B1B44555E0084322D /* IDPUserCellBackgroundImage.h */ = {isa = PBXFileReference; fileEncoding = 4; lastKnownFileType = sourcecode.c.h; path = IDPUserCellBackgroundImage.h; sourceTree = "<group>"; };
		D7F4280C1B44555E0084322D /* IDPUserCellBackgroundImage.m */ = {isa = PBXFileReference; fileEncoding = 4; lastKnownFileType = sourcecode.c.objc; path = IDPUserCellBackgroundImage.m; sourceTree = "<group>"; };
		D7FD49AC1B41BA6E0098FE6C /* IDPDrawingImageView.h */ = {isa = PBXFileReference; fileEncoding = 4; lastKnownFileType = sourcecode.c.h; path = IDPDrawingImageView.h; sourceTree = "<group>"; };
		D7FD49AD1B41BA6E0098FE6C /* IDPDrawingImageView.m */ = {isa = PBXFileReference; fileEncoding = 4; lastKnownFileType = sourcecode.c.objc; path = IDPDrawingImageView.m; sourceTree = "<group>"; };
/* End PBXFileReference section */

/* Begin PBXFrameworksBuildPhase section */
		D7E17BCD1B25FACD009773BB /* Frameworks */ = {
			isa = PBXFrameworksBuildPhase;
			buildActionMask = 2147483647;
			files = (
			);
			runOnlyForDeploymentPostprocessing = 0;
		};
		D7E17BE61B25FACD009773BB /* Frameworks */ = {
			isa = PBXFrameworksBuildPhase;
			buildActionMask = 2147483647;
			files = (
				608F711B63A028D0EF193D65 /* libPods-iOSProjectTests.a in Frameworks */,
			);
			runOnlyForDeploymentPostprocessing = 0;
		};
/* End PBXFrameworksBuildPhase section */

/* Begin PBXGroup section */
		600370707AF6FEFD6C95E5BA /* Frameworks */ = {
			isa = PBXGroup;
			children = (
				215A68B79D16D630EC172349 /* libPods-iOSProjectTests.a */,
			);
			name = Frameworks;
			sourceTree = "<group>";
		};
		D77D122B1B39D0C400BE4E9C /* IDPDisplayLink */ = {
			isa = PBXGroup;
			children = (
				D77D12321B39D76E00BE4E9C /* Private */,
				D77D122C1B39D0D600BE4E9C /* IDPDisplayLink.h */,
				D77D122D1B39D0D600BE4E9C /* IDPDisplayLink.m */,
				D77D122F1B39D33600BE4E9C /* IDPFrameInfo.h */,
				D77D12301B39D33600BE4E9C /* IDPFrameInfo.m */,
			);
			path = IDPDisplayLink;
			sourceTree = "<group>";
		};
		D77D12321B39D76E00BE4E9C /* Private */ = {
			isa = PBXGroup;
			children = (
				D77D12331B39D79800BE4E9C /* IDPDisplayLinkReference.h */,
				D77D12341B39D79800BE4E9C /* IDPDisplayLinkReference.m */,
			);
			path = Private;
			sourceTree = "<group>";
		};
		D7E0B8281B29ED2F0046EDBA /* Source */ = {
			isa = PBXGroup;
			children = (
				D7E0B8491B29EEA60046EDBA /* Library */,
				D7E0B82F1B29ED2F0046EDBA /* Models */,
				D7E0B8331B29ED2F0046EDBA /* UI */,
			);
			path = Source;
			sourceTree = "<group>";
		};
		D7E0B82F1B29ED2F0046EDBA /* Models */ = {
			isa = PBXGroup;
			children = (
				D7EC180F1B5EB9870041F14A /* Core Data */,
				D7E488421B308ACF00DC9045 /* IDPImageModel */,
				D7E0B8301B29ED2F0046EDBA /* IDPUser */,
			);
			path = Models;
			sourceTree = "<group>";
		};
		D7E0B8301B29ED2F0046EDBA /* IDPUser */ = {
			isa = PBXGroup;
			children = (
				D7E0B8311B29ED2F0046EDBA /* IDPUser.h */,
				D7E0B8321B29ED2F0046EDBA /* IDPUser.m */,
			);
			path = IDPUser;
			sourceTree = "<group>";
		};
		D7E0B8331B29ED2F0046EDBA /* UI */ = {
			isa = PBXGroup;
			children = (
				D7E39A271B31E020005C269F /* Views */,
				D7E0B8401B29EDD10046EDBA /* IDPUsersViewController */,
				D7E0B8341B29ED2F0046EDBA /* IDPUserViewController */,
			);
			path = UI;
			sourceTree = "<group>";
		};
		D7E0B8341B29ED2F0046EDBA /* IDPUserViewController */ = {
			isa = PBXGroup;
			children = (
				D7E0B8371B29ED2F0046EDBA /* IDPUserViewController.h */,
				D7E0B8381B29ED2F0046EDBA /* IDPUserViewController.m */,
				D7E0B8391B29ED2F0046EDBA /* IDPUserViewController.xib */,
				D7E0B8351B29ED2F0046EDBA /* IDPUserView.h */,
				D7E0B8361B29ED2F0046EDBA /* IDPUserView.m */,
			);
			path = IDPUserViewController;
			sourceTree = "<group>";
		};
		D7E0B8401B29EDD10046EDBA /* IDPUsersViewController */ = {
			isa = PBXGroup;
			children = (
				D7F4280A1B44551D0084322D /* Models */,
				D7E6A2E91B2F379B002E5407 /* Views */,
				D7E0B8411B29EDF60046EDBA /* IDPUsersViewController.h */,
				D7E0B8421B29EDF60046EDBA /* IDPUsersViewController.m */,
				D7E0B8431B29EDF60046EDBA /* IDPUsersViewController.xib */,
				D7E0B8461B29EE290046EDBA /* IDPUsersView.h */,
				D7E0B8471B29EE290046EDBA /* IDPUsersView.m */,
			);
			path = IDPUsersViewController;
			sourceTree = "<group>";
		};
		D7E0B8491B29EEA60046EDBA /* Library */ = {
			isa = PBXGroup;
			children = (
				D7EC176A1B5EB08B0041F14A /* IDPKit */,
				D7E6A2E41B2F34CF002E5407 /* Classes */,
				D7E0B84A1B29EEA60046EDBA /* Categories */,
				D7E0B8531B29EFDB0046EDBA /* IDPMacro.h */,
				D7E0B8561B29F0230046EDBA /* IDPMacro.m */,
				D7E39A361B31E5C6005C269F /* IDPCompilerMacro.h */,
				D7E39A371B31E5C6005C269F /* IDPCompilerMacro.m */,
			);
			path = Library;
			sourceTree = "<group>";
		};
		D7E0B84A1B29EEA60046EDBA /* Categories */ = {
			isa = PBXGroup;
			children = (
				D7E0B84B1B29EEA60046EDBA /* NSString+IDPExtensions */,
			);
			path = Categories;
			sourceTree = "<group>";
		};
		D7E0B84B1B29EEA60046EDBA /* NSString+IDPExtensions */ = {
			isa = PBXGroup;
			children = (
				D7E0B84C1B29EEA60046EDBA /* NSString+IDPExtensions.h */,
				D7E0B84D1B29EEA60046EDBA /* NSString+IDPExtensions.m */,
				D7E0B84E1B29EEA60046EDBA /* NSString+IDPRandomName.h */,
				D7E0B84F1B29EEA60046EDBA /* NSString+IDPRandomName.m */,
			);
			path = "NSString+IDPExtensions";
			sourceTree = "<group>";
		};
		D7E17BC71B25FACD009773BB = {
			isa = PBXGroup;
			children = (
				D7E0B8281B29ED2F0046EDBA /* Source */,
				D7E17C081B25FCCA009773BB /* Resources */,
				D7E17BFE1B25FCB5009773BB /* iOSProjectTests */,
				D7E17BF91B25FCAA009773BB /* iOSProject */,
				D7E17BD11B25FACD009773BB /* Products */,
				EE802584EC48D7EB0F244285 /* Pods */,
				600370707AF6FEFD6C95E5BA /* Frameworks */,
			);
			sourceTree = "<group>";
		};
		D7E17BD11B25FACD009773BB /* Products */ = {
			isa = PBXGroup;
			children = (
				D7E17BD01B25FACD009773BB /* iOSProject.app */,
				D7E17BE91B25FACD009773BB /* iOSProjectTests.xctest */,
			);
			name = Products;
			sourceTree = "<group>";
		};
		D7E17BF91B25FCAA009773BB /* iOSProject */ = {
			isa = PBXGroup;
			children = (
				D7E1E0981B274251000DC582 /* IDPAppDelegate.h */,
				D7E1E0991B274251000DC582 /* IDPAppDelegate.m */,
				D7E17BFA1B25FCAA009773BB /* Info.plist */,
				D7E17BFB1B25FCAA009773BB /* main.m */,
				D7EC180E1B5EB7A60041F14A /* iOSProject-prefix.pch */,
			);
			path = iOSProject;
			sourceTree = "<group>";
		};
		D7E17BFE1B25FCB5009773BB /* iOSProjectTests */ = {
			isa = PBXGroup;
			children = (
				D7E17C1C1B25FDA1009773BB /* Test Objects */,
				D7E17C181B25FD3C009773BB /* Specs */,
				D7E17BFF1B25FCB5009773BB /* Info.plist */,
			);
			path = iOSProjectTests;
			sourceTree = "<group>";
		};
		D7E17C081B25FCCA009773BB /* Resources */ = {
			isa = PBXGroup;
			children = (
				D7E6A2EF1B2F438C002E5407 /* Images */,
				D7E17C091B25FCCA009773BB /* LaunchScreen.xib */,
				D7E17C0D1B25FCCA009773BB /* Images.xcassets */,
			);
			path = Resources;
			sourceTree = "<group>";
		};
		D7E17C181B25FD3C009773BB /* Specs */ = {
			isa = PBXGroup;
			children = (
				D7E39A311B31E524005C269F /* UIViewSpec */,
				D7E17C201B25FF3F009773BB /* IDPARCSpec */,
			);
			path = Specs;
			sourceTree = "<group>";
		};
		D7E17C1C1B25FDA1009773BB /* Test Objects */ = {
			isa = PBXGroup;
			children = (
				D7E17C1D1B25FDB1009773BB /* IDPARCObject.h */,
				D7E17C1E1B25FDB1009773BB /* IDPARCObject.m */,
			);
			path = "Test Objects";
			sourceTree = "<group>";
		};
		D7E17C201B25FF3F009773BB /* IDPARCSpec */ = {
			isa = PBXGroup;
			children = (
				D7E17C211B25FF3F009773BB /* IDPARCSpec.m */,
			);
			path = IDPARCSpec;
			sourceTree = "<group>";
		};
		D7E39A271B31E020005C269F /* Views */ = {
			isa = PBXGroup;
			children = (
				D7E39A281B31E020005C269F /* IDPImageView */,
			);
			path = Views;
			sourceTree = "<group>";
		};
		D7E39A281B31E020005C269F /* IDPImageView */ = {
			isa = PBXGroup;
			children = (
				D7E717EF1B3B064200F8E9FD /* Private */,
				D7E39A291B31E063005C269F /* IDPImageView.h */,
				D7E39A2A1B31E063005C269F /* IDPImageView.m */,
				D70E0F301B3C6F620060F3C7 /* IDPStatefuImageView.h */,
				D70E0F311B3C6F620060F3C7 /* IDPStatefuImageView.m */,
				D7FD49AC1B41BA6E0098FE6C /* IDPDrawingImageView.h */,
				D7FD49AD1B41BA6E0098FE6C /* IDPDrawingImageView.m */,
			);
			path = IDPImageView;
			sourceTree = "<group>";
		};
		D7E39A311B31E524005C269F /* UIViewSpec */ = {
			isa = PBXGroup;
			children = (
				D768B0AD1B31F16E00C8698C /* IDPTestView.xib */,
				D7E39A331B31E524005C269F /* UIViewSpec.m */,
				D768B0AF1B31F1F100C8698C /* IDPTestView.h */,
				D768B0B01B31F1F100C8698C /* IDPTestView.m */,
			);
			path = UIViewSpec;
			sourceTree = "<group>";
		};
		D7E488421B308ACF00DC9045 /* IDPImageModel */ = {
			isa = PBXGroup;
			children = (
				D7E4885C1B30991800DC9045 /* Private */,
				D7E488431B308ACF00DC9045 /* IDPImageModel.h */,
				D7E488441B308ACF00DC9045 /* IDPImageModel.m */,
			);
			path = IDPImageModel;
			sourceTree = "<group>";
		};
		D7E488461B308DC700DC9045 /* IDPObservableObject */ = {
			isa = PBXGroup;
			children = (
				D7E488471B308DC700DC9045 /* IDPBlockObservationController.h */,
				D7E488481B308DC700DC9045 /* IDPBlockObservationController.m */,
				D7E488491B308DC700DC9045 /* IDPObservableObject.h */,
				D7E4884A1B308DC700DC9045 /* IDPObservableObject.m */,
				D7E4884B1B308DC700DC9045 /* IDPObservationController.h */,
				D7E4884C1B308DC700DC9045 /* IDPObservationController.m */,
				D7E488531B308DC700DC9045 /* Private */,
			);
			path = IDPObservableObject;
			sourceTree = "<group>";
		};
		D7E488531B308DC700DC9045 /* Private */ = {
			isa = PBXGroup;
			children = (
				D7E488541B308DC700DC9045 /* IDPObservableObject+IDPPrivate.h */,
				D7E488551B308DC700DC9045 /* IDPObservationController+IDPPrivate.h */,
			);
			path = Private;
			sourceTree = "<group>";
		};
		D7E4885C1B30991800DC9045 /* Private */ = {
			isa = PBXGroup;
			children = (
				D7E4885D1B30993400DC9045 /* IDPImageModelDispatcher.h */,
				D7E4885E1B30993400DC9045 /* IDPImageModelDispatcher.m */,
			);
			path = Private;
			sourceTree = "<group>";
		};
		D7E6A2E41B2F34CF002E5407 /* Classes */ = {
			isa = PBXGroup;
			children = (
				D77D122B1B39D0C400BE4E9C /* IDPDisplayLink */,
				D7E488461B308DC700DC9045 /* IDPObservableObject */,
				D7E6A2E51B2F358C002E5407 /* IDPTableViewCell */,
			);
			path = Classes;
			sourceTree = "<group>";
		};
		D7E6A2E51B2F358C002E5407 /* IDPTableViewCell */ = {
			isa = PBXGroup;
			children = (
				D7E6A2E61B2F35C9002E5407 /* IDPTableViewCell.h */,
				D7E6A2E71B2F35C9002E5407 /* IDPTableViewCell.m */,
			);
			path = IDPTableViewCell;
			sourceTree = "<group>";
		};
		D7E6A2E91B2F379B002E5407 /* Views */ = {
			isa = PBXGroup;
			children = (
				D7E6A2EA1B2F37B8002E5407 /* IDPUserCell.h */,
				D7E6A2EB1B2F37B8002E5407 /* IDPUserCell.m */,
				D7E6A2ED1B2F37DA002E5407 /* IDPUserCell.xib */,
			);
			path = Views;
			sourceTree = "<group>";
		};
		D7E6A2EF1B2F438C002E5407 /* Images */ = {
			isa = PBXGroup;
			children = (
				D7E6A2F01B2F438C002E5407 /* image.jpg */,
			);
			path = Images;
			sourceTree = "<group>";
		};
		D7E717EF1B3B064200F8E9FD /* Private */ = {
			isa = PBXGroup;
			children = (
				D7E717F31B3B0A9500F8E9FD /* IDPViewContentOperation.h */,
				D7E717F41B3B0A9500F8E9FD /* IDPViewContentOperation.m */,
				D7E717F61B3B1B6300F8E9FD /* IDPViewContentDispatcher.h */,
				D7E717F71B3B1B6300F8E9FD /* IDPViewContentDispatcher.m */,
				D7E717F91B3B207000F8E9FD /* IDPViewContentOperation+IDPImageView.h */,
				D7E717FA1B3B207000F8E9FD /* IDPViewContentOperation+IDPImageView.m */,
			);
			path = Private;
			sourceTree = "<group>";
		};
		D7EC176A1B5EB08B0041F14A /* IDPKit */ = {
			isa = PBXGroup;
			children = (
				D7EC177A1B5EB1A80041F14A /* FoundationKit */,
				D7EC176B1B5EB0960041F14A /* ActiveRecordKit */,
			);
			path = IDPKit;
			sourceTree = "<group>";
		};
		D7EC176B1B5EB0960041F14A /* ActiveRecordKit */ = {
			isa = PBXGroup;
			children = (
				D7EC176C1B5EB0960041F14A /* ActiveRecordKit.h */,
				D7EC176D1B5EB0960041F14A /* Shared */,
			);
			path = ActiveRecordKit;
			sourceTree = "<group>";
		};
		D7EC176D1B5EB0960041F14A /* Shared */ = {
			isa = PBXGroup;
			children = (
				D7EC176E1B5EB0960041F14A /* IDPCoreDataManager.h */,
				D7EC176F1B5EB0960041F14A /* IDPCoreDataManager.m */,
				D7EC17701B5EB0960041F14A /* NSManagedObject+IDPExtensions.h */,
				D7EC17711B5EB0960041F14A /* NSManagedObject+IDPExtensions.m */,
				D7EC17721B5EB0960041F14A /* NSManagedObjectContext+IDPExtensions.h */,
				D7EC17731B5EB0960041F14A /* NSManagedObjectContext+IDPExtensions.m */,
				D7EC17741B5EB0960041F14A /* NSManagedObjectID+IDPExtensions.h */,
				D7EC17751B5EB0960041F14A /* NSManagedObjectID+IDPExtensions.m */,
			);
			path = Shared;
			sourceTree = "<group>";
		};
		D7EC177A1B5EB1A80041F14A /* FoundationKit */ = {
			isa = PBXGroup;
			children = (
				D7EC177B1B5EB1A80041F14A /* FoundationKit.h */,
				D7EC177C1B5EB1A80041F14A /* Shared */,
			);
			path = FoundationKit;
			sourceTree = "<group>";
		};
		D7EC177C1B5EB1A80041F14A /* Shared */ = {
			isa = PBXGroup;
			children = (
				D7EC177D1B5EB1A80041F14A /* Categories */,
				D7EC179D1B5EB1A80041F14A /* Classes */,
				D7EC17DA1B5EB1A80041F14A /* Utilities */,
			);
			path = Shared;
			sourceTree = "<group>";
		};
		D7EC177D1B5EB1A80041F14A /* Categories */ = {
			isa = PBXGroup;
			children = (
				D7EC177E1B5EB1A80041F14A /* NSArray */,
				D7EC17811B5EB1A80041F14A /* NSDate */,
				D7EC17841B5EB1A80041F14A /* NSFileManager */,
				D7EC17871B5EB1A80041F14A /* NSObject */,
				D7EC17971B5EB1A80041F14A /* NSPathUtilities */,
				D7EC179A1B5EB1A80041F14A /* NSString */,
			);
			path = Categories;
			sourceTree = "<group>";
		};
		D7EC177E1B5EB1A80041F14A /* NSArray */ = {
			isa = PBXGroup;
			children = (
				D7EC177F1B5EB1A80041F14A /* NSArray+IDPExtensions.h */,
				D7EC17801B5EB1A80041F14A /* NSArray+IDPExtensions.m */,
			);
			path = NSArray;
			sourceTree = "<group>";
		};
		D7EC17811B5EB1A80041F14A /* NSDate */ = {
			isa = PBXGroup;
			children = (
				D7EC17821B5EB1A80041F14A /* NSDate+IDPExtensions.h */,
				D7EC17831B5EB1A80041F14A /* NSDate+IDPExtensions.m */,
			);
			path = NSDate;
			sourceTree = "<group>";
		};
		D7EC17841B5EB1A80041F14A /* NSFileManager */ = {
			isa = PBXGroup;
			children = (
				D7EC17851B5EB1A80041F14A /* NSFileManager+IDPExtensions.h */,
				D7EC17861B5EB1A80041F14A /* NSFileManager+IDPExtensions.m */,
			);
			path = NSFileManager;
			sourceTree = "<group>";
		};
		D7EC17871B5EB1A80041F14A /* NSObject */ = {
			isa = PBXGroup;
			children = (
				D7EC17881B5EB1A80041F14A /* IDPKVO */,
				D7EC17941B5EB1A80041F14A /* IDPRuntime */,
			);
			path = NSObject;
			sourceTree = "<group>";
		};
		D7EC17881B5EB1A80041F14A /* IDPKVO */ = {
			isa = PBXGroup;
			children = (
				D7EC17891B5EB1A80041F14A /* IDPKVONotification.h */,
				D7EC178A1B5EB1A80041F14A /* IDPKVONotification.m */,
				D7EC178B1B5EB1A80041F14A /* IDPKVOObject.h */,
				D7EC178C1B5EB1A80041F14A /* IDPKVOObject.m */,
				D7EC178D1B5EB1A80041F14A /* NSObject+IDPKVO.h */,
				D7EC178E1B5EB1A80041F14A /* NSObject+IDPKVO.m */,
				D7EC178F1B5EB1A80041F14A /* Private */,
			);
			path = IDPKVO;
			sourceTree = "<group>";
		};
		D7EC178F1B5EB1A80041F14A /* Private */ = {
			isa = PBXGroup;
			children = (
				D7EC17901B5EB1A80041F14A /* IDPSafeKVOContext.h */,
				D7EC17911B5EB1A80041F14A /* IDPSafeKVOContext.m */,
				D7EC17921B5EB1A80041F14A /* NSObject+IDPKVOPrivate.h */,
				D7EC17931B5EB1A80041F14A /* NSObject+IDPKVOPrivate.m */,
			);
			path = Private;
			sourceTree = "<group>";
		};
		D7EC17941B5EB1A80041F14A /* IDPRuntime */ = {
			isa = PBXGroup;
			children = (
				D7EC17951B5EB1A80041F14A /* NSObject+IDPRuntime.h */,
				D7EC17961B5EB1A80041F14A /* NSObject+IDPRuntime.m */,
			);
			path = IDPRuntime;
			sourceTree = "<group>";
		};
		D7EC17971B5EB1A80041F14A /* NSPathUtilities */ = {
			isa = PBXGroup;
			children = (
				D7EC17981B5EB1A80041F14A /* NSPathUtilities+IDPExtensions.h */,
				D7EC17991B5EB1A80041F14A /* NSPathUtilities+IDPExtensions.m */,
			);
			path = NSPathUtilities;
			sourceTree = "<group>";
		};
		D7EC179A1B5EB1A80041F14A /* NSString */ = {
			isa = PBXGroup;
			children = (
				D7EC179B1B5EB1A80041F14A /* NSString+IDPExtensions.h */,
				D7EC179C1B5EB1A80041F14A /* NSString+IDPExtensions.m */,
			);
			path = NSString;
			sourceTree = "<group>";
		};
		D7EC179D1B5EB1A80041F14A /* Classes */ = {
			isa = PBXGroup;
			children = (
				D7EC179E1B5EB1A80041F14A /* IDPDispatch */,
				D7EC17A11B5EB1A80041F14A /* IDPKVOMutableArray */,
				D7EC17A61B5EB1A80041F14A /* IDPMixin */,
				D7EC17B81B5EB1A80041F14A /* IDPMutableArray */,
				D7EC17BB1B5EB1A80041F14A /* IDPMutableDictionary */,
				D7EC17C11B5EB1A80041F14A /* IDPProxy */,
				D7EC17C41B5EB1A80041F14A /* IDPReference */,
				D7EC17CF1B5EB1A80041F14A /* IDPRetainingDictionary */,
				D7EC17D21B5EB1A80041F14A /* IDPThreadSafeProxy */,
				D7EC17D71B5EB1A80041F14A /* IDPWeakArray */,
			);
			path = Classes;
			sourceTree = "<group>";
		};
		D7EC179E1B5EB1A80041F14A /* IDPDispatch */ = {
			isa = PBXGroup;
			children = (
				D7EC179F1B5EB1A80041F14A /* IDPDispatch.h */,
				D7EC17A01B5EB1A80041F14A /* IDPDispatch.m */,
			);
			path = IDPDispatch;
			sourceTree = "<group>";
		};
		D7EC17A11B5EB1A80041F14A /* IDPKVOMutableArray */ = {
			isa = PBXGroup;
			children = (
				D7EC17A21B5EB1A80041F14A /* IDPKVOContext.h */,
				D7EC17A31B5EB1A80041F14A /* IDPKVOContext.m */,
				D7EC17A41B5EB1A80041F14A /* IDPKVOMutableArray.h */,
				D7EC17A51B5EB1A80041F14A /* IDPKVOMutableArray.m */,
			);
			path = IDPKVOMutableArray;
			sourceTree = "<group>";
		};
		D7EC17A61B5EB1A80041F14A /* IDPMixin */ = {
			isa = PBXGroup;
			children = (
				D7EC17A71B5EB1A80041F14A /* IDPMixinContext.h */,
				D7EC17A81B5EB1A80041F14A /* IDPMixinContext.m */,
				D7EC17A91B5EB1A80041F14A /* IDPMixinIMP.h */,
				D7EC17AA1B5EB1A80041F14A /* IDPMixinIMP.m */,
				D7EC17AB1B5EB1A80041F14A /* IDPMixinStack.h */,
				D7EC17AC1B5EB1A80041F14A /* IDPMixinStack.m */,
				D7EC17AF1B5EB1A80041F14A /* NSObject+IDPMixin.h */,
				D7EC17B01B5EB1A80041F14A /* NSObject+IDPMixin.m */,
				D7EC17B11B5EB1A80041F14A /* NSObject+IDPMixinPrivate.h */,
				D7EC17B21B5EB1A80041F14A /* NSObject+IDPMixinPrivate.m */,
			);
			path = IDPMixin;
			sourceTree = "<group>";
		};
		D7EC17B81B5EB1A80041F14A /* IDPMutableArray */ = {
			isa = PBXGroup;
			children = (
				D7EC17B91B5EB1A80041F14A /* IDPMutableArray.h */,
				D7EC17BA1B5EB1A80041F14A /* IDPMutableArray.m */,
			);
			path = IDPMutableArray;
			sourceTree = "<group>";
		};
		D7EC17BB1B5EB1A80041F14A /* IDPMutableDictionary */ = {
			isa = PBXGroup;
			children = (
				D7EC17BC1B5EB1A80041F14A /* IDPMutableDictionary.h */,
				D7EC17BD1B5EB1A80041F14A /* IDPMutableDictionary.m */,
			);
			path = IDPMutableDictionary;
			sourceTree = "<group>";
		};
		D7EC17C11B5EB1A80041F14A /* IDPProxy */ = {
			isa = PBXGroup;
			children = (
				D7EC17C21B5EB1A80041F14A /* IDPProxy.h */,
				D7EC17C31B5EB1A80041F14A /* IDPProxy.m */,
			);
			path = IDPProxy;
			sourceTree = "<group>";
		};
		D7EC17C41B5EB1A80041F14A /* IDPReference */ = {
			isa = PBXGroup;
			children = (
				D7EC17C51B5EB1A80041F14A /* IDPCopyReference.h */,
				D7EC17C61B5EB1A80041F14A /* IDPCopyReference.m */,
				D7EC17C71B5EB1A80041F14A /* IDPReference.h */,
				D7EC17C81B5EB1A80041F14A /* IDPReference.m */,
				D7EC17C91B5EB1A80041F14A /* IDPStrongReference.h */,
				D7EC17CA1B5EB1A80041F14A /* IDPStrongReference.m */,
				D7EC17CB1B5EB1A80041F14A /* IDPUnsafeReference.h */,
				D7EC17CC1B5EB1A80041F14A /* IDPUnsafeReference.m */,
				D7EC17CD1B5EB1A80041F14A /* IDPWeakReference.h */,
				D7EC17CE1B5EB1A80041F14A /* IDPWeakReference.m */,
			);
			path = IDPReference;
			sourceTree = "<group>";
		};
		D7EC17CF1B5EB1A80041F14A /* IDPRetainingDictionary */ = {
			isa = PBXGroup;
			children = (
				D7EC17D01B5EB1A80041F14A /* IDPRetainingDictionary.h */,
				D7EC17D11B5EB1A80041F14A /* IDPRetainingDictionary.m */,
			);
			path = IDPRetainingDictionary;
			sourceTree = "<group>";
		};
		D7EC17D21B5EB1A80041F14A /* IDPThreadSafeProxy */ = {
			isa = PBXGroup;
			children = (
				D7EC17D31B5EB1A80041F14A /* IDPEnumerationThreadSafeProxy.h */,
				D7EC17D41B5EB1A80041F14A /* IDPEnumerationThreadSafeProxy.m */,
				D7EC17D51B5EB1A80041F14A /* IDPThreadSafeProxy.h */,
				D7EC17D61B5EB1A80041F14A /* IDPThreadSafeProxy.m */,
			);
			path = IDPThreadSafeProxy;
			sourceTree = "<group>";
		};
		D7EC17D71B5EB1A80041F14A /* IDPWeakArray */ = {
			isa = PBXGroup;
			children = (
				D7EC17D81B5EB1A80041F14A /* IDPWeakArray.h */,
				D7EC17D91B5EB1A80041F14A /* IDPWeakArray.m */,
			);
			path = IDPWeakArray;
			sourceTree = "<group>";
		};
		D7EC17DA1B5EB1A80041F14A /* Utilities */ = {
			isa = PBXGroup;
			children = (
				D7EC17DB1B5EB1A80041F14A /* IDPMachTimer */,
				D7EC17DE1B5EB1A80041F14A /* IDPMath */,
				D7EC17E11B5EB1A80041F14A /* IDPObjCRuntime */,
				D7EC17E41B5EB1A80041F14A /* IDPTypes */,
				D7EC17E71B5EB1A80041F14A /* IDPUtilityMacros.h */,
			);
			path = Utilities;
			sourceTree = "<group>";
		};
		D7EC17DB1B5EB1A80041F14A /* IDPMachTimer */ = {
			isa = PBXGroup;
			children = (
				D7EC17DC1B5EB1A80041F14A /* IDPMachTimer.h */,
				D7EC17DD1B5EB1A80041F14A /* IDPMachTimer.m */,
			);
			path = IDPMachTimer;
			sourceTree = "<group>";
		};
		D7EC17DE1B5EB1A80041F14A /* IDPMath */ = {
			isa = PBXGroup;
			children = (
				D7EC17DF1B5EB1A80041F14A /* IDPMath.h */,
				D7EC17E01B5EB1A80041F14A /* IDPMath.m */,
			);
			path = IDPMath;
			sourceTree = "<group>";
		};
		D7EC17E11B5EB1A80041F14A /* IDPObjCRuntime */ = {
			isa = PBXGroup;
			children = (
				D7EC17E21B5EB1A80041F14A /* IDPObjCRuntime.h */,
				D7EC17E31B5EB1A80041F14A /* IDPObjCRuntime.m */,
			);
			path = IDPObjCRuntime;
			sourceTree = "<group>";
		};
		D7EC17E41B5EB1A80041F14A /* IDPTypes */ = {
			isa = PBXGroup;
			children = (
				D7EC17E51B5EB1A80041F14A /* IDPTypes.h */,
				D7EC17E61B5EB1A80041F14A /* IDPTypes.m */,
			);
			path = IDPTypes;
			sourceTree = "<group>";
		};
		D7EC180F1B5EB9870041F14A /* Core Data */ = {
			isa = PBXGroup;
			children = (
				D7EC18101B5EB9B60041F14A /* iOSProject.xcdatamodeld */,
				D7EC18221B5EC0C30041F14A /* DBImage.h */,
				D7EC18231B5EC0C30041F14A /* DBImage.m */,
				D7EC181F1B5EC0C20041F14A /* DBUser.h */,
				D7EC18201B5EC0C20041F14A /* DBUser.m */,
			);
			path = "Core Data";
			sourceTree = "<group>";
		};
		D7F4280A1B44551D0084322D /* Models */ = {
			isa = PBXGroup;
			children = (
				D7F4280B1B44555E0084322D /* IDPUserCellBackgroundImage.h */,
				D7F4280C1B44555E0084322D /* IDPUserCellBackgroundImage.m */,
			);
			path = Models;
			sourceTree = "<group>";
		};
		EE802584EC48D7EB0F244285 /* Pods */ = {
			isa = PBXGroup;
			children = (
				C208A979779DDE06A581FFA2 /* Pods-iOSProjectTests.debug.xcconfig */,
				4663880D419D8234376BCC9E /* Pods-iOSProjectTests.release.xcconfig */,
			);
			name = Pods;
			sourceTree = "<group>";
		};
/* End PBXGroup section */

/* Begin PBXNativeTarget section */
		D7E17BCF1B25FACD009773BB /* iOSProject */ = {
			isa = PBXNativeTarget;
			buildConfigurationList = D7E17BF31B25FACD009773BB /* Build configuration list for PBXNativeTarget "iOSProject" */;
			buildPhases = (
				D7E17BCC1B25FACD009773BB /* Sources */,
				D7E17BCD1B25FACD009773BB /* Frameworks */,
				D7E17BCE1B25FACD009773BB /* Resources */,
			);
			buildRules = (
			);
			dependencies = (
			);
			name = iOSProject;
			productName = iOSProject;
			productReference = D7E17BD01B25FACD009773BB /* iOSProject.app */;
			productType = "com.apple.product-type.application";
		};
		D7E17BE81B25FACD009773BB /* iOSProjectTests */ = {
			isa = PBXNativeTarget;
			buildConfigurationList = D7E17BF61B25FACD009773BB /* Build configuration list for PBXNativeTarget "iOSProjectTests" */;
			buildPhases = (
				44D33EF4DAB41B1F7CE80607 /* Check Pods Manifest.lock */,
				D7E17BE51B25FACD009773BB /* Sources */,
				D7E17BE61B25FACD009773BB /* Frameworks */,
				D7E17BE71B25FACD009773BB /* Resources */,
				F126CA791D894A63E7A8C99D /* Copy Pods Resources */,
			);
			buildRules = (
			);
			dependencies = (
				D7E17BEB1B25FACD009773BB /* PBXTargetDependency */,
			);
			name = iOSProjectTests;
			productName = iOSProjectTests;
			productReference = D7E17BE91B25FACD009773BB /* iOSProjectTests.xctest */;
			productType = "com.apple.product-type.bundle.unit-test";
		};
/* End PBXNativeTarget section */

/* Begin PBXProject section */
		D7E17BC81B25FACD009773BB /* Project object */ = {
			isa = PBXProject;
			attributes = {
				CLASSPREFIX = IDP;
				LastUpgradeCheck = 0630;
				ORGANIZATIONNAME = "Oleksa Korin";
				TargetAttributes = {
					D7E17BCF1B25FACD009773BB = {
						CreatedOnToolsVersion = 6.3.1;
					};
					D7E17BE81B25FACD009773BB = {
						CreatedOnToolsVersion = 6.3.1;
						TestTargetID = D7E17BCF1B25FACD009773BB;
					};
				};
			};
			buildConfigurationList = D7E17BCB1B25FACD009773BB /* Build configuration list for PBXProject "iOSProject" */;
			compatibilityVersion = "Xcode 3.2";
			developmentRegion = English;
			hasScannedForEncodings = 0;
			knownRegions = (
				en,
				Base,
			);
			mainGroup = D7E17BC71B25FACD009773BB;
			productRefGroup = D7E17BD11B25FACD009773BB /* Products */;
			projectDirPath = "";
			projectRoot = "";
			targets = (
				D7E17BCF1B25FACD009773BB /* iOSProject */,
				D7E17BE81B25FACD009773BB /* iOSProjectTests */,
			);
		};
/* End PBXProject section */

/* Begin PBXResourcesBuildPhase section */
		D7E17BCE1B25FACD009773BB /* Resources */ = {
			isa = PBXResourcesBuildPhase;
			buildActionMask = 2147483647;
			files = (
				D7E17C121B25FCCA009773BB /* LaunchScreen.xib in Resources */,
				D7E0B8451B29EDF60046EDBA /* IDPUsersViewController.xib in Resources */,
				D7E6A2EE1B2F37DA002E5407 /* IDPUserCell.xib in Resources */,
				D7E17C161B25FCCA009773BB /* Images.xcassets in Resources */,
				D7E0B83F1B29ED2F0046EDBA /* IDPUserViewController.xib in Resources */,
				D7E6A2F11B2F438C002E5407 /* image.jpg in Resources */,
			);
			runOnlyForDeploymentPostprocessing = 0;
		};
		D7E17BE71B25FACD009773BB /* Resources */ = {
			isa = PBXResourcesBuildPhase;
			buildActionMask = 2147483647;
			files = (
				D7E17C171B25FCCA009773BB /* Images.xcassets in Resources */,
				D7E17C131B25FCCA009773BB /* LaunchScreen.xib in Resources */,
				D768B0AE1B31F16E00C8698C /* IDPTestView.xib in Resources */,
			);
			runOnlyForDeploymentPostprocessing = 0;
		};
/* End PBXResourcesBuildPhase section */

/* Begin PBXShellScriptBuildPhase section */
		44D33EF4DAB41B1F7CE80607 /* Check Pods Manifest.lock */ = {
			isa = PBXShellScriptBuildPhase;
			buildActionMask = 2147483647;
			files = (
			);
			inputPaths = (
			);
			name = "Check Pods Manifest.lock";
			outputPaths = (
			);
			runOnlyForDeploymentPostprocessing = 0;
			shellPath = /bin/sh;
			shellScript = "diff \"${PODS_ROOT}/../Podfile.lock\" \"${PODS_ROOT}/Manifest.lock\" > /dev/null\nif [[ $? != 0 ]] ; then\n    cat << EOM\nerror: The sandbox is not in sync with the Podfile.lock. Run 'pod install' or update your CocoaPods installation.\nEOM\n    exit 1\nfi\n";
			showEnvVarsInLog = 0;
		};
		F126CA791D894A63E7A8C99D /* Copy Pods Resources */ = {
			isa = PBXShellScriptBuildPhase;
			buildActionMask = 2147483647;
			files = (
			);
			inputPaths = (
			);
			name = "Copy Pods Resources";
			outputPaths = (
			);
			runOnlyForDeploymentPostprocessing = 0;
			shellPath = /bin/sh;
			shellScript = "\"${SRCROOT}/Pods/Target Support Files/Pods-iOSProjectTests/Pods-iOSProjectTests-resources.sh\"\n";
			showEnvVarsInLog = 0;
		};
/* End PBXShellScriptBuildPhase section */

/* Begin PBXSourcesBuildPhase section */
		D7E17BCC1B25FACD009773BB /* Sources */ = {
			isa = PBXSourcesBuildPhase;
			buildActionMask = 2147483647;
			files = (
				D7EC180A1B5EB1A80041F14A /* IDPMachTimer.m in Sources */,
				D7E4885F1B30993400DC9045 /* IDPImageModelDispatcher.m in Sources */,
				D7EC180C1B5EB1A80041F14A /* IDPObjCRuntime.m in Sources */,
				D7EC18021B5EB1A80041F14A /* IDPReference.m in Sources */,
				D7E488561B308DC700DC9045 /* IDPBlockObservationController.m in Sources */,
				D7EC18061B5EB1A80041F14A /* IDPRetainingDictionary.m in Sources */,
				D7EC17F81B5EB1A80041F14A /* IDPMixinStack.m in Sources */,
				D7EC18081B5EB1A80041F14A /* IDPThreadSafeProxy.m in Sources */,
				D7EC17EF1B5EB1A80041F14A /* NSObject+IDPKVOPrivate.m in Sources */,
				D7EC180B1B5EB1A80041F14A /* IDPMath.m in Sources */,
				D77D122E1B39D0D600BE4E9C /* IDPDisplayLink.m in Sources */,
				D7EC17F01B5EB1A80041F14A /* NSObject+IDPRuntime.m in Sources */,
				D7E0B8511B29EEA60046EDBA /* NSString+IDPRandomName.m in Sources */,
				D7EC17EA1B5EB1A80041F14A /* NSFileManager+IDPExtensions.m in Sources */,
				D7EC17F11B5EB1A80041F14A /* NSPathUtilities+IDPExtensions.m in Sources */,
				D77D12351B39D79800BE4E9C /* IDPDisplayLinkReference.m in Sources */,
				D7EC17F21B5EB1A80041F14A /* NSString+IDPExtensions.m in Sources */,
				D7E488581B308DC700DC9045 /* IDPObservationController.m in Sources */,
				D7E488451B308ACF00DC9045 /* IDPImageModel.m in Sources */,
				D7E0B8441B29EDF60046EDBA /* IDPUsersViewController.m in Sources */,
				D7EC17F71B5EB1A80041F14A /* IDPMixinIMP.m in Sources */,
				D7E0B8571B29F0230046EDBA /* IDPMacro.m in Sources */,
				D7E488571B308DC700DC9045 /* IDPObservableObject.m in Sources */,
				D7EC17E81B5EB1A80041F14A /* NSArray+IDPExtensions.m in Sources */,
				D7EC18071B5EB1A80041F14A /* IDPEnumerationThreadSafeProxy.m in Sources */,
				D7EC17761B5EB0960041F14A /* IDPCoreDataManager.m in Sources */,
				D7EC17FB1B5EB1A80041F14A /* NSObject+IDPMixinPrivate.m in Sources */,
				D77D12311B39D33600BE4E9C /* IDPFrameInfo.m in Sources */,
				D7E717FB1B3B207000F8E9FD /* IDPViewContentOperation+IDPImageView.m in Sources */,
				D7EC17FE1B5EB1A80041F14A /* IDPMutableDictionary.m in Sources */,
				D7EC18091B5EB1A80041F14A /* IDPWeakArray.m in Sources */,
				D7E0B83D1B29ED2F0046EDBA /* IDPUserView.m in Sources */,
				D7EC18211B5EC0C20041F14A /* DBUser.m in Sources */,
				D7EC17F41B5EB1A80041F14A /* IDPKVOContext.m in Sources */,
				D7EC17F61B5EB1A80041F14A /* IDPMixinContext.m in Sources */,
				D7EC17FA1B5EB1A80041F14A /* NSObject+IDPMixin.m in Sources */,
				D7EC17ED1B5EB1A80041F14A /* NSObject+IDPKVO.m in Sources */,
				D7E717F81B3B1B6300F8E9FD /* IDPViewContentDispatcher.m in Sources */,
				D7EC17FD1B5EB1A80041F14A /* IDPMutableArray.m in Sources */,
				D7E6A2EC1B2F37B8002E5407 /* IDPUserCell.m in Sources */,
				D7E39A2B1B31E063005C269F /* IDPImageView.m in Sources */,
				D7EC18011B5EB1A80041F14A /* IDPCopyReference.m in Sources */,
				D7EC17791B5EB0960041F14A /* NSManagedObjectID+IDPExtensions.m in Sources */,
				D7E0B8501B29EEA60046EDBA /* NSString+IDPExtensions.m in Sources */,
				D7EC18001B5EB1A80041F14A /* IDPProxy.m in Sources */,
				D7E0B83E1B29ED2F0046EDBA /* IDPUserViewController.m in Sources */,
				D70E0F321B3C6F620060F3C7 /* IDPStatefuImageView.m in Sources */,
				D7EC180D1B5EB1A80041F14A /* IDPTypes.m in Sources */,
				D7EC17F31B5EB1A80041F14A /* IDPDispatch.m in Sources */,
				D7E0B83C1B29ED2F0046EDBA /* IDPUser.m in Sources */,
				D7E6A2E81B2F35C9002E5407 /* IDPTableViewCell.m in Sources */,
				D7EC17EC1B5EB1A80041F14A /* IDPKVOObject.m in Sources */,
				D7EC18041B5EB1A80041F14A /* IDPUnsafeReference.m in Sources */,
				D7EC18031B5EB1A80041F14A /* IDPStrongReference.m in Sources */,
				D7E0B8481B29EE290046EDBA /* IDPUsersView.m in Sources */,
				D7EC17781B5EB0960041F14A /* NSManagedObjectContext+IDPExtensions.m in Sources */,
				D7EC18121B5EB9B60041F14A /* iOSProject.xcdatamodeld in Sources */,
				D7EC17E91B5EB1A80041F14A /* NSDate+IDPExtensions.m in Sources */,
				D7EC17F51B5EB1A80041F14A /* IDPKVOMutableArray.m in Sources */,
				D7E717F51B3B0A9500F8E9FD /* IDPViewContentOperation.m in Sources */,
				D7EC18241B5EC0C30041F14A /* DBImage.m in Sources */,
				D7FD49AE1B41BA6E0098FE6C /* IDPDrawingImageView.m in Sources */,
				D7F4280D1B44555E0084322D /* IDPUserCellBackgroundImage.m in Sources */,
				D7E17BFD1B25FCAA009773BB /* main.m in Sources */,
				D7EC17EB1B5EB1A80041F14A /* IDPKVONotification.m in Sources */,
				D7EC17771B5EB0960041F14A /* NSManagedObject+IDPExtensions.m in Sources */,
				D7E1E09A1B274251000DC582 /* IDPAppDelegate.m in Sources */,
				D7EC17EE1B5EB1A80041F14A /* IDPSafeKVOContext.m in Sources */,
				D7EC18051B5EB1A80041F14A /* IDPWeakReference.m in Sources */,
			);
			runOnlyForDeploymentPostprocessing = 0;
		};
		D7E17BE51B25FACD009773BB /* Sources */ = {
			isa = PBXSourcesBuildPhase;
			buildActionMask = 2147483647;
			files = (
				D7E17C221B25FF3F009773BB /* IDPARCSpec.m in Sources */,
				D7E17C1F1B25FDB1009773BB /* IDPARCObject.m in Sources */,
				D7E39A381B31E5C6005C269F /* IDPCompilerMacro.m in Sources */,
				D7E39A351B31E524005C269F /* UIViewSpec.m in Sources */,
				D768B0B11B31F1F100C8698C /* IDPTestView.m in Sources */,
			);
			runOnlyForDeploymentPostprocessing = 0;
		};
/* End PBXSourcesBuildPhase section */

/* Begin PBXTargetDependency section */
		D7E17BEB1B25FACD009773BB /* PBXTargetDependency */ = {
			isa = PBXTargetDependency;
			target = D7E17BCF1B25FACD009773BB /* iOSProject */;
			targetProxy = D7E17BEA1B25FACD009773BB /* PBXContainerItemProxy */;
		};
/* End PBXTargetDependency section */

/* Begin PBXVariantGroup section */
		D7E17C091B25FCCA009773BB /* LaunchScreen.xib */ = {
			isa = PBXVariantGroup;
			children = (
				D7E17C0A1B25FCCA009773BB /* Base */,
			);
			name = LaunchScreen.xib;
			sourceTree = "<group>";
		};
/* End PBXVariantGroup section */

/* Begin XCBuildConfiguration section */
		D7E17BF11B25FACD009773BB /* Debug */ = {
			isa = XCBuildConfiguration;
			buildSettings = {
				ALWAYS_SEARCH_USER_PATHS = NO;
				CLANG_CXX_LANGUAGE_STANDARD = "gnu++0x";
				CLANG_CXX_LIBRARY = "libc++";
				CLANG_ENABLE_MODULES = YES;
				CLANG_ENABLE_OBJC_ARC = YES;
				CLANG_WARN_BOOL_CONVERSION = YES;
				CLANG_WARN_CONSTANT_CONVERSION = YES;
				CLANG_WARN_DIRECT_OBJC_ISA_USAGE = YES_ERROR;
				CLANG_WARN_EMPTY_BODY = YES;
				CLANG_WARN_ENUM_CONVERSION = YES;
				CLANG_WARN_INT_CONVERSION = YES;
				CLANG_WARN_OBJC_ROOT_CLASS = YES_ERROR;
				CLANG_WARN_UNREACHABLE_CODE = YES;
				CLANG_WARN__DUPLICATE_METHOD_MATCH = YES;
				"CODE_SIGN_IDENTITY[sdk=iphoneos*]" = "iPhone Developer";
				COPY_PHASE_STRIP = NO;
				DEBUG_INFORMATION_FORMAT = "dwarf-with-dsym";
				ENABLE_STRICT_OBJC_MSGSEND = YES;
				GCC_C_LANGUAGE_STANDARD = gnu99;
				GCC_DYNAMIC_NO_PIC = NO;
				GCC_NO_COMMON_BLOCKS = YES;
				GCC_OPTIMIZATION_LEVEL = 0;
				GCC_PREPROCESSOR_DEFINITIONS = (
					"DEBUG=1",
					"$(inherited)",
				);
				GCC_SYMBOLS_PRIVATE_EXTERN = NO;
				GCC_WARN_64_TO_32_BIT_CONVERSION = YES;
				GCC_WARN_ABOUT_RETURN_TYPE = YES_ERROR;
				GCC_WARN_UNDECLARED_SELECTOR = YES;
				GCC_WARN_UNINITIALIZED_AUTOS = YES_AGGRESSIVE;
				GCC_WARN_UNUSED_FUNCTION = YES;
				GCC_WARN_UNUSED_VARIABLE = YES;
				IPHONEOS_DEPLOYMENT_TARGET = 8.3;
				MTL_ENABLE_DEBUG_INFO = YES;
				ONLY_ACTIVE_ARCH = YES;
				SDKROOT = iphoneos;
			};
			name = Debug;
		};
		D7E17BF21B25FACD009773BB /* Release */ = {
			isa = XCBuildConfiguration;
			buildSettings = {
				ALWAYS_SEARCH_USER_PATHS = NO;
				CLANG_CXX_LANGUAGE_STANDARD = "gnu++0x";
				CLANG_CXX_LIBRARY = "libc++";
				CLANG_ENABLE_MODULES = YES;
				CLANG_ENABLE_OBJC_ARC = YES;
				CLANG_WARN_BOOL_CONVERSION = YES;
				CLANG_WARN_CONSTANT_CONVERSION = YES;
				CLANG_WARN_DIRECT_OBJC_ISA_USAGE = YES_ERROR;
				CLANG_WARN_EMPTY_BODY = YES;
				CLANG_WARN_ENUM_CONVERSION = YES;
				CLANG_WARN_INT_CONVERSION = YES;
				CLANG_WARN_OBJC_ROOT_CLASS = YES_ERROR;
				CLANG_WARN_UNREACHABLE_CODE = YES;
				CLANG_WARN__DUPLICATE_METHOD_MATCH = YES;
				"CODE_SIGN_IDENTITY[sdk=iphoneos*]" = "iPhone Developer";
				COPY_PHASE_STRIP = NO;
				DEBUG_INFORMATION_FORMAT = "dwarf-with-dsym";
				ENABLE_NS_ASSERTIONS = NO;
				ENABLE_STRICT_OBJC_MSGSEND = YES;
				GCC_C_LANGUAGE_STANDARD = gnu99;
				GCC_NO_COMMON_BLOCKS = YES;
				GCC_WARN_64_TO_32_BIT_CONVERSION = YES;
				GCC_WARN_ABOUT_RETURN_TYPE = YES_ERROR;
				GCC_WARN_UNDECLARED_SELECTOR = YES;
				GCC_WARN_UNINITIALIZED_AUTOS = YES_AGGRESSIVE;
				GCC_WARN_UNUSED_FUNCTION = YES;
				GCC_WARN_UNUSED_VARIABLE = YES;
				IPHONEOS_DEPLOYMENT_TARGET = 8.3;
				MTL_ENABLE_DEBUG_INFO = NO;
				SDKROOT = iphoneos;
				VALIDATE_PRODUCT = YES;
			};
			name = Release;
		};
		D7E17BF41B25FACD009773BB /* Debug */ = {
			isa = XCBuildConfiguration;
			buildSettings = {
				ASSETCATALOG_COMPILER_APPICON_NAME = AppIcon;
				GCC_PREFIX_HEADER = "iOSProject/iOSProject-prefix.pch";
				GCC_WARN_SHADOW = YES;
				INFOPLIST_FILE = iOSProject/Info.plist;
				LD_RUNPATH_SEARCH_PATHS = "$(inherited) @executable_path/Frameworks";
				PRODUCT_NAME = "$(TARGET_NAME)";
			};
			name = Debug;
		};
		D7E17BF51B25FACD009773BB /* Release */ = {
			isa = XCBuildConfiguration;
			buildSettings = {
				ASSETCATALOG_COMPILER_APPICON_NAME = AppIcon;
				GCC_PREFIX_HEADER = "iOSProject/iOSProject-prefix.pch";
				GCC_WARN_SHADOW = YES;
				INFOPLIST_FILE = iOSProject/Info.plist;
				LD_RUNPATH_SEARCH_PATHS = "$(inherited) @executable_path/Frameworks";
				PRODUCT_NAME = "$(TARGET_NAME)";
			};
			name = Release;
		};
		D7E17BF71B25FACD009773BB /* Debug */ = {
			isa = XCBuildConfiguration;
			baseConfigurationReference = C208A979779DDE06A581FFA2 /* Pods-iOSProjectTests.debug.xcconfig */;
			buildSettings = {
				BUNDLE_LOADER = "$(TEST_HOST)";
				FRAMEWORK_SEARCH_PATHS = (
					"$(SDKROOT)/Developer/Library/Frameworks",
					"$(inherited)",
				);
				GCC_PREPROCESSOR_DEFINITIONS = (
					"DEBUG=1",
					"$(inherited)",
				);
				INFOPLIST_FILE = iOSProjectTests/Info.plist;
				LD_RUNPATH_SEARCH_PATHS = "$(inherited) @executable_path/Frameworks @loader_path/Frameworks";
				PRODUCT_NAME = "$(TARGET_NAME)";
				TEST_HOST = "$(BUILT_PRODUCTS_DIR)/iOSProject.app/iOSProject";
			};
			name = Debug;
		};
		D7E17BF81B25FACD009773BB /* Release */ = {
			isa = XCBuildConfiguration;
			baseConfigurationReference = 4663880D419D8234376BCC9E /* Pods-iOSProjectTests.release.xcconfig */;
			buildSettings = {
				BUNDLE_LOADER = "$(TEST_HOST)";
				FRAMEWORK_SEARCH_PATHS = (
					"$(SDKROOT)/Developer/Library/Frameworks",
					"$(inherited)",
				);
				INFOPLIST_FILE = iOSProjectTests/Info.plist;
				LD_RUNPATH_SEARCH_PATHS = "$(inherited) @executable_path/Frameworks @loader_path/Frameworks";
				PRODUCT_NAME = "$(TARGET_NAME)";
				TEST_HOST = "$(BUILT_PRODUCTS_DIR)/iOSProject.app/iOSProject";
			};
			name = Release;
		};
/* End XCBuildConfiguration section */

/* Begin XCConfigurationList section */
		D7E17BCB1B25FACD009773BB /* Build configuration list for PBXProject "iOSProject" */ = {
			isa = XCConfigurationList;
			buildConfigurations = (
				D7E17BF11B25FACD009773BB /* Debug */,
				D7E17BF21B25FACD009773BB /* Release */,
			);
			defaultConfigurationIsVisible = 0;
			defaultConfigurationName = Release;
		};
		D7E17BF31B25FACD009773BB /* Build configuration list for PBXNativeTarget "iOSProject" */ = {
			isa = XCConfigurationList;
			buildConfigurations = (
				D7E17BF41B25FACD009773BB /* Debug */,
				D7E17BF51B25FACD009773BB /* Release */,
			);
			defaultConfigurationIsVisible = 0;
			defaultConfigurationName = Release;
		};
		D7E17BF61B25FACD009773BB /* Build configuration list for PBXNativeTarget "iOSProjectTests" */ = {
			isa = XCConfigurationList;
			buildConfigurations = (
				D7E17BF71B25FACD009773BB /* Debug */,
				D7E17BF81B25FACD009773BB /* Release */,
			);
			defaultConfigurationIsVisible = 0;
			defaultConfigurationName = Release;
		};
/* End XCConfigurationList section */

/* Begin XCVersionGroup section */
		D7EC18101B5EB9B60041F14A /* iOSProject.xcdatamodeld */ = {
			isa = XCVersionGroup;
			children = (
				D7EC18111B5EB9B60041F14A /* iOSProject.xcdatamodel */,
			);
			currentVersion = D7EC18111B5EB9B60041F14A /* iOSProject.xcdatamodel */;
			path = iOSProject.xcdatamodeld;
			sourceTree = "<group>";
			versionGroupType = wrapper.xcdatamodel;
		};
/* End XCVersionGroup section */
	};
	rootObject = D7E17BC81B25FACD009773BB /* Project object */;
}
